{
  "version": 4,
  "terraform_version": "1.12.2",
  "serial": 12,
  "lineage": "6675e915-f3a6-cc52-a089-639f57176202",
  "outputs": {
    "connect_ssh": {
      "value": "ssh -i ./id_delivery-app ubuntu@13.125.48.166",
      "type": "string"
    },
    "domain_fqdn": {
      "value": "",
      "type": "string"
    },
    "ec2_public_ip": {
      "value": "13.125.48.166",
      "type": "string"
    },
    "ssh_private_key_path": {
      "value": "./id_delivery-app",
      "type": "string"
    },
    "ssh_user": {
      "value": "ubuntu",
      "type": "string"
    }
  },
  "resources": [
    {
      "mode": "data",
      "type": "aws_ami",
      "name": "ubuntu",
      "provider": "provider[\"registry.terraform.io/hashicorp/aws\"]",
      "instances": [
        {
          "schema_version": 0,
          "attributes": {
            "architecture": "x86_64",
            "arn": "arn:aws:ec2:ap-northeast-2::image/ami-0a71e3eb8b23101ed",
            "block_device_mappings": [
              {
                "device_name": "/dev/sda1",
                "ebs": {
                  "delete_on_termination": "true",
                  "encrypted": "false",
                  "iops": "0",
                  "snapshot_id": "snap-0aa098f3678e6f148",
                  "throughput": "0",
                  "volume_initialization_rate": "0",
                  "volume_size": "8",
                  "volume_type": "gp3"
                },
                "no_device": "",
                "virtual_name": ""
              },
              {
                "device_name": "/dev/sdb",
                "ebs": {},
                "no_device": "",
                "virtual_name": "ephemeral0"
              },
              {
                "device_name": "/dev/sdc",
                "ebs": {},
                "no_device": "",
                "virtual_name": "ephemeral1"
              }
            ],
            "boot_mode": "uefi-preferred",
            "creation_date": "2025-10-22T10:50:08.000Z",
            "deprecation_time": "2027-10-22T10:50:08.000Z",
            "description": "Canonical, Ubuntu, 24.04, amd64 noble image",
            "ena_support": true,
            "executable_users": null,
            "filter": [
              {
                "name": "name",
                "values": [
                  "ubuntu/images/hvm-ssd-gp3/ubuntu-noble-24.04-amd64-server-*"
                ]
              }
            ],
            "hypervisor": "xen",
            "id": "ami-0a71e3eb8b23101ed",
            "image_id": "ami-0a71e3eb8b23101ed",
            "image_location": "amazon/ubuntu/images/hvm-ssd-gp3/ubuntu-noble-24.04-amd64-server-20251022",
            "image_owner_alias": "amazon",
            "image_type": "machine",
            "imds_support": "v2.0",
            "include_deprecated": false,
            "kernel_id": "",
            "last_launched_time": "",
            "most_recent": true,
            "name": "ubuntu/images/hvm-ssd-gp3/ubuntu-noble-24.04-amd64-server-20251022",
            "name_regex": null,
            "owner_id": "099720109477",
            "owners": [
              "099720109477"
            ],
            "platform": "",
            "platform_details": "Linux/UNIX",
            "product_codes": [],
            "public": true,
            "ramdisk_id": "",
            "root_device_name": "/dev/sda1",
            "root_device_type": "ebs",
            "root_snapshot_id": "snap-0aa098f3678e6f148",
            "sriov_net_support": "simple",
            "state": "available",
            "state_reason": {
              "code": "UNSET",
              "message": "UNSET"
            },
            "tags": {},
            "timeouts": null,
            "tpm_support": "",
            "uefi_data": null,
            "usage_operation": "RunInstances",
            "virtualization_type": "hvm"
          },
          "sensitive_attributes": [],
          "identity_schema_version": 0
        }
      ]
    },
    {
      "mode": "data",
      "type": "aws_availability_zones",
      "name": "available",
      "provider": "provider[\"registry.terraform.io/hashicorp/aws\"]",
      "instances": [
        {
          "schema_version": 0,
          "attributes": {
            "all_availability_zones": null,
            "exclude_names": null,
            "exclude_zone_ids": null,
            "filter": null,
            "group_names": [
              "ap-northeast-2-zg-1"
            ],
            "id": "ap-northeast-2",
            "names": [
              "ap-northeast-2a",
              "ap-northeast-2b",
              "ap-northeast-2c",
              "ap-northeast-2d"
            ],
            "state": "available",
            "timeouts": null,
            "zone_ids": [
              "apne2-az1",
              "apne2-az2",
              "apne2-az3",
              "apne2-az4"
            ]
          },
          "sensitive_attributes": [],
          "identity_schema_version": 0
        }
      ]
    },
    {
      "mode": "managed",
      "type": "aws_instance",
      "name": "web",
      "provider": "provider[\"registry.terraform.io/hashicorp/aws\"]",
      "instances": [
        {
          "schema_version": 1,
          "attributes": {
            "ami": "ami-0a71e3eb8b23101ed",
            "arn": "arn:aws:ec2:ap-northeast-2:645608561450:instance/i-05315148473c0c1aa",
            "associate_public_ip_address": true,
            "availability_zone": "ap-northeast-2a",
            "capacity_reservation_specification": [
              {
                "capacity_reservation_preference": "open",
                "capacity_reservation_target": []
              }
            ],
            "cpu_core_count": 1,
            "cpu_options": [
              {
                "amd_sev_snp": "",
                "core_count": 1,
                "threads_per_core": 2
              }
            ],
            "cpu_threads_per_core": 2,
            "credit_specification": [
              {
                "cpu_credits": "unlimited"
              }
            ],
            "disable_api_stop": false,
            "disable_api_termination": false,
            "ebs_block_device": [],
            "ebs_optimized": false,
            "enable_primary_ipv6": null,
            "enclave_options": [
              {
                "enabled": false
              }
            ],
            "ephemeral_block_device": [],
            "get_password_data": false,
            "hibernation": false,
            "host_id": "",
            "host_resource_group_arn": null,
            "iam_instance_profile": "",
            "id": "i-05315148473c0c1aa",
            "instance_initiated_shutdown_behavior": "stop",
            "instance_lifecycle": "",
            "instance_market_options": [],
            "instance_state": "running",
            "instance_type": "t3.small",
            "ipv6_address_count": 0,
            "ipv6_addresses": [],
            "key_name": "delivery-app-kp",
            "launch_template": [],
            "maintenance_options": [
              {
                "auto_recovery": "default"
              }
            ],
            "metadata_options": [
              {
                "http_endpoint": "enabled",
                "http_protocol_ipv6": "disabled",
                "http_put_response_hop_limit": 2,
                "http_tokens": "required",
                "instance_metadata_tags": "disabled"
              }
            ],
            "monitoring": false,
            "network_interface": [],
            "outpost_arn": "",
            "password_data": "",
            "placement_group": "",
            "placement_partition_number": 0,
            "primary_network_interface_id": "eni-0bb94e8b3161f560d",
            "private_dns": "ip-10-30-1-246.ap-northeast-2.compute.internal",
            "private_dns_name_options": [
              {
                "enable_resource_name_dns_a_record": false,
                "enable_resource_name_dns_aaaa_record": false,
                "hostname_type": "ip-name"
              }
            ],
            "private_ip": "10.30.1.246",
            "public_dns": "ec2-13-125-48-166.ap-northeast-2.compute.amazonaws.com",
            "public_ip": "13.125.48.166",
            "root_block_device": [
              {
                "delete_on_termination": true,
                "device_name": "/dev/sda1",
                "encrypted": false,
                "iops": 3000,
                "kms_key_id": "",
                "tags": {},
                "tags_all": {},
                "throughput": 125,
                "volume_id": "vol-08caf09ac396772af",
                "volume_size": 8,
                "volume_type": "gp3"
              }
            ],
            "secondary_private_ips": [],
            "security_groups": [],
            "source_dest_check": true,
            "spot_instance_request_id": "",
            "subnet_id": "subnet-0564cf16ef7afc480",
            "tags": {
              "Name": "delivery-app-ec2"
            },
            "tags_all": {
              "Name": "delivery-app-ec2"
            },
            "tenancy": "default",
            "timeouts": null,
            "user_data": null,
            "user_data_base64": null,
            "user_data_replace_on_change": false,
            "volume_tags": null,
            "vpc_security_group_ids": [
              "sg-0832938a4787bd5fc"
            ]
          },
          "sensitive_attributes": [],
          "identity_schema_version": 0,
          "private": "eyJlMmJmYjczMC1lY2FhLTExZTYtOGY4OC0zNDM2M2JjN2M0YzAiOnsiY3JlYXRlIjo2MDAwMDAwMDAwMDAsImRlbGV0ZSI6MTIwMDAwMDAwMDAwMCwicmVhZCI6OTAwMDAwMDAwMDAwLCJ1cGRhdGUiOjYwMDAwMDAwMDAwMH0sInNjaGVtYV92ZXJzaW9uIjoiMSJ9",
          "dependencies": [
            "aws_key_pair.kp",
            "aws_security_group.web",
            "aws_subnet.public",
            "aws_vpc.main",
            "data.aws_ami.ubuntu",
            "data.aws_availability_zones.available",
            "tls_private_key.ssh"
          ]
        }
      ]
    },
    {
      "mode": "managed",
      "type": "aws_internet_gateway",
      "name": "igw",
      "provider": "provider[\"registry.terraform.io/hashicorp/aws\"]",
      "instances": [
        {
          "schema_version": 0,
          "attributes": {
            "arn": "arn:aws:ec2:ap-northeast-2:645608561450:internet-gateway/igw-0ee583b09226ad9d2",
            "id": "igw-0ee583b09226ad9d2",
            "owner_id": "645608561450",
            "tags": {
              "Name": "delivery-app-igw"
            },
            "tags_all": {
              "Name": "delivery-app-igw"
            },
            "timeouts": null,
            "vpc_id": "vpc-03a166ad0b2454e39"
          },
          "sensitive_attributes": [],
          "identity_schema_version": 0,
          "private": "eyJlMmJmYjczMC1lY2FhLTExZTYtOGY4OC0zNDM2M2JjN2M0YzAiOnsiY3JlYXRlIjoxMjAwMDAwMDAwMDAwLCJkZWxldGUiOjEyMDAwMDAwMDAwMDAsInVwZGF0ZSI6MTIwMDAwMDAwMDAwMH19",
          "dependencies": [
            "aws_vpc.main"
          ]
        }
      ]
    },
    {
      "mode": "managed",
      "type": "aws_key_pair",
      "name": "kp",
      "provider": "provider[\"registry.terraform.io/hashicorp/aws\"]",
      "instances": [
        {
          "schema_version": 1,
          "attributes": {
            "arn": "arn:aws:ec2:ap-northeast-2:645608561450:key-pair/delivery-app-kp",
            "fingerprint": "f0:d1:40:b0:2b:c7:98:24:1c:8b:e0:04:b2:61:16:00",
            "id": "delivery-app-kp",
            "key_name": "delivery-app-kp",
            "key_name_prefix": "",
            "key_pair_id": "key-0644d04689cc9e5ad",
            "key_type": "rsa",
            "public_key": "ssh-rsa AAAAB3NzaC1yc2EAAAADAQABAAACAQDjYegMFaYBLeiFapjY1Xvaf3W88bcnPG2ltrtNwTpU0oV65Ajtps946fOVOdoPfghU17WBMQ81yA5joW62M6kc0EjA2Rq6Kz2EXzojlR7DF5HBFZgs7b43SshI7r9jXrN1edA/jhRXl+hg4JAVvw27NgvwG2qnCQijnMB8Q21KgOeNtAjZyJOBZRHOnWx8gxvnsbQFUyjvm9TFBdg07nc47l0O1Pv6IRVpOFJ31gDrQBLk2Fm9WopfRTZ7khVwNK2y17mCMoQRuwWNXd0g6/sPMvdFbyuD4A6G9fYn2XQFNZpwXCQgk+HOAXjN8RRbbLayK8eK1ckcwQOAnyIeuim9aQASwRB8q/h3D21Zp0NxrK+ilH+a0/lXb1A01bB1VJzkPDcDPjlXrrhSiCw+Cbf8c2yrW1XpW09ze7HZjSxQU6FHvJ5zYVR4P2ZfDwRpFEuyhbTRtqHq8tS53NmtSN6+n9Hv1Pc/1TNG95QjLJCcgMUe5QBKVWsJgE9q9BVY7mATuHX2HoQzjvvTokisLr+ltJIn7qpvX1gwJs6Cji4/RruGS5FFRR716glhAjnfyTLfP/+PLrAMNvUHG8xkevLBHOq2+b6JSOw4UzhhJJ808f+hN9ew8kAKdeRHSf/pPAI+UaTtAzsJeacn14ghQEpiHFm6/Nm1E8WkRkt9MtwFMQ==",
            "tags": {},
            "tags_all": {}
          },
          "sensitive_attributes": [],
          "identity_schema_version": 0,
          "private": "eyJzY2hlbWFfdmVyc2lvbiI6IjEifQ==",
          "dependencies": [
            "tls_private_key.ssh"
          ]
        }
      ]
    },
    {
      "mode": "managed",
      "type": "aws_route_table",
      "name": "public",
      "provider": "provider[\"registry.terraform.io/hashicorp/aws\"]",
      "instances": [
        {
          "schema_version": 0,
          "attributes": {
            "arn": "arn:aws:ec2:ap-northeast-2:645608561450:route-table/rtb-0ccace8dc05258471",
            "id": "rtb-0ccace8dc05258471",
            "owner_id": "645608561450",
            "propagating_vgws": [],
            "route": [
              {
                "carrier_gateway_id": "",
                "cidr_block": "0.0.0.0/0",
                "core_network_arn": "",
                "destination_prefix_list_id": "",
                "egress_only_gateway_id": "",
                "gateway_id": "igw-0ee583b09226ad9d2",
                "ipv6_cidr_block": "",
                "local_gateway_id": "",
                "nat_gateway_id": "",
                "network_interface_id": "",
                "transit_gateway_id": "",
                "vpc_endpoint_id": "",
                "vpc_peering_connection_id": ""
              }
            ],
            "tags": {
              "Name": "delivery-app-public-rt"
            },
            "tags_all": {
              "Name": "delivery-app-public-rt"
            },
            "timeouts": null,
            "vpc_id": "vpc-03a166ad0b2454e39"
          },
          "sensitive_attributes": [],
          "identity_schema_version": 0,
          "private": "eyJlMmJmYjczMC1lY2FhLTExZTYtOGY4OC0zNDM2M2JjN2M0YzAiOnsiY3JlYXRlIjozMDAwMDAwMDAwMDAsImRlbGV0ZSI6MzAwMDAwMDAwMDAwLCJ1cGRhdGUiOjEyMDAwMDAwMDAwMH19",
          "dependencies": [
            "aws_internet_gateway.igw",
            "aws_vpc.main"
          ]
        }
      ]
    },
    {
      "mode": "managed",
      "type": "aws_route_table_association",
      "name": "public_assoc",
      "provider": "provider[\"registry.terraform.io/hashicorp/aws\"]",
      "instances": [
        {
          "schema_version": 0,
          "attributes": {
            "gateway_id": "",
            "id": "rtbassoc-0175c9f8b05688b93",
            "route_table_id": "rtb-0ccace8dc05258471",
            "subnet_id": "subnet-0564cf16ef7afc480",
            "timeouts": null
          },
          "sensitive_attributes": [],
          "identity_schema_version": 0,
          "private": "eyJlMmJmYjczMC1lY2FhLTExZTYtOGY4OC0zNDM2M2JjN2M0YzAiOnsiY3JlYXRlIjozMDAwMDAwMDAwMDAsImRlbGV0ZSI6MzAwMDAwMDAwMDAwLCJ1cGRhdGUiOjEyMDAwMDAwMDAwMH19",
          "dependencies": [
            "aws_internet_gateway.igw",
            "aws_route_table.public",
            "aws_subnet.public",
            "aws_vpc.main",
            "data.aws_availability_zones.available"
          ]
        }
      ]
    },
    {
      "mode": "managed",
      "type": "aws_security_group",
      "name": "web",
      "provider": "provider[\"registry.terraform.io/hashicorp/aws\"]",
      "instances": [
        {
          "schema_version": 1,
          "attributes": {
            "arn": "arn:aws:ec2:ap-northeast-2:645608561450:security-group/sg-0832938a4787bd5fc",
            "description": "Allow SSH and HTTP",
            "egress": [
              {
                "cidr_blocks": [
                  "0.0.0.0/0"
                ],
                "description": "",
                "from_port": 0,
                "ipv6_cidr_blocks": [],
                "prefix_list_ids": [],
                "protocol": "-1",
                "security_groups": [],
                "self": false,
                "to_port": 0
              }
            ],
            "id": "sg-0832938a4787bd5fc",
            "ingress": [
              {
                "cidr_blocks": [
                  "0.0.0.0/0"
                ],
                "description": "",
                "from_port": 22,
                "ipv6_cidr_blocks": [],
                "prefix_list_ids": [],
                "protocol": "tcp",
                "security_groups": [],
                "self": false,
                "to_port": 22
              },
              {
                "cidr_blocks": [
                  "0.0.0.0/0"
                ],
                "description": "",
                "from_port": 80,
                "ipv6_cidr_blocks": [],
                "prefix_list_ids": [],
                "protocol": "tcp",
                "security_groups": [],
                "self": false,
                "to_port": 80
              }
            ],
            "name": "delivery-app-sg",
            "name_prefix": "",
            "owner_id": "645608561450",
            "revoke_rules_on_delete": false,
            "tags": {},
            "tags_all": {},
            "timeouts": null,
            "vpc_id": "vpc-03a166ad0b2454e39"
          },
          "sensitive_attributes": [],
          "identity_schema_version": 0,
          "private": "eyJlMmJmYjczMC1lY2FhLTExZTYtOGY4OC0zNDM2M2JjN2M0YzAiOnsiY3JlYXRlIjo2MDAwMDAwMDAwMDAsImRlbGV0ZSI6OTAwMDAwMDAwMDAwfSwic2NoZW1hX3ZlcnNpb24iOiIxIn0=",
          "dependencies": [
            "aws_vpc.main"
          ]
        }
      ]
    },
    {
      "mode": "managed",
      "type": "aws_subnet",
      "name": "public",
      "provider": "provider[\"registry.terraform.io/hashicorp/aws\"]",
      "instances": [
        {
          "schema_version": 1,
          "attributes": {
            "arn": "arn:aws:ec2:ap-northeast-2:645608561450:subnet/subnet-0564cf16ef7afc480",
            "assign_ipv6_address_on_creation": false,
            "availability_zone": "ap-northeast-2a",
            "availability_zone_id": "apne2-az1",
            "cidr_block": "10.30.1.0/24",
            "customer_owned_ipv4_pool": "",
            "enable_dns64": false,
            "enable_lni_at_device_index": 0,
            "enable_resource_name_dns_a_record_on_launch": false,
            "enable_resource_name_dns_aaaa_record_on_launch": false,
            "id": "subnet-0564cf16ef7afc480",
            "ipv6_cidr_block": "",
            "ipv6_cidr_block_association_id": "",
            "ipv6_native": false,
            "map_customer_owned_ip_on_launch": false,
            "map_public_ip_on_launch": true,
            "outpost_arn": "",
            "owner_id": "645608561450",
            "private_dns_hostname_type_on_launch": "ip-name",
            "tags": {
              "Name": "delivery-app-public-subnet"
            },
            "tags_all": {
              "Name": "delivery-app-public-subnet"
            },
            "timeouts": null,
            "vpc_id": "vpc-03a166ad0b2454e39"
          },
          "sensitive_attributes": [],
          "identity_schema_version": 0,
          "private": "eyJlMmJmYjczMC1lY2FhLTExZTYtOGY4OC0zNDM2M2JjN2M0YzAiOnsiY3JlYXRlIjo2MDAwMDAwMDAwMDAsImRlbGV0ZSI6MTIwMDAwMDAwMDAwMH0sInNjaGVtYV92ZXJzaW9uIjoiMSJ9",
          "dependencies": [
            "aws_vpc.main",
            "data.aws_availability_zones.available"
          ]
        }
      ]
    },
    {
      "mode": "managed",
      "type": "aws_vpc",
      "name": "main",
      "provider": "provider[\"registry.terraform.io/hashicorp/aws\"]",
      "instances": [
        {
          "schema_version": 1,
          "attributes": {
            "arn": "arn:aws:ec2:ap-northeast-2:645608561450:vpc/vpc-03a166ad0b2454e39",
            "assign_generated_ipv6_cidr_block": false,
            "cidr_block": "10.30.0.0/16",
            "default_network_acl_id": "acl-0c8b500dff9aaa284",
            "default_route_table_id": "rtb-0a11c7d9fe10ed3a0",
            "default_security_group_id": "sg-00c51a65ce94243f0",
            "dhcp_options_id": "dopt-06578c1a5b87d591d",
            "enable_dns_hostnames": true,
            "enable_dns_support": true,
            "enable_network_address_usage_metrics": false,
            "id": "vpc-03a166ad0b2454e39",
            "instance_tenancy": "default",
            "ipv4_ipam_pool_id": null,
            "ipv4_netmask_length": null,
            "ipv6_association_id": "",
            "ipv6_cidr_block": "",
            "ipv6_cidr_block_network_border_group": "",
            "ipv6_ipam_pool_id": "",
            "ipv6_netmask_length": 0,
            "main_route_table_id": "rtb-0a11c7d9fe10ed3a0",
            "owner_id": "645608561450",
            "tags": {
              "Name": "delivery-app-vpc"
            },
            "tags_all": {
              "Name": "delivery-app-vpc"
            }
          },
          "sensitive_attributes": [],
          "identity_schema_version": 0,
          "private": "eyJzY2hlbWFfdmVyc2lvbiI6IjEifQ=="
        }
      ]
    },
    {
      "mode": "managed",
      "type": "local_file",
      "name": "private_key",
      "provider": "provider[\"registry.terraform.io/hashicorp/local\"]",
      "instances": [
        {
          "schema_version": 0,
          "attributes": {
            "content": "-----BEGIN RSA PRIVATE KEY-----\nMIIJJwIBAAKCAgEA42HoDBWmAS3ohWqY2NV72n91vPG3Jzxtpba7TcE6VNKFeuQI\n7abPeOnzlTnaD34IVNe1gTEPNcgOY6FutjOpHNBIwNkauis9hF86I5UewxeRwRWY\nLO2+N0rISO6/Y16zdXnQP44UV5foYOCQFb8NuzYL8BtqpwkIo5zAfENtSoDnjbQI\n2ciTgWURzp1sfIMb57G0BVMo75vUxQXYNO53OO5dDtT7+iEVaThSd9YA60AS5NhZ\nvVqKX0U2e5IVcDStste5gjKEEbsFjV3dIOv7DzL3RW8rg+AOhvX2J9l0BTWacFwk\nIJPhzgF4zfEUW2y2sivHitXJHMEDgJ8iHropvWkAEsEQfKv4dw9tWadDcayvopR/\nmtP5V29QNNWwdVSc5Dw3Az45V664UogsPgm3/HNsq1tV6VtPc3ux2Y0sUFOhR7ye\nc2FUeD9mXw8EaRRLsoW00bah6vLUudzZrUjevp/R79T3P9UzRveUIyyQnIDFHuUA\nSlVrCYBPavQVWO5gE7h19h6EM47706JIrC6/pbSSJ+6qb19YMCbOgo4uP0a7hkuR\nRUUe9eoJYQI538ky3z//jy6wDDb1BxvMZHrywRzqtvm+iUjsOFM4YSSfNPH/oTfX\nsPJACnXkR0n/6TwCPlGk7QM7CXmnJ9eIIUBKYhxZuvzZtRPFpEZLfTLcBTECAwEA\nAQKCAgAaxx7yvWHtZaCqhaE2d/27/6K3+6dcIYuwJlLsl0LtVlWN4WkDw89PKA4d\nltCNXoRQqY6ghkyKQuMe7JYDMxZJZGYNAARbxFfcTPKl2hvjUdVCbe6b6+uoy0/G\n9wbnBvIPdacGtQ7EOgmNzyRoyzUsxPKm9jObND8mNYGdoLswOPoMABXCwBJO/L4a\nHQP3reENaioPLnn1rd5izYtmwGad98RRyNdb36WL3KwpnLRDACq5dJks6Yq+KYJ/\nDvcjXbDPDQS1xokzJVlECrfN9rx8T747GRqAz1QmpLS2gK9fJa7oaJGAnKnM/vNh\nHXEOS0FAvlMjkIW8syZccWEtSTM8+E0XwiC+F1XE7aRvpzylWHNzaNUBPAWO99Y7\n8t76lE2hBFe1Ydeuw+z/PPQo9mAoIjSEro35oiGuKRUzTYHNMtxiXNnAbwuq4GL7\n7DMoBXYdqRK016g53rBdtWEF3WXjs6amoktiikNw6mP4ma1j9xtqJpMCEypBpnQ5\n4CiWj6dVQJJBFyB0WgLCrpvDsewqdAiyZdlb6VqC71HZ4ETLe64Z+RXbtLWsKYH9\nqpAUwNjCWHl2DmcNu8w+Wh9ljYnk/SXuCq50cWqNtCAn0L0LMK+Peg5OV9NCdarP\nal2nvIZ7aqmu8yzpwsaa4cxks15K0KrGKFoS6jf1hLExyf4foQKCAQEA/AjYyH79\ns4iZ8zryd/3pAthuEJ5G44CmLcCEfsthzcG/xfbwQp5CVFjYozyPSzVKHA+9IsOz\nnQCu1Y9MYO+CamZKh5F2yIp4/0JPZ3KEPpDtT0X+Yh0ETcklbyZKAUPscBMBKss4\nTzIN6v9CDotmxIXThiWgNnzyMm76qVeCCeTLcpAx0tbaRkNL6S/wuN5JF8uMeS60\nte14TKiegPR1MTqU3BHNMn4Nf/KeBFSYgvoTOwMT7ofGnahd4EsbcZtwwT2QdaSp\nzFAKrBw+OH0KSKwNCkXXi3ajWKJaGs7iZXUFMLhqGR2koAlNvoenVirz6ScXTF/N\nDv2T69ALS3gdxQKCAQEA5vXD2Rt4/1c+UMIMk8OwsgpKVMQjA4z1idSOI3On4iF7\n1KA1KXoG1oACfJsal7tVMKqEYCdEIqJYSwHVdU5LVcYgZFii4X4bxjcoByC2k5Xq\nUp1U4IYtVMSVoY2ZmM+oArC59e4Kpyyzpe01k+dvkOHqHmau9TEyz6OHbmqPkhe+\nn7xy/DgDbTyFShj80G/YIMBKcQv08xrWTpy6yQHwz1TW7Vj3bHitiHeCsQSL51/D\nr65zKW7I/KzYyPJnMH/DSbwJgX9VX9o75Jw85byJ3bV9K9olFtyypJy1ONdmbP/9\nlcaUIk7Z8p0zLUJVb7IIRbhIs7gW+gF0kbft+9NMfQKCAQBMcM53OPTvj93JhLZn\nqE4Uu9neFnM/qxQ7yiklX8AhLMNiYnwKaH+Ln4rNL5/yWo5Ipolh0uNWGg/s29J5\nkAsJBE9UgMz7E+yQ1ubIZFYxt7kSExONZGmawgglhwJpEdXTRCBVf19rva20+Yhq\nauNXdZNrG1xVSl4W58wEsnLRV2BRNeS2os1/BAgxCIZFO74FhonrczwB9a1H6thw\nGjS1IqRlfsyypMKpbMd6XsIG75wHiO5xqSKXTKp0TbNcKJ3xLh/zXmbVfe1OuB4y\n+dG1quElnXs7ZFc0mcEkYl0OEojpdvVO+sukck3vHKunGc3yiBWr516FTmmf2vCi\nCiNVAoIBACJtVgFB2Bpvvck587f+/pK7d/MEvZdk5qDh/0IHlmndxeCe9O2209gb\ngsNiN2eQtBUqBctzbvOesXyUzGXNAuvJOcDbeYQVUTyNsjjFxpFfUmt4KlPBjHZL\nS2amfdPKeGfWQhIHpqzeu/Sq1Ea0w+ub0VMwyTmhWMqcvK5X0gjb4z1aUOWJz/Dz\niYbPDLhhQ502LKKHPr8SLAnR0QHveR7erZ75mQAhSPTDo8aRP+2AV+ITJfVyHyGS\n/kmN4JXZJZoTHnOgMHC2TiE4rNct8HsM95iWztqGkVZ6SYUsjocG7Zzq2d/3UwOY\nLS286pFYv2TtIGExurMPjnm+KgpUp90CggEAe1cPaK+KJRw+9OaCNuX7UwOFES+9\nuknILI6aYe0P5Csb6c+JyuUZMRGnang9w3h2YZRLQnm17ArkgbQOccEWjnrhcW17\nb8C+0uW86T7u8h4ihqA+sKf9i6z++7653qdGWzLOvJedvoCOke2/PnhLqhRdKyy7\nwXAlTz7STi1z2QAn7lpMngIpA86wTfcPBKVRJBE5UFHPsTar9uVWkP7+0H6KYjTZ\nCNaPxOSblZ3pOavNfTYmCuNrCNXIMGO2jlnSjjA6UcXSf98H3KXSHdYbwhRHOv2n\nznKmzOMCpOuuRhzzoS1PGeSOLHcDoz4a4DeU43Enn+p3rt116yoxv64JJA==\n-----END RSA PRIVATE KEY-----\n",
            "content_base64": null,
            "content_base64sha256": "hJaZlXfABcicvbgFo2NRxAEoh4Ce5TPF0sPnzJP+y4k=",
            "content_base64sha512": "hZQwD0+mABYKin60gKci3cwxfpeZKNdyeB0TR8hbxE56u4NzYi2Glk1sTD9FE8wELLZGWXiq7Vzq+fIJAkQ9Yg==",
            "content_md5": "7426521693076d95c0de92197dfc8e02",
            "content_sha1": "e173ddfb136ce6e694d8ec4685a15d6f970b1ec5",
            "content_sha256": "8496999577c005c89cbdb805a36351c4012887809ee533c5d2c3e7cc93fecb89",
            "content_sha512": "8594300f4fa600160a8a7eb480a722ddcc317e979928d772781d1347c85bc44e7abb8373622d86964d6c4c3f4513cc042cb6465978aaed5ceaf9f20902443d62",
            "directory_permission": "0777",
            "file_permission": "0600",
            "filename": "./id_delivery-app",
            "id": "e173ddfb136ce6e694d8ec4685a15d6f970b1ec5",
            "sensitive_content": null,
            "source": null
          },
          "sensitive_attributes": [
            [
              {
                "type": "get_attr",
                "value": "content"
              }
            ],
            [
              {
                "type": "get_attr",
                "value": "sensitive_content"
              }
            ]
          ],
          "identity_schema_version": 0,
          "dependencies": [
            "tls_private_key.ssh"
          ]
        }
      ]
    },
    {
      "mode": "managed",
      "type": "tls_private_key",
      "name": "ssh",
      "provider": "provider[\"registry.terraform.io/hashicorp/tls\"]",
      "instances": [
        {
          "schema_version": 1,
          "attributes": {
            "algorithm": "RSA",
            "ecdsa_curve": "P224",
            "id": "54af3d85ec1fa3b1a6389bfa0238488d8f177c86",
            "private_key_openssh": "-----BEGIN OPENSSH PRIVATE KEY-----\nb3BlbnNzaC1rZXktdjEAAAAABG5vbmUAAAAEbm9uZQAAAAAAAAABAAACFwAAAAdz\nc2gtcnNhAAAAAwEAAQAAAgEA42HoDBWmAS3ohWqY2NV72n91vPG3Jzxtpba7TcE6\nVNKFeuQI7abPeOnzlTnaD34IVNe1gTEPNcgOY6FutjOpHNBIwNkauis9hF86I5Ue\nwxeRwRWYLO2+N0rISO6/Y16zdXnQP44UV5foYOCQFb8NuzYL8BtqpwkIo5zAfENt\nSoDnjbQI2ciTgWURzp1sfIMb57G0BVMo75vUxQXYNO53OO5dDtT7+iEVaThSd9YA\n60AS5NhZvVqKX0U2e5IVcDStste5gjKEEbsFjV3dIOv7DzL3RW8rg+AOhvX2J9l0\nBTWacFwkIJPhzgF4zfEUW2y2sivHitXJHMEDgJ8iHropvWkAEsEQfKv4dw9tWadD\ncayvopR/mtP5V29QNNWwdVSc5Dw3Az45V664UogsPgm3/HNsq1tV6VtPc3ux2Y0s\nUFOhR7yec2FUeD9mXw8EaRRLsoW00bah6vLUudzZrUjevp/R79T3P9UzRveUIyyQ\nnIDFHuUASlVrCYBPavQVWO5gE7h19h6EM47706JIrC6/pbSSJ+6qb19YMCbOgo4u\nP0a7hkuRRUUe9eoJYQI538ky3z//jy6wDDb1BxvMZHrywRzqtvm+iUjsOFM4YSSf\nNPH/oTfXsPJACnXkR0n/6TwCPlGk7QM7CXmnJ9eIIUBKYhxZuvzZtRPFpEZLfTLc\nBTEAAAc41g1hTdYNYU0AAAAHc3NoLXJzYQAAAgEA42HoDBWmAS3ohWqY2NV72n91\nvPG3Jzxtpba7TcE6VNKFeuQI7abPeOnzlTnaD34IVNe1gTEPNcgOY6FutjOpHNBI\nwNkauis9hF86I5UewxeRwRWYLO2+N0rISO6/Y16zdXnQP44UV5foYOCQFb8NuzYL\n8BtqpwkIo5zAfENtSoDnjbQI2ciTgWURzp1sfIMb57G0BVMo75vUxQXYNO53OO5d\nDtT7+iEVaThSd9YA60AS5NhZvVqKX0U2e5IVcDStste5gjKEEbsFjV3dIOv7DzL3\nRW8rg+AOhvX2J9l0BTWacFwkIJPhzgF4zfEUW2y2sivHitXJHMEDgJ8iHropvWkA\nEsEQfKv4dw9tWadDcayvopR/mtP5V29QNNWwdVSc5Dw3Az45V664UogsPgm3/HNs\nq1tV6VtPc3ux2Y0sUFOhR7yec2FUeD9mXw8EaRRLsoW00bah6vLUudzZrUjevp/R\n79T3P9UzRveUIyyQnIDFHuUASlVrCYBPavQVWO5gE7h19h6EM47706JIrC6/pbSS\nJ+6qb19YMCbOgo4uP0a7hkuRRUUe9eoJYQI538ky3z//jy6wDDb1BxvMZHrywRzq\ntvm+iUjsOFM4YSSfNPH/oTfXsPJACnXkR0n/6TwCPlGk7QM7CXmnJ9eIIUBKYhxZ\nuvzZtRPFpEZLfTLcBTEAAAADAQABAAACABrHHvK9Ye1loKqFoTZ3/bv/orf7p1wh\ni7AmUuyXQu1WVY3haQPDz08oDh2W0I1ehFCpjqCGTIpC4x7slgMzFklkZg0ABFvE\nV9xM8qXaG+NR1UJt7pvr66jLT8b3BucG8g91pwa1DsQ6CY3PJGjLNSzE8qb2M5s0\nPyY1gZ2guzA4+gwAFcLAEk78vhodA/et4Q1qKg8uefWt3mLNi2bAZp33xFHI11vf\npYvcrCmctEMAKrl0mSzpir4pgn8O9yNdsM8NBLXGiTMlWUQKt832vHxPvjsZGoDP\nVCaktLaAr18lruhokYCcqcz+82EdcQ5LQUC+UyOQhbyzJlxxYS1JMzz4TRfCIL4X\nVcTtpG+nPKVYc3No1QE8BY731jvy3vqUTaEEV7Vh167D7P889Cj2YCgiNISujfmi\nIa4pFTNNgc0y3GJc2cBvC6rgYvvsMygFdh2pErTXqDnesF21YQXdZeOzpqaiS2KK\nQ3DqY/iZrWP3G2omkwITKkGmdDngKJaPp1VAkkEXIHRaAsKum8Ox7Cp0CLJl2Vvp\nWoLvUdngRMt7rhn5Fdu0tawpgf2qkBTA2MJYeXYOZw27zD5aH2WNieT9Je4KrnRx\nao20ICfQvQswr496Dk5X00J1qs9qXae8hntqqa7zLOnCxprhzGSzXkrQqsYoWhLq\nN/WEsTHJ/h+hAAABAHtXD2iviiUcPvTmgjbl+1MDhREvvbpJyCyOmmHtD+QrG+nP\nicrlGTERp2p4PcN4dmGUS0J5tewK5IG0DnHBFo564XFte2/AvtLlvOk+7vIeIoag\nPrCn/Yus/vu+ud6nRlsyzryXnb6AjpHtvz54S6oUXSssu8FwJU8+0k4tc9kAJ+5a\nTJ4CKQPOsE33DwSlUSQROVBRz7E2q/blVpD+/tB+imI02QjWj8Tkm5Wd6TmrzX02\nJgrjawjVyDBjto5Z0o4wOlHF0n/fB9yl0h3WG8IURzr9p85ypszjAqTrrkYc86Et\nTxnkjix3A6M+GuA3lONxJ5/qd67ddesqMb+uCSQAAAEBAPwI2Mh+/bOImfM68nf9\n6QLYbhCeRuOApi3AhH7LYc3Bv8X28EKeQlRY2KM8j0s1ShwPvSLDs50ArtWPTGDv\ngmpmSoeRdsiKeP9CT2dyhD6Q7U9F/mIdBE3JJW8mSgFD7HATASrLOE8yDer/Qg6L\nZsSF04YloDZ88jJu+qlXggnky3KQMdLW2kZDS+kv8LjeSRfLjHkutLXteEyonoD0\ndTE6lNwRzTJ+DX/yngRUmIL6EzsDE+6Hxp2oXeBLG3GbcME9kHWkqcxQCqwcPjh9\nCkisDQpF14t2o1iiWhrO4mV1BTC4ahkdpKAJTb6Hp1Yq8+knF0xfzQ79k+vQC0t4\nHcUAAAEBAOb1w9kbeP9XPlDCDJPDsLIKSlTEIwOM9YnUjiNzp+Ihe9SgNSl6BtaA\nAnybGpe7VTCqhGAnRCKiWEsB1XVOS1XGIGRYouF+G8Y3KAcgtpOV6lKdVOCGLVTE\nlaGNmZjPqAKwufXuCqcss6XtNZPnb5Dh6h5mrvUxMs+jh25qj5IXvp+8cvw4A208\nhUoY/NBv2CDASnEL9PMa1k6cuskB8M9U1u1Y92x4rYh3grEEi+dfw6+ucyluyPys\n2MjyZzB/w0m8CYF/VV/aO+ScPOW8id21fSvaJRbcsqSctTjXZmz//ZXGlCJO2fKd\nMy1CVW+yCEW4SLO4FvoBdJG37fvTTH0AAAAAAQID\n-----END OPENSSH PRIVATE KEY-----\n",
            "private_key_pem": "-----BEGIN RSA PRIVATE KEY-----\nMIIJJwIBAAKCAgEA42HoDBWmAS3ohWqY2NV72n91vPG3Jzxtpba7TcE6VNKFeuQI\n7abPeOnzlTnaD34IVNe1gTEPNcgOY6FutjOpHNBIwNkauis9hF86I5UewxeRwRWY\nLO2+N0rISO6/Y16zdXnQP44UV5foYOCQFb8NuzYL8BtqpwkIo5zAfENtSoDnjbQI\n2ciTgWURzp1sfIMb57G0BVMo75vUxQXYNO53OO5dDtT7+iEVaThSd9YA60AS5NhZ\nvVqKX0U2e5IVcDStste5gjKEEbsFjV3dIOv7DzL3RW8rg+AOhvX2J9l0BTWacFwk\nIJPhzgF4zfEUW2y2sivHitXJHMEDgJ8iHropvWkAEsEQfKv4dw9tWadDcayvopR/\nmtP5V29QNNWwdVSc5Dw3Az45V664UogsPgm3/HNsq1tV6VtPc3ux2Y0sUFOhR7ye\nc2FUeD9mXw8EaRRLsoW00bah6vLUudzZrUjevp/R79T3P9UzRveUIyyQnIDFHuUA\nSlVrCYBPavQVWO5gE7h19h6EM47706JIrC6/pbSSJ+6qb19YMCbOgo4uP0a7hkuR\nRUUe9eoJYQI538ky3z//jy6wDDb1BxvMZHrywRzqtvm+iUjsOFM4YSSfNPH/oTfX\nsPJACnXkR0n/6TwCPlGk7QM7CXmnJ9eIIUBKYhxZuvzZtRPFpEZLfTLcBTECAwEA\nAQKCAgAaxx7yvWHtZaCqhaE2d/27/6K3+6dcIYuwJlLsl0LtVlWN4WkDw89PKA4d\nltCNXoRQqY6ghkyKQuMe7JYDMxZJZGYNAARbxFfcTPKl2hvjUdVCbe6b6+uoy0/G\n9wbnBvIPdacGtQ7EOgmNzyRoyzUsxPKm9jObND8mNYGdoLswOPoMABXCwBJO/L4a\nHQP3reENaioPLnn1rd5izYtmwGad98RRyNdb36WL3KwpnLRDACq5dJks6Yq+KYJ/\nDvcjXbDPDQS1xokzJVlECrfN9rx8T747GRqAz1QmpLS2gK9fJa7oaJGAnKnM/vNh\nHXEOS0FAvlMjkIW8syZccWEtSTM8+E0XwiC+F1XE7aRvpzylWHNzaNUBPAWO99Y7\n8t76lE2hBFe1Ydeuw+z/PPQo9mAoIjSEro35oiGuKRUzTYHNMtxiXNnAbwuq4GL7\n7DMoBXYdqRK016g53rBdtWEF3WXjs6amoktiikNw6mP4ma1j9xtqJpMCEypBpnQ5\n4CiWj6dVQJJBFyB0WgLCrpvDsewqdAiyZdlb6VqC71HZ4ETLe64Z+RXbtLWsKYH9\nqpAUwNjCWHl2DmcNu8w+Wh9ljYnk/SXuCq50cWqNtCAn0L0LMK+Peg5OV9NCdarP\nal2nvIZ7aqmu8yzpwsaa4cxks15K0KrGKFoS6jf1hLExyf4foQKCAQEA/AjYyH79\ns4iZ8zryd/3pAthuEJ5G44CmLcCEfsthzcG/xfbwQp5CVFjYozyPSzVKHA+9IsOz\nnQCu1Y9MYO+CamZKh5F2yIp4/0JPZ3KEPpDtT0X+Yh0ETcklbyZKAUPscBMBKss4\nTzIN6v9CDotmxIXThiWgNnzyMm76qVeCCeTLcpAx0tbaRkNL6S/wuN5JF8uMeS60\nte14TKiegPR1MTqU3BHNMn4Nf/KeBFSYgvoTOwMT7ofGnahd4EsbcZtwwT2QdaSp\nzFAKrBw+OH0KSKwNCkXXi3ajWKJaGs7iZXUFMLhqGR2koAlNvoenVirz6ScXTF/N\nDv2T69ALS3gdxQKCAQEA5vXD2Rt4/1c+UMIMk8OwsgpKVMQjA4z1idSOI3On4iF7\n1KA1KXoG1oACfJsal7tVMKqEYCdEIqJYSwHVdU5LVcYgZFii4X4bxjcoByC2k5Xq\nUp1U4IYtVMSVoY2ZmM+oArC59e4Kpyyzpe01k+dvkOHqHmau9TEyz6OHbmqPkhe+\nn7xy/DgDbTyFShj80G/YIMBKcQv08xrWTpy6yQHwz1TW7Vj3bHitiHeCsQSL51/D\nr65zKW7I/KzYyPJnMH/DSbwJgX9VX9o75Jw85byJ3bV9K9olFtyypJy1ONdmbP/9\nlcaUIk7Z8p0zLUJVb7IIRbhIs7gW+gF0kbft+9NMfQKCAQBMcM53OPTvj93JhLZn\nqE4Uu9neFnM/qxQ7yiklX8AhLMNiYnwKaH+Ln4rNL5/yWo5Ipolh0uNWGg/s29J5\nkAsJBE9UgMz7E+yQ1ubIZFYxt7kSExONZGmawgglhwJpEdXTRCBVf19rva20+Yhq\nauNXdZNrG1xVSl4W58wEsnLRV2BRNeS2os1/BAgxCIZFO74FhonrczwB9a1H6thw\nGjS1IqRlfsyypMKpbMd6XsIG75wHiO5xqSKXTKp0TbNcKJ3xLh/zXmbVfe1OuB4y\n+dG1quElnXs7ZFc0mcEkYl0OEojpdvVO+sukck3vHKunGc3yiBWr516FTmmf2vCi\nCiNVAoIBACJtVgFB2Bpvvck587f+/pK7d/MEvZdk5qDh/0IHlmndxeCe9O2209gb\ngsNiN2eQtBUqBctzbvOesXyUzGXNAuvJOcDbeYQVUTyNsjjFxpFfUmt4KlPBjHZL\nS2amfdPKeGfWQhIHpqzeu/Sq1Ea0w+ub0VMwyTmhWMqcvK5X0gjb4z1aUOWJz/Dz\niYbPDLhhQ502LKKHPr8SLAnR0QHveR7erZ75mQAhSPTDo8aRP+2AV+ITJfVyHyGS\n/kmN4JXZJZoTHnOgMHC2TiE4rNct8HsM95iWztqGkVZ6SYUsjocG7Zzq2d/3UwOY\nLS286pFYv2TtIGExurMPjnm+KgpUp90CggEAe1cPaK+KJRw+9OaCNuX7UwOFES+9\nuknILI6aYe0P5Csb6c+JyuUZMRGnang9w3h2YZRLQnm17ArkgbQOccEWjnrhcW17\nb8C+0uW86T7u8h4ihqA+sKf9i6z++7653qdGWzLOvJedvoCOke2/PnhLqhRdKyy7\nwXAlTz7STi1z2QAn7lpMngIpA86wTfcPBKVRJBE5UFHPsTar9uVWkP7+0H6KYjTZ\nCNaPxOSblZ3pOavNfTYmCuNrCNXIMGO2jlnSjjA6UcXSf98H3KXSHdYbwhRHOv2n\nznKmzOMCpOuuRhzzoS1PGeSOLHcDoz4a4DeU43Enn+p3rt116yoxv64JJA==\n-----END RSA PRIVATE KEY-----\n",
            "private_key_pem_pkcs8": "-----BEGIN PRIVATE KEY-----\nMIIJQQIBADANBgkqhkiG9w0BAQEFAASCCSswggknAgEAAoICAQDjYegMFaYBLeiF\napjY1Xvaf3W88bcnPG2ltrtNwTpU0oV65Ajtps946fOVOdoPfghU17WBMQ81yA5j\noW62M6kc0EjA2Rq6Kz2EXzojlR7DF5HBFZgs7b43SshI7r9jXrN1edA/jhRXl+hg\n4JAVvw27NgvwG2qnCQijnMB8Q21KgOeNtAjZyJOBZRHOnWx8gxvnsbQFUyjvm9TF\nBdg07nc47l0O1Pv6IRVpOFJ31gDrQBLk2Fm9WopfRTZ7khVwNK2y17mCMoQRuwWN\nXd0g6/sPMvdFbyuD4A6G9fYn2XQFNZpwXCQgk+HOAXjN8RRbbLayK8eK1ckcwQOA\nnyIeuim9aQASwRB8q/h3D21Zp0NxrK+ilH+a0/lXb1A01bB1VJzkPDcDPjlXrrhS\niCw+Cbf8c2yrW1XpW09ze7HZjSxQU6FHvJ5zYVR4P2ZfDwRpFEuyhbTRtqHq8tS5\n3NmtSN6+n9Hv1Pc/1TNG95QjLJCcgMUe5QBKVWsJgE9q9BVY7mATuHX2HoQzjvvT\nokisLr+ltJIn7qpvX1gwJs6Cji4/RruGS5FFRR716glhAjnfyTLfP/+PLrAMNvUH\nG8xkevLBHOq2+b6JSOw4UzhhJJ808f+hN9ew8kAKdeRHSf/pPAI+UaTtAzsJeacn\n14ghQEpiHFm6/Nm1E8WkRkt9MtwFMQIDAQABAoICABrHHvK9Ye1loKqFoTZ3/bv/\norf7p1whi7AmUuyXQu1WVY3haQPDz08oDh2W0I1ehFCpjqCGTIpC4x7slgMzFklk\nZg0ABFvEV9xM8qXaG+NR1UJt7pvr66jLT8b3BucG8g91pwa1DsQ6CY3PJGjLNSzE\n8qb2M5s0PyY1gZ2guzA4+gwAFcLAEk78vhodA/et4Q1qKg8uefWt3mLNi2bAZp33\nxFHI11vfpYvcrCmctEMAKrl0mSzpir4pgn8O9yNdsM8NBLXGiTMlWUQKt832vHxP\nvjsZGoDPVCaktLaAr18lruhokYCcqcz+82EdcQ5LQUC+UyOQhbyzJlxxYS1JMzz4\nTRfCIL4XVcTtpG+nPKVYc3No1QE8BY731jvy3vqUTaEEV7Vh167D7P889Cj2YCgi\nNISujfmiIa4pFTNNgc0y3GJc2cBvC6rgYvvsMygFdh2pErTXqDnesF21YQXdZeOz\npqaiS2KKQ3DqY/iZrWP3G2omkwITKkGmdDngKJaPp1VAkkEXIHRaAsKum8Ox7Cp0\nCLJl2VvpWoLvUdngRMt7rhn5Fdu0tawpgf2qkBTA2MJYeXYOZw27zD5aH2WNieT9\nJe4KrnRxao20ICfQvQswr496Dk5X00J1qs9qXae8hntqqa7zLOnCxprhzGSzXkrQ\nqsYoWhLqN/WEsTHJ/h+hAoIBAQD8CNjIfv2ziJnzOvJ3/ekC2G4QnkbjgKYtwIR+\ny2HNwb/F9vBCnkJUWNijPI9LNUocD70iw7OdAK7Vj0xg74JqZkqHkXbIinj/Qk9n\ncoQ+kO1PRf5iHQRNySVvJkoBQ+xwEwEqyzhPMg3q/0IOi2bEhdOGJaA2fPIybvqp\nV4IJ5MtykDHS1tpGQ0vpL/C43kkXy4x5LrS17XhMqJ6A9HUxOpTcEc0yfg1/8p4E\nVJiC+hM7AxPuh8adqF3gSxtxm3DBPZB1pKnMUAqsHD44fQpIrA0KRdeLdqNYoloa\nzuJldQUwuGoZHaSgCU2+h6dWKvPpJxdMX80O/ZPr0AtLeB3FAoIBAQDm9cPZG3j/\nVz5QwgyTw7CyCkpUxCMDjPWJ1I4jc6fiIXvUoDUpegbWgAJ8mxqXu1UwqoRgJ0Qi\nolhLAdV1TktVxiBkWKLhfhvGNygHILaTlepSnVTghi1UxJWhjZmYz6gCsLn17gqn\nLLOl7TWT52+Q4eoeZq71MTLPo4duao+SF76fvHL8OANtPIVKGPzQb9ggwEpxC/Tz\nGtZOnLrJAfDPVNbtWPdseK2Id4KxBIvnX8OvrnMpbsj8rNjI8mcwf8NJvAmBf1Vf\n2jvknDzlvIndtX0r2iUW3LKknLU412Zs//2VxpQiTtnynTMtQlVvsghFuEizuBb6\nAXSRt+3700x9AoIBAExwznc49O+P3cmEtmeoThS72d4Wcz+rFDvKKSVfwCEsw2Ji\nfApof4ufis0vn/JajkimiWHS41YaD+zb0nmQCwkET1SAzPsT7JDW5shkVjG3uRIT\nE41kaZrCCCWHAmkR1dNEIFV/X2u9rbT5iGpq41d1k2sbXFVKXhbnzASyctFXYFE1\n5LaizX8ECDEIhkU7vgWGietzPAH1rUfq2HAaNLUipGV+zLKkwqlsx3pewgbvnAeI\n7nGpIpdMqnRNs1wonfEuH/NeZtV97U64HjL50bWq4SWdeztkVzSZwSRiXQ4SiOl2\n9U76y6RyTe8cq6cZzfKIFavnXoVOaZ/a8KIKI1UCggEAIm1WAUHYGm+9yTnzt/7+\nkrt38wS9l2TmoOH/QgeWad3F4J707bbT2BuCw2I3Z5C0FSoFy3Nu856xfJTMZc0C\n68k5wNt5hBVRPI2yOMXGkV9Sa3gqU8GMdktLZqZ908p4Z9ZCEgemrN679KrURrTD\n65vRUzDJOaFYypy8rlfSCNvjPVpQ5YnP8POJhs8MuGFDnTYsooc+vxIsCdHRAe95\nHt6tnvmZACFI9MOjxpE/7YBX4hMl9XIfIZL+SY3gldklmhMec6AwcLZOITis1y3w\newz3mJbO2oaRVnpJhSyOhwbtnOrZ3/dTA5gtLbzqkVi/ZO0gYTG6sw+Oeb4qClSn\n3QKCAQB7Vw9or4olHD705oI25ftTA4URL726Scgsjpph7Q/kKxvpz4nK5RkxEadq\neD3DeHZhlEtCebXsCuSBtA5xwRaOeuFxbXtvwL7S5bzpPu7yHiKGoD6wp/2LrP77\nvrnep0ZbMs68l52+gI6R7b8+eEuqFF0rLLvBcCVPPtJOLXPZACfuWkyeAikDzrBN\n9w8EpVEkETlQUc+xNqv25VaQ/v7QfopiNNkI1o/E5JuVnek5q819NiYK42sI1cgw\nY7aOWdKOMDpRxdJ/3wfcpdId1hvCFEc6/afOcqbM4wKk665GHPOhLU8Z5I4sdwOj\nPhrgN5TjcSef6neu3XXrKjG/rgkk\n-----END PRIVATE KEY-----\n",
            "public_key_fingerprint_md5": "96:99:2b:5d:75:1b:1e:5a:20:cb:62:ed:2b:3d:71:a9",
            "public_key_fingerprint_sha256": "SHA256:cBgXxdpEOt1bxRXn1vJc/pTPZK7MGC3b0rQkIf8YFf8",
            "public_key_openssh": "ssh-rsa AAAAB3NzaC1yc2EAAAADAQABAAACAQDjYegMFaYBLeiFapjY1Xvaf3W88bcnPG2ltrtNwTpU0oV65Ajtps946fOVOdoPfghU17WBMQ81yA5joW62M6kc0EjA2Rq6Kz2EXzojlR7DF5HBFZgs7b43SshI7r9jXrN1edA/jhRXl+hg4JAVvw27NgvwG2qnCQijnMB8Q21KgOeNtAjZyJOBZRHOnWx8gxvnsbQFUyjvm9TFBdg07nc47l0O1Pv6IRVpOFJ31gDrQBLk2Fm9WopfRTZ7khVwNK2y17mCMoQRuwWNXd0g6/sPMvdFbyuD4A6G9fYn2XQFNZpwXCQgk+HOAXjN8RRbbLayK8eK1ckcwQOAnyIeuim9aQASwRB8q/h3D21Zp0NxrK+ilH+a0/lXb1A01bB1VJzkPDcDPjlXrrhSiCw+Cbf8c2yrW1XpW09ze7HZjSxQU6FHvJ5zYVR4P2ZfDwRpFEuyhbTRtqHq8tS53NmtSN6+n9Hv1Pc/1TNG95QjLJCcgMUe5QBKVWsJgE9q9BVY7mATuHX2HoQzjvvTokisLr+ltJIn7qpvX1gwJs6Cji4/RruGS5FFRR716glhAjnfyTLfP/+PLrAMNvUHG8xkevLBHOq2+b6JSOw4UzhhJJ808f+hN9ew8kAKdeRHSf/pPAI+UaTtAzsJeacn14ghQEpiHFm6/Nm1E8WkRkt9MtwFMQ==\n",
            "public_key_pem": "-----BEGIN PUBLIC KEY-----\nMIICIjANBgkqhkiG9w0BAQEFAAOCAg8AMIICCgKCAgEA42HoDBWmAS3ohWqY2NV7\n2n91vPG3Jzxtpba7TcE6VNKFeuQI7abPeOnzlTnaD34IVNe1gTEPNcgOY6FutjOp\nHNBIwNkauis9hF86I5UewxeRwRWYLO2+N0rISO6/Y16zdXnQP44UV5foYOCQFb8N\nuzYL8BtqpwkIo5zAfENtSoDnjbQI2ciTgWURzp1sfIMb57G0BVMo75vUxQXYNO53\nOO5dDtT7+iEVaThSd9YA60AS5NhZvVqKX0U2e5IVcDStste5gjKEEbsFjV3dIOv7\nDzL3RW8rg+AOhvX2J9l0BTWacFwkIJPhzgF4zfEUW2y2sivHitXJHMEDgJ8iHrop\nvWkAEsEQfKv4dw9tWadDcayvopR/mtP5V29QNNWwdVSc5Dw3Az45V664UogsPgm3\n/HNsq1tV6VtPc3ux2Y0sUFOhR7yec2FUeD9mXw8EaRRLsoW00bah6vLUudzZrUje\nvp/R79T3P9UzRveUIyyQnIDFHuUASlVrCYBPavQVWO5gE7h19h6EM47706JIrC6/\npbSSJ+6qb19YMCbOgo4uP0a7hkuRRUUe9eoJYQI538ky3z//jy6wDDb1BxvMZHry\nwRzqtvm+iUjsOFM4YSSfNPH/oTfXsPJACnXkR0n/6TwCPlGk7QM7CXmnJ9eIIUBK\nYhxZuvzZtRPFpEZLfTLcBTECAwEAAQ==\n-----END PUBLIC KEY-----\n",
            "rsa_bits": 4096
          },
          "sensitive_attributes": [
            [
              {
                "type": "get_attr",
                "value": "private_key_openssh"
              }
            ],
            [
              {
                "type": "get_attr",
                "value": "private_key_pem"
              }
            ],
            [
              {
                "type": "get_attr",
                "value": "private_key_pem_pkcs8"
              }
            ]
          ],
          "identity_schema_version": 0
        }
      ]
    }
  ],
  "check_results": null
}
