{
  "version": 4,
  "terraform_version": "1.12.2",
  "serial": 201,
  "lineage": "6675e915-f3a6-cc52-a089-639f57176202",
  "outputs": {
    "admin_be_private_ip": {
      "value": "10.30.2.34",
      "type": "string"
    },
    "admin_fe_private_ip": {
      "value": "10.30.0.54",
      "type": "string"
    },
    "admin_fe_public_ip": {
      "value": "52.78.200.168",
      "type": "string"
    },
    "connect_ssh_admin_fe": {
      "value": "ssh -i ./id_delivery-app ubuntu@52.78.200.168",
      "type": "string"
    },
    "connect_ssh_customer_fe": {
      "value": "ssh -i ./id_delivery-app ubuntu@3.38.202.175",
      "type": "string"
    },
    "customer_fe_public_ip": {
      "value": "3.38.202.175",
      "type": "string"
    },
    "main_be_private_ip": {
      "value": "10.30.3.254",
      "type": "string"
    },
    "ssh_private_key_path": {
      "value": "./id_delivery-app",
      "type": "string"
    },
    "ssh_user": {
      "value": "ubuntu",
      "type": "string"
    }
  },
  "resources": [
    {
      "mode": "data",
      "type": "aws_ami",
      "name": "ubuntu",
      "provider": "provider[\"registry.terraform.io/hashicorp/aws\"]",
      "instances": [
        {
          "schema_version": 0,
          "attributes": {
            "architecture": "x86_64",
            "arn": "arn:aws:ec2:ap-northeast-2::image/ami-0a71e3eb8b23101ed",
            "block_device_mappings": [
              {
                "device_name": "/dev/sda1",
                "ebs": {
                  "delete_on_termination": "true",
                  "encrypted": "false",
                  "iops": "0",
                  "snapshot_id": "snap-0aa098f3678e6f148",
                  "throughput": "0",
                  "volume_initialization_rate": "0",
                  "volume_size": "8",
                  "volume_type": "gp3"
                },
                "no_device": "",
                "virtual_name": ""
              },
              {
                "device_name": "/dev/sdb",
                "ebs": {},
                "no_device": "",
                "virtual_name": "ephemeral0"
              },
              {
                "device_name": "/dev/sdc",
                "ebs": {},
                "no_device": "",
                "virtual_name": "ephemeral1"
              }
            ],
            "boot_mode": "uefi-preferred",
            "creation_date": "2025-10-22T10:50:08.000Z",
            "deprecation_time": "2027-10-22T10:50:08.000Z",
            "description": "Canonical, Ubuntu, 24.04, amd64 noble image",
            "ena_support": true,
            "executable_users": null,
            "filter": [
              {
                "name": "name",
                "values": [
                  "ubuntu/images/hvm-ssd-gp3/ubuntu-noble-24.04-amd64-server-*"
                ]
              }
            ],
            "hypervisor": "xen",
            "id": "ami-0a71e3eb8b23101ed",
            "image_id": "ami-0a71e3eb8b23101ed",
            "image_location": "amazon/ubuntu/images/hvm-ssd-gp3/ubuntu-noble-24.04-amd64-server-20251022",
            "image_owner_alias": "amazon",
            "image_type": "machine",
            "imds_support": "v2.0",
            "include_deprecated": false,
            "kernel_id": "",
            "last_launched_time": "",
            "most_recent": true,
            "name": "ubuntu/images/hvm-ssd-gp3/ubuntu-noble-24.04-amd64-server-20251022",
            "name_regex": null,
            "owner_id": "099720109477",
            "owners": [
              "099720109477"
            ],
            "platform": "",
            "platform_details": "Linux/UNIX",
            "product_codes": [],
            "public": true,
            "ramdisk_id": "",
            "root_device_name": "/dev/sda1",
            "root_device_type": "ebs",
            "root_snapshot_id": "snap-0aa098f3678e6f148",
            "sriov_net_support": "simple",
            "state": "available",
            "state_reason": {
              "code": "UNSET",
              "message": "UNSET"
            },
            "tags": {},
            "timeouts": null,
            "tpm_support": "",
            "uefi_data": null,
            "usage_operation": "RunInstances",
            "virtualization_type": "hvm"
          },
          "sensitive_attributes": [],
          "identity_schema_version": 0
        }
      ]
    },
    {
      "mode": "data",
      "type": "aws_availability_zones",
      "name": "available",
      "provider": "provider[\"registry.terraform.io/hashicorp/aws\"]",
      "instances": [
        {
          "schema_version": 0,
          "attributes": {
            "all_availability_zones": null,
            "exclude_names": null,
            "exclude_zone_ids": null,
            "filter": null,
            "group_names": [
              "ap-northeast-2-zg-1"
            ],
            "id": "ap-northeast-2",
            "names": [
              "ap-northeast-2a",
              "ap-northeast-2b",
              "ap-northeast-2c",
              "ap-northeast-2d"
            ],
            "state": "available",
            "timeouts": null,
            "zone_ids": [
              "apne2-az1",
              "apne2-az2",
              "apne2-az3",
              "apne2-az4"
            ]
          },
          "sensitive_attributes": [],
          "identity_schema_version": 0
        }
      ]
    },
    {
      "mode": "managed",
      "type": "aws_eip",
      "name": "nat",
      "provider": "provider[\"registry.terraform.io/hashicorp/aws\"]",
      "instances": [
        {
          "schema_version": 0,
          "attributes": {
            "address": null,
            "allocation_id": "eipalloc-0ffd7936c28ce574c",
            "arn": "arn:aws:ec2:ap-northeast-2:645608561450:elastic-ip/eipalloc-0ffd7936c28ce574c",
            "associate_with_private_ip": null,
            "association_id": "eipassoc-0fc4907abfecc5b53",
            "carrier_ip": "",
            "customer_owned_ip": "",
            "customer_owned_ipv4_pool": "",
            "domain": "vpc",
            "id": "eipalloc-0ffd7936c28ce574c",
            "instance": "",
            "ipam_pool_id": null,
            "network_border_group": "ap-northeast-2",
            "network_interface": "eni-06843a11ab031c32e",
            "private_dns": "ip-10-30-0-8.ap-northeast-2.compute.internal",
            "private_ip": "10.30.0.8",
            "ptr_record": "",
            "public_dns": "ec2-3-39-2-200.ap-northeast-2.compute.amazonaws.com",
            "public_ip": "3.39.2.200",
            "public_ipv4_pool": "amazon",
            "tags": {
              "Name": "delivery-app-nat-eip"
            },
            "tags_all": {
              "Name": "delivery-app-nat-eip"
            },
            "timeouts": null,
            "vpc": true
          },
          "sensitive_attributes": [],
          "identity_schema_version": 0,
          "private": "eyJlMmJmYjczMC1lY2FhLTExZTYtOGY4OC0zNDM2M2JjN2M0YzAiOnsiZGVsZXRlIjoxODAwMDAwMDAwMDAsInJlYWQiOjkwMDAwMDAwMDAwMCwidXBkYXRlIjozMDAwMDAwMDAwMDB9fQ=="
        }
      ]
    },
    {
      "mode": "managed",
      "type": "aws_instance",
      "name": "admin_be",
      "provider": "provider[\"registry.terraform.io/hashicorp/aws\"]",
      "instances": [
        {
          "schema_version": 1,
          "attributes": {
            "ami": "ami-0a71e3eb8b23101ed",
            "arn": "arn:aws:ec2:ap-northeast-2:645608561450:instance/i-0be620f05753b5cd7",
            "associate_public_ip_address": false,
            "availability_zone": "ap-northeast-2a",
            "capacity_reservation_specification": [
              {
                "capacity_reservation_preference": "open",
                "capacity_reservation_target": []
              }
            ],
            "cpu_core_count": 1,
            "cpu_options": [
              {
                "amd_sev_snp": "",
                "core_count": 1,
                "threads_per_core": 2
              }
            ],
            "cpu_threads_per_core": 2,
            "credit_specification": [
              {
                "cpu_credits": "unlimited"
              }
            ],
            "disable_api_stop": false,
            "disable_api_termination": false,
            "ebs_block_device": [],
            "ebs_optimized": false,
            "enable_primary_ipv6": null,
            "enclave_options": [
              {
                "enabled": false
              }
            ],
            "ephemeral_block_device": [],
            "get_password_data": false,
            "hibernation": false,
            "host_id": "",
            "host_resource_group_arn": null,
            "iam_instance_profile": "",
            "id": "i-0be620f05753b5cd7",
            "instance_initiated_shutdown_behavior": "stop",
            "instance_lifecycle": "",
            "instance_market_options": [],
            "instance_state": "running",
            "instance_type": "t3.small",
            "ipv6_address_count": 0,
            "ipv6_addresses": [],
            "key_name": "delivery-app-kp",
            "launch_template": [],
            "maintenance_options": [
              {
                "auto_recovery": "default"
              }
            ],
            "metadata_options": [
              {
                "http_endpoint": "enabled",
                "http_protocol_ipv6": "disabled",
                "http_put_response_hop_limit": 2,
                "http_tokens": "required",
                "instance_metadata_tags": "disabled"
              }
            ],
            "monitoring": false,
            "network_interface": [],
            "outpost_arn": "",
            "password_data": "",
            "placement_group": "",
            "placement_partition_number": 0,
            "primary_network_interface_id": "eni-0531369a11cb0ae6d",
            "private_dns": "ip-10-30-2-34.ap-northeast-2.compute.internal",
            "private_dns_name_options": [
              {
                "enable_resource_name_dns_a_record": false,
                "enable_resource_name_dns_aaaa_record": false,
                "hostname_type": "ip-name"
              }
            ],
            "private_ip": "10.30.2.34",
            "public_dns": "",
            "public_ip": "",
            "root_block_device": [
              {
                "delete_on_termination": true,
                "device_name": "/dev/sda1",
                "encrypted": false,
                "iops": 3000,
                "kms_key_id": "",
                "tags": {},
                "tags_all": {},
                "throughput": 125,
                "volume_id": "vol-0a4a02118d719d542",
                "volume_size": 8,
                "volume_type": "gp3"
              }
            ],
            "secondary_private_ips": [],
            "security_groups": [],
            "source_dest_check": true,
            "spot_instance_request_id": "",
            "subnet_id": "subnet-0bcb81ce83a5230bf",
            "tags": {
              "Name": "delivery-app-admin-be"
            },
            "tags_all": {
              "Name": "delivery-app-admin-be"
            },
            "tenancy": "default",
            "timeouts": null,
            "user_data": null,
            "user_data_base64": null,
            "user_data_replace_on_change": false,
            "volume_tags": null,
            "vpc_security_group_ids": [
              "sg-08a5ec1558f4fe9ba"
            ]
          },
          "sensitive_attributes": [],
          "identity_schema_version": 0,
          "private": "eyJlMmJmYjczMC1lY2FhLTExZTYtOGY4OC0zNDM2M2JjN2M0YzAiOnsiY3JlYXRlIjo2MDAwMDAwMDAwMDAsImRlbGV0ZSI6MTIwMDAwMDAwMDAwMCwicmVhZCI6OTAwMDAwMDAwMDAwLCJ1cGRhdGUiOjYwMDAwMDAwMDAwMH0sInNjaGVtYV92ZXJzaW9uIjoiMSJ9",
          "dependencies": [
            "aws_key_pair.kp",
            "aws_security_group.be",
            "aws_security_group.fe",
            "aws_subnet.private",
            "aws_vpc.main",
            "data.aws_ami.ubuntu",
            "data.aws_availability_zones.available",
            "tls_private_key.ssh"
          ]
        }
      ]
    },
    {
      "mode": "managed",
      "type": "aws_instance",
      "name": "admin_fe",
      "provider": "provider[\"registry.terraform.io/hashicorp/aws\"]",
      "instances": [
        {
          "schema_version": 1,
          "attributes": {
            "ami": "ami-0a71e3eb8b23101ed",
            "arn": "arn:aws:ec2:ap-northeast-2:645608561450:instance/i-0c67f895feaa34c30",
            "associate_public_ip_address": true,
            "availability_zone": "ap-northeast-2a",
            "capacity_reservation_specification": [
              {
                "capacity_reservation_preference": "open",
                "capacity_reservation_target": []
              }
            ],
            "cpu_core_count": 1,
            "cpu_options": [
              {
                "amd_sev_snp": "",
                "core_count": 1,
                "threads_per_core": 2
              }
            ],
            "cpu_threads_per_core": 2,
            "credit_specification": [
              {
                "cpu_credits": "unlimited"
              }
            ],
            "disable_api_stop": false,
            "disable_api_termination": false,
            "ebs_block_device": [],
            "ebs_optimized": false,
            "enable_primary_ipv6": null,
            "enclave_options": [
              {
                "enabled": false
              }
            ],
            "ephemeral_block_device": [],
            "get_password_data": false,
            "hibernation": false,
            "host_id": "",
            "host_resource_group_arn": null,
            "iam_instance_profile": "",
            "id": "i-0c67f895feaa34c30",
            "instance_initiated_shutdown_behavior": "stop",
            "instance_lifecycle": "",
            "instance_market_options": [],
            "instance_state": "running",
            "instance_type": "t3.small",
            "ipv6_address_count": 0,
            "ipv6_addresses": [],
            "key_name": "delivery-app-kp",
            "launch_template": [],
            "maintenance_options": [
              {
                "auto_recovery": "default"
              }
            ],
            "metadata_options": [
              {
                "http_endpoint": "enabled",
                "http_protocol_ipv6": "disabled",
                "http_put_response_hop_limit": 2,
                "http_tokens": "required",
                "instance_metadata_tags": "disabled"
              }
            ],
            "monitoring": false,
            "network_interface": [],
            "outpost_arn": "",
            "password_data": "",
            "placement_group": "",
            "placement_partition_number": 0,
            "primary_network_interface_id": "eni-00e003c3e82c537db",
            "private_dns": "ip-10-30-0-54.ap-northeast-2.compute.internal",
            "private_dns_name_options": [
              {
                "enable_resource_name_dns_a_record": false,
                "enable_resource_name_dns_aaaa_record": false,
                "hostname_type": "ip-name"
              }
            ],
            "private_ip": "10.30.0.54",
            "public_dns": "ec2-52-78-200-168.ap-northeast-2.compute.amazonaws.com",
            "public_ip": "52.78.200.168",
            "root_block_device": [
              {
                "delete_on_termination": true,
                "device_name": "/dev/sda1",
                "encrypted": false,
                "iops": 3000,
                "kms_key_id": "",
                "tags": {},
                "tags_all": {},
                "throughput": 125,
                "volume_id": "vol-04d2dc1232200e810",
                "volume_size": 8,
                "volume_type": "gp3"
              }
            ],
            "secondary_private_ips": [],
            "security_groups": [],
            "source_dest_check": true,
            "spot_instance_request_id": "",
            "subnet_id": "subnet-0f9511c523615532c",
            "tags": {
              "Name": "delivery-app-admin-fe"
            },
            "tags_all": {
              "Name": "delivery-app-admin-fe"
            },
            "tenancy": "default",
            "timeouts": null,
            "user_data": null,
            "user_data_base64": null,
            "user_data_replace_on_change": false,
            "volume_tags": null,
            "vpc_security_group_ids": [
              "sg-01c8c734abfb7710b"
            ]
          },
          "sensitive_attributes": [],
          "identity_schema_version": 0,
          "private": "eyJlMmJmYjczMC1lY2FhLTExZTYtOGY4OC0zNDM2M2JjN2M0YzAiOnsiY3JlYXRlIjo2MDAwMDAwMDAwMDAsImRlbGV0ZSI6MTIwMDAwMDAwMDAwMCwicmVhZCI6OTAwMDAwMDAwMDAwLCJ1cGRhdGUiOjYwMDAwMDAwMDAwMH0sInNjaGVtYV92ZXJzaW9uIjoiMSJ9",
          "dependencies": [
            "aws_key_pair.kp",
            "aws_security_group.fe",
            "aws_subnet.public",
            "aws_vpc.main",
            "data.aws_ami.ubuntu",
            "data.aws_availability_zones.available",
            "tls_private_key.ssh"
          ]
        }
      ]
    },
    {
      "mode": "managed",
      "type": "aws_instance",
      "name": "customer_fe",
      "provider": "provider[\"registry.terraform.io/hashicorp/aws\"]",
      "instances": [
        {
          "schema_version": 1,
          "attributes": {
            "ami": "ami-0a71e3eb8b23101ed",
            "arn": "arn:aws:ec2:ap-northeast-2:645608561450:instance/i-080a9dbbfca49ee9a",
            "associate_public_ip_address": true,
            "availability_zone": "ap-northeast-2b",
            "capacity_reservation_specification": [
              {
                "capacity_reservation_preference": "open",
                "capacity_reservation_target": []
              }
            ],
            "cpu_core_count": 1,
            "cpu_options": [
              {
                "amd_sev_snp": "",
                "core_count": 1,
                "threads_per_core": 2
              }
            ],
            "cpu_threads_per_core": 2,
            "credit_specification": [
              {
                "cpu_credits": "unlimited"
              }
            ],
            "disable_api_stop": false,
            "disable_api_termination": false,
            "ebs_block_device": [],
            "ebs_optimized": false,
            "enable_primary_ipv6": null,
            "enclave_options": [
              {
                "enabled": false
              }
            ],
            "ephemeral_block_device": [],
            "get_password_data": false,
            "hibernation": false,
            "host_id": "",
            "host_resource_group_arn": null,
            "iam_instance_profile": "",
            "id": "i-080a9dbbfca49ee9a",
            "instance_initiated_shutdown_behavior": "stop",
            "instance_lifecycle": "",
            "instance_market_options": [],
            "instance_state": "running",
            "instance_type": "t3.small",
            "ipv6_address_count": 0,
            "ipv6_addresses": [],
            "key_name": "delivery-app-kp",
            "launch_template": [],
            "maintenance_options": [
              {
                "auto_recovery": "default"
              }
            ],
            "metadata_options": [
              {
                "http_endpoint": "enabled",
                "http_protocol_ipv6": "disabled",
                "http_put_response_hop_limit": 2,
                "http_tokens": "required",
                "instance_metadata_tags": "disabled"
              }
            ],
            "monitoring": false,
            "network_interface": [],
            "outpost_arn": "",
            "password_data": "",
            "placement_group": "",
            "placement_partition_number": 0,
            "primary_network_interface_id": "eni-0742e5306fa834004",
            "private_dns": "ip-10-30-1-104.ap-northeast-2.compute.internal",
            "private_dns_name_options": [
              {
                "enable_resource_name_dns_a_record": false,
                "enable_resource_name_dns_aaaa_record": false,
                "hostname_type": "ip-name"
              }
            ],
            "private_ip": "10.30.1.104",
            "public_dns": "ec2-3-38-202-175.ap-northeast-2.compute.amazonaws.com",
            "public_ip": "3.38.202.175",
            "root_block_device": [
              {
                "delete_on_termination": true,
                "device_name": "/dev/sda1",
                "encrypted": false,
                "iops": 3000,
                "kms_key_id": "",
                "tags": {},
                "tags_all": {},
                "throughput": 125,
                "volume_id": "vol-08c7fd72b3d9e9c52",
                "volume_size": 8,
                "volume_type": "gp3"
              }
            ],
            "secondary_private_ips": [],
            "security_groups": [],
            "source_dest_check": true,
            "spot_instance_request_id": "",
            "subnet_id": "subnet-094b1db921858407a",
            "tags": {
              "Name": "delivery-app-customer-fe"
            },
            "tags_all": {
              "Name": "delivery-app-customer-fe"
            },
            "tenancy": "default",
            "timeouts": null,
            "user_data": null,
            "user_data_base64": null,
            "user_data_replace_on_change": false,
            "volume_tags": null,
            "vpc_security_group_ids": [
              "sg-01c8c734abfb7710b"
            ]
          },
          "sensitive_attributes": [],
          "identity_schema_version": 0,
          "private": "eyJlMmJmYjczMC1lY2FhLTExZTYtOGY4OC0zNDM2M2JjN2M0YzAiOnsiY3JlYXRlIjo2MDAwMDAwMDAwMDAsImRlbGV0ZSI6MTIwMDAwMDAwMDAwMCwicmVhZCI6OTAwMDAwMDAwMDAwLCJ1cGRhdGUiOjYwMDAwMDAwMDAwMH0sInNjaGVtYV92ZXJzaW9uIjoiMSJ9",
          "dependencies": [
            "aws_key_pair.kp",
            "aws_security_group.fe",
            "aws_subnet.public",
            "aws_vpc.main",
            "data.aws_ami.ubuntu",
            "data.aws_availability_zones.available",
            "tls_private_key.ssh"
          ]
        }
      ]
    },
    {
      "mode": "managed",
      "type": "aws_instance",
      "name": "main_be",
      "provider": "provider[\"registry.terraform.io/hashicorp/aws\"]",
      "instances": [
        {
          "schema_version": 1,
          "attributes": {
            "ami": "ami-0a71e3eb8b23101ed",
            "arn": "arn:aws:ec2:ap-northeast-2:645608561450:instance/i-0b3336ed5c03db4dc",
            "associate_public_ip_address": false,
            "availability_zone": "ap-northeast-2b",
            "capacity_reservation_specification": [
              {
                "capacity_reservation_preference": "open",
                "capacity_reservation_target": []
              }
            ],
            "cpu_core_count": 1,
            "cpu_options": [
              {
                "amd_sev_snp": "",
                "core_count": 1,
                "threads_per_core": 2
              }
            ],
            "cpu_threads_per_core": 2,
            "credit_specification": [
              {
                "cpu_credits": "unlimited"
              }
            ],
            "disable_api_stop": false,
            "disable_api_termination": false,
            "ebs_block_device": [],
            "ebs_optimized": false,
            "enable_primary_ipv6": null,
            "enclave_options": [
              {
                "enabled": false
              }
            ],
            "ephemeral_block_device": [],
            "get_password_data": false,
            "hibernation": false,
            "host_id": "",
            "host_resource_group_arn": null,
            "iam_instance_profile": "",
            "id": "i-0b3336ed5c03db4dc",
            "instance_initiated_shutdown_behavior": "stop",
            "instance_lifecycle": "",
            "instance_market_options": [],
            "instance_state": "running",
            "instance_type": "t3.small",
            "ipv6_address_count": 0,
            "ipv6_addresses": [],
            "key_name": "delivery-app-kp",
            "launch_template": [],
            "maintenance_options": [
              {
                "auto_recovery": "default"
              }
            ],
            "metadata_options": [
              {
                "http_endpoint": "enabled",
                "http_protocol_ipv6": "disabled",
                "http_put_response_hop_limit": 2,
                "http_tokens": "required",
                "instance_metadata_tags": "disabled"
              }
            ],
            "monitoring": false,
            "network_interface": [],
            "outpost_arn": "",
            "password_data": "",
            "placement_group": "",
            "placement_partition_number": 0,
            "primary_network_interface_id": "eni-0bb2e7b8b12c480e4",
            "private_dns": "ip-10-30-3-254.ap-northeast-2.compute.internal",
            "private_dns_name_options": [
              {
                "enable_resource_name_dns_a_record": false,
                "enable_resource_name_dns_aaaa_record": false,
                "hostname_type": "ip-name"
              }
            ],
            "private_ip": "10.30.3.254",
            "public_dns": "",
            "public_ip": "",
            "root_block_device": [
              {
                "delete_on_termination": true,
                "device_name": "/dev/sda1",
                "encrypted": false,
                "iops": 3000,
                "kms_key_id": "",
                "tags": {},
                "tags_all": {},
                "throughput": 125,
                "volume_id": "vol-047916224cb02e040",
                "volume_size": 8,
                "volume_type": "gp3"
              }
            ],
            "secondary_private_ips": [],
            "security_groups": [],
            "source_dest_check": true,
            "spot_instance_request_id": "",
            "subnet_id": "subnet-0a85b3b3778c5cd88",
            "tags": {
              "Name": "delivery-app-main-be"
            },
            "tags_all": {
              "Name": "delivery-app-main-be"
            },
            "tenancy": "default",
            "timeouts": null,
            "user_data": null,
            "user_data_base64": null,
            "user_data_replace_on_change": false,
            "volume_tags": null,
            "vpc_security_group_ids": [
              "sg-08a5ec1558f4fe9ba"
            ]
          },
          "sensitive_attributes": [],
          "identity_schema_version": 0,
          "private": "eyJlMmJmYjczMC1lY2FhLTExZTYtOGY4OC0zNDM2M2JjN2M0YzAiOnsiY3JlYXRlIjo2MDAwMDAwMDAwMDAsImRlbGV0ZSI6MTIwMDAwMDAwMDAwMCwicmVhZCI6OTAwMDAwMDAwMDAwLCJ1cGRhdGUiOjYwMDAwMDAwMDAwMH0sInNjaGVtYV92ZXJzaW9uIjoiMSJ9",
          "dependencies": [
            "aws_key_pair.kp",
            "aws_security_group.be",
            "aws_security_group.fe",
            "aws_subnet.private",
            "aws_vpc.main",
            "data.aws_ami.ubuntu",
            "data.aws_availability_zones.available",
            "tls_private_key.ssh"
          ]
        }
      ]
    },
    {
      "mode": "managed",
      "type": "aws_internet_gateway",
      "name": "igw",
      "provider": "provider[\"registry.terraform.io/hashicorp/aws\"]",
      "instances": [
        {
          "schema_version": 0,
          "attributes": {
            "arn": "arn:aws:ec2:ap-northeast-2:645608561450:internet-gateway/igw-0faf2e0aeb7f44bfd",
            "id": "igw-0faf2e0aeb7f44bfd",
            "owner_id": "645608561450",
            "tags": {
              "Name": "delivery-app-igw"
            },
            "tags_all": {
              "Name": "delivery-app-igw"
            },
            "timeouts": null,
            "vpc_id": "vpc-0d14459d358800b84"
          },
          "sensitive_attributes": [],
          "identity_schema_version": 0,
          "private": "eyJlMmJmYjczMC1lY2FhLTExZTYtOGY4OC0zNDM2M2JjN2M0YzAiOnsiY3JlYXRlIjoxMjAwMDAwMDAwMDAwLCJkZWxldGUiOjEyMDAwMDAwMDAwMDAsInVwZGF0ZSI6MTIwMDAwMDAwMDAwMH19",
          "dependencies": [
            "aws_vpc.main"
          ]
        }
      ]
    },
    {
      "mode": "managed",
      "type": "aws_key_pair",
      "name": "kp",
      "provider": "provider[\"registry.terraform.io/hashicorp/aws\"]",
      "instances": [
        {
          "schema_version": 1,
          "attributes": {
            "arn": "arn:aws:ec2:ap-northeast-2:645608561450:key-pair/delivery-app-kp",
            "fingerprint": "6e:d3:42:4a:ee:73:c5:52:cc:d8:e0:a9:68:e7:55:82",
            "id": "delivery-app-kp",
            "key_name": "delivery-app-kp",
            "key_name_prefix": "",
            "key_pair_id": "key-09d69924c21d50526",
            "key_type": "rsa",
            "public_key": "ssh-rsa AAAAB3NzaC1yc2EAAAADAQABAAACAQDBZApEI2rgRJayWBUJ1J+2INbAJ5/Yv7eEWAdK3nIAIRWeR/iamI0Gs1K/CHIVODHcXDp9nZ6t9jc8WgmfXc19UxocapvKPLOjlSak30qBjWyZSytZyhInyQ1q2NKmTwOJ6x3YAXxqQR4kf4CeFfIcTUDFYwye3ZaqQ/AkrzFOseEOHeEMOFKZbydosOi9rAretwWYpLklKwBEw38tq/W8MraPgFuYlYFYzfkuzMWLfcgFXkzf6wQIkYos7QquvwxAJgjm8rqJeBYRpDBH7gAu35QiWxqgIPDPOFBix2Am/UqS0v1+S41t4v3bTagSh8CUnfh1IOVEgrhGzFuDZaYzH/F0owCOeKBFBbcUnuKz5/tajJzNHc7scG0HHeRiielm84OV2vrf6WFvNEz6Svf0w8byDIEqvcdnXY7eVJHBpzd7tOlw/AC1oeXACamRtHJaXDasdbtZTR22yDxZ3JOJ+SUZeyDzp7JKxYfkJjjJrZ23pivfrwWOyZrml8O1BbofxGX3ePMSPfsLdpyVfAA38p9I8RP0jB+K5BO5CNzD8qZAiXxa6ThhCKHyD5ZyTbrlfsxcqexCQaKNYac2W347MJDFO1cPbjJe94LMWGebB3MBHUtpKLAhoYX7eZIRxhG88Kv3BpK92XZQsVpjBzLsIdIIsiFTp6geH+5uj098sQ==",
            "tags": {},
            "tags_all": {}
          },
          "sensitive_attributes": [],
          "identity_schema_version": 0,
          "private": "eyJzY2hlbWFfdmVyc2lvbiI6IjEifQ==",
          "dependencies": [
            "tls_private_key.ssh"
          ]
        }
      ]
    },
    {
      "mode": "managed",
      "type": "aws_nat_gateway",
      "name": "nat",
      "provider": "provider[\"registry.terraform.io/hashicorp/aws\"]",
      "instances": [
        {
          "schema_version": 0,
          "attributes": {
            "allocation_id": "eipalloc-0ffd7936c28ce574c",
            "association_id": "eipassoc-0fc4907abfecc5b53",
            "connectivity_type": "public",
            "id": "nat-0fdc5f7a0ee529cc2",
            "network_interface_id": "eni-06843a11ab031c32e",
            "private_ip": "10.30.0.8",
            "public_ip": "3.39.2.200",
            "secondary_allocation_ids": [],
            "secondary_private_ip_address_count": 0,
            "secondary_private_ip_addresses": [],
            "subnet_id": "subnet-0f9511c523615532c",
            "tags": {
              "Name": "delivery-app-nat-gw"
            },
            "tags_all": {
              "Name": "delivery-app-nat-gw"
            },
            "timeouts": null
          },
          "sensitive_attributes": [],
          "identity_schema_version": 0,
          "private": "eyJlMmJmYjczMC1lY2FhLTExZTYtOGY4OC0zNDM2M2JjN2M0YzAiOnsiY3JlYXRlIjo2MDAwMDAwMDAwMDAsImRlbGV0ZSI6MTgwMDAwMDAwMDAwMCwidXBkYXRlIjo2MDAwMDAwMDAwMDB9fQ==",
          "dependencies": [
            "aws_eip.nat",
            "aws_internet_gateway.igw",
            "aws_subnet.public",
            "aws_vpc.main",
            "data.aws_availability_zones.available"
          ]
        }
      ]
    },
    {
      "mode": "managed",
      "type": "aws_route_table",
      "name": "private",
      "provider": "provider[\"registry.terraform.io/hashicorp/aws\"]",
      "instances": [
        {
          "schema_version": 0,
          "attributes": {
            "arn": "arn:aws:ec2:ap-northeast-2:645608561450:route-table/rtb-0de1c8924100a5468",
            "id": "rtb-0de1c8924100a5468",
            "owner_id": "645608561450",
            "propagating_vgws": [],
            "route": [
              {
                "carrier_gateway_id": "",
                "cidr_block": "0.0.0.0/0",
                "core_network_arn": "",
                "destination_prefix_list_id": "",
                "egress_only_gateway_id": "",
                "gateway_id": "",
                "ipv6_cidr_block": "",
                "local_gateway_id": "",
                "nat_gateway_id": "nat-0fdc5f7a0ee529cc2",
                "network_interface_id": "",
                "transit_gateway_id": "",
                "vpc_endpoint_id": "",
                "vpc_peering_connection_id": ""
              }
            ],
            "tags": {
              "Name": "delivery-app-private-rt"
            },
            "tags_all": {
              "Name": "delivery-app-private-rt"
            },
            "timeouts": null,
            "vpc_id": "vpc-0d14459d358800b84"
          },
          "sensitive_attributes": [],
          "identity_schema_version": 0,
          "private": "eyJlMmJmYjczMC1lY2FhLTExZTYtOGY4OC0zNDM2M2JjN2M0YzAiOnsiY3JlYXRlIjozMDAwMDAwMDAwMDAsImRlbGV0ZSI6MzAwMDAwMDAwMDAwLCJ1cGRhdGUiOjEyMDAwMDAwMDAwMH19",
          "dependencies": [
            "aws_eip.nat",
            "aws_internet_gateway.igw",
            "aws_nat_gateway.nat",
            "aws_subnet.public",
            "aws_vpc.main",
            "data.aws_availability_zones.available"
          ]
        }
      ]
    },
    {
      "mode": "managed",
      "type": "aws_route_table",
      "name": "public",
      "provider": "provider[\"registry.terraform.io/hashicorp/aws\"]",
      "instances": [
        {
          "schema_version": 0,
          "attributes": {
            "arn": "arn:aws:ec2:ap-northeast-2:645608561450:route-table/rtb-0a6d8769bc23f5041",
            "id": "rtb-0a6d8769bc23f5041",
            "owner_id": "645608561450",
            "propagating_vgws": [],
            "route": [
              {
                "carrier_gateway_id": "",
                "cidr_block": "0.0.0.0/0",
                "core_network_arn": "",
                "destination_prefix_list_id": "",
                "egress_only_gateway_id": "",
                "gateway_id": "igw-0faf2e0aeb7f44bfd",
                "ipv6_cidr_block": "",
                "local_gateway_id": "",
                "nat_gateway_id": "",
                "network_interface_id": "",
                "transit_gateway_id": "",
                "vpc_endpoint_id": "",
                "vpc_peering_connection_id": ""
              }
            ],
            "tags": {
              "Name": "delivery-app-public-rt"
            },
            "tags_all": {
              "Name": "delivery-app-public-rt"
            },
            "timeouts": null,
            "vpc_id": "vpc-0d14459d358800b84"
          },
          "sensitive_attributes": [],
          "identity_schema_version": 0,
          "private": "eyJlMmJmYjczMC1lY2FhLTExZTYtOGY4OC0zNDM2M2JjN2M0YzAiOnsiY3JlYXRlIjozMDAwMDAwMDAwMDAsImRlbGV0ZSI6MzAwMDAwMDAwMDAwLCJ1cGRhdGUiOjEyMDAwMDAwMDAwMH19",
          "dependencies": [
            "aws_internet_gateway.igw",
            "aws_vpc.main"
          ]
        }
      ]
    },
    {
      "mode": "managed",
      "type": "aws_route_table_association",
      "name": "private_assoc",
      "provider": "provider[\"registry.terraform.io/hashicorp/aws\"]",
      "instances": [
        {
          "index_key": 0,
          "schema_version": 0,
          "attributes": {
            "gateway_id": "",
            "id": "rtbassoc-0f15cc18154d3d0ec",
            "route_table_id": "rtb-0de1c8924100a5468",
            "subnet_id": "subnet-0bcb81ce83a5230bf",
            "timeouts": null
          },
          "sensitive_attributes": [],
          "identity_schema_version": 0,
          "private": "eyJlMmJmYjczMC1lY2FhLTExZTYtOGY4OC0zNDM2M2JjN2M0YzAiOnsiY3JlYXRlIjozMDAwMDAwMDAwMDAsImRlbGV0ZSI6MzAwMDAwMDAwMDAwLCJ1cGRhdGUiOjEyMDAwMDAwMDAwMH19",
          "dependencies": [
            "aws_eip.nat",
            "aws_internet_gateway.igw",
            "aws_nat_gateway.nat",
            "aws_route_table.private",
            "aws_subnet.private",
            "aws_subnet.public",
            "aws_vpc.main",
            "data.aws_availability_zones.available"
          ]
        },
        {
          "index_key": 1,
          "schema_version": 0,
          "attributes": {
            "gateway_id": "",
            "id": "rtbassoc-00a43c2d92bda3d35",
            "route_table_id": "rtb-0de1c8924100a5468",
            "subnet_id": "subnet-0a85b3b3778c5cd88",
            "timeouts": null
          },
          "sensitive_attributes": [],
          "identity_schema_version": 0,
          "private": "eyJlMmJmYjczMC1lY2FhLTExZTYtOGY4OC0zNDM2M2JjN2M0YzAiOnsiY3JlYXRlIjozMDAwMDAwMDAwMDAsImRlbGV0ZSI6MzAwMDAwMDAwMDAwLCJ1cGRhdGUiOjEyMDAwMDAwMDAwMH19",
          "dependencies": [
            "aws_eip.nat",
            "aws_internet_gateway.igw",
            "aws_nat_gateway.nat",
            "aws_route_table.private",
            "aws_subnet.private",
            "aws_subnet.public",
            "aws_vpc.main",
            "data.aws_availability_zones.available"
          ]
        }
      ]
    },
    {
      "mode": "managed",
      "type": "aws_route_table_association",
      "name": "public_assoc",
      "provider": "provider[\"registry.terraform.io/hashicorp/aws\"]",
      "instances": [
        {
          "index_key": 0,
          "schema_version": 0,
          "attributes": {
            "gateway_id": "",
            "id": "rtbassoc-06ab66677adab8fe7",
            "route_table_id": "rtb-0a6d8769bc23f5041",
            "subnet_id": "subnet-0f9511c523615532c",
            "timeouts": null
          },
          "sensitive_attributes": [],
          "identity_schema_version": 0,
          "private": "eyJlMmJmYjczMC1lY2FhLTExZTYtOGY4OC0zNDM2M2JjN2M0YzAiOnsiY3JlYXRlIjozMDAwMDAwMDAwMDAsImRlbGV0ZSI6MzAwMDAwMDAwMDAwLCJ1cGRhdGUiOjEyMDAwMDAwMDAwMH19",
          "dependencies": [
            "aws_internet_gateway.igw",
            "aws_route_table.public",
            "aws_subnet.public",
            "aws_vpc.main",
            "data.aws_availability_zones.available"
          ]
        },
        {
          "index_key": 1,
          "schema_version": 0,
          "attributes": {
            "gateway_id": "",
            "id": "rtbassoc-00338538dad6fd168",
            "route_table_id": "rtb-0a6d8769bc23f5041",
            "subnet_id": "subnet-094b1db921858407a",
            "timeouts": null
          },
          "sensitive_attributes": [],
          "identity_schema_version": 0,
          "private": "eyJlMmJmYjczMC1lY2FhLTExZTYtOGY4OC0zNDM2M2JjN2M0YzAiOnsiY3JlYXRlIjozMDAwMDAwMDAwMDAsImRlbGV0ZSI6MzAwMDAwMDAwMDAwLCJ1cGRhdGUiOjEyMDAwMDAwMDAwMH19",
          "dependencies": [
            "aws_internet_gateway.igw",
            "aws_route_table.public",
            "aws_subnet.public",
            "aws_vpc.main",
            "data.aws_availability_zones.available"
          ]
        }
      ]
    },
    {
      "mode": "managed",
      "type": "aws_security_group",
      "name": "be",
      "provider": "provider[\"registry.terraform.io/hashicorp/aws\"]",
      "instances": [
        {
          "schema_version": 1,
          "attributes": {
            "arn": "arn:aws:ec2:ap-northeast-2:645608561450:security-group/sg-08a5ec1558f4fe9ba",
            "description": "Allow app traffic from FE and SSH",
            "egress": [
              {
                "cidr_blocks": [
                  "0.0.0.0/0"
                ],
                "description": "",
                "from_port": 0,
                "ipv6_cidr_blocks": [],
                "prefix_list_ids": [],
                "protocol": "-1",
                "security_groups": [],
                "self": false,
                "to_port": 0
              }
            ],
            "id": "sg-08a5ec1558f4fe9ba",
            "ingress": [
              {
                "cidr_blocks": [],
                "description": "",
                "from_port": 0,
                "ipv6_cidr_blocks": [],
                "prefix_list_ids": [],
                "protocol": "-1",
                "security_groups": [],
                "self": true,
                "to_port": 0
              },
              {
                "cidr_blocks": [],
                "description": "",
                "from_port": 22,
                "ipv6_cidr_blocks": [],
                "prefix_list_ids": [],
                "protocol": "tcp",
                "security_groups": [
                  "sg-01c8c734abfb7710b"
                ],
                "self": false,
                "to_port": 22
              },
              {
                "cidr_blocks": [],
                "description": "",
                "from_port": 5000,
                "ipv6_cidr_blocks": [],
                "prefix_list_ids": [],
                "protocol": "tcp",
                "security_groups": [
                  "sg-01c8c734abfb7710b"
                ],
                "self": false,
                "to_port": 5001
              }
            ],
            "name": "delivery-app-be-sg",
            "name_prefix": "",
            "owner_id": "645608561450",
            "revoke_rules_on_delete": false,
            "tags": {},
            "tags_all": {},
            "timeouts": null,
            "vpc_id": "vpc-0d14459d358800b84"
          },
          "sensitive_attributes": [],
          "identity_schema_version": 0,
          "private": "eyJlMmJmYjczMC1lY2FhLTExZTYtOGY4OC0zNDM2M2JjN2M0YzAiOnsiY3JlYXRlIjo2MDAwMDAwMDAwMDAsImRlbGV0ZSI6OTAwMDAwMDAwMDAwfSwic2NoZW1hX3ZlcnNpb24iOiIxIn0=",
          "dependencies": [
            "aws_security_group.fe",
            "aws_vpc.main"
          ]
        }
      ]
    },
    {
      "mode": "managed",
      "type": "aws_security_group",
      "name": "fe",
      "provider": "provider[\"registry.terraform.io/hashicorp/aws\"]",
      "instances": [
        {
          "schema_version": 1,
          "attributes": {
            "arn": "arn:aws:ec2:ap-northeast-2:645608561450:security-group/sg-01c8c734abfb7710b",
            "description": "Allow SSH and HTTP for Frontend",
            "egress": [
              {
                "cidr_blocks": [
                  "0.0.0.0/0"
                ],
                "description": "",
                "from_port": 0,
                "ipv6_cidr_blocks": [],
                "prefix_list_ids": [],
                "protocol": "-1",
                "security_groups": [],
                "self": false,
                "to_port": 0
              }
            ],
            "id": "sg-01c8c734abfb7710b",
            "ingress": [
              {
                "cidr_blocks": [
                  "0.0.0.0/0"
                ],
                "description": "",
                "from_port": 22,
                "ipv6_cidr_blocks": [],
                "prefix_list_ids": [],
                "protocol": "tcp",
                "security_groups": [],
                "self": false,
                "to_port": 22
              },
              {
                "cidr_blocks": [
                  "0.0.0.0/0"
                ],
                "description": "",
                "from_port": 80,
                "ipv6_cidr_blocks": [],
                "prefix_list_ids": [],
                "protocol": "tcp",
                "security_groups": [],
                "self": false,
                "to_port": 80
              }
            ],
            "name": "delivery-app-fe-sg",
            "name_prefix": "",
            "owner_id": "645608561450",
            "revoke_rules_on_delete": false,
            "tags": {},
            "tags_all": {},
            "timeouts": null,
            "vpc_id": "vpc-0d14459d358800b84"
          },
          "sensitive_attributes": [],
          "identity_schema_version": 0,
          "private": "eyJlMmJmYjczMC1lY2FhLTExZTYtOGY4OC0zNDM2M2JjN2M0YzAiOnsiY3JlYXRlIjo2MDAwMDAwMDAwMDAsImRlbGV0ZSI6OTAwMDAwMDAwMDAwfSwic2NoZW1hX3ZlcnNpb24iOiIxIn0=",
          "dependencies": [
            "aws_vpc.main"
          ]
        }
      ]
    },
    {
      "mode": "managed",
      "type": "aws_subnet",
      "name": "private",
      "provider": "provider[\"registry.terraform.io/hashicorp/aws\"]",
      "instances": [
        {
          "index_key": 0,
          "schema_version": 1,
          "attributes": {
            "arn": "arn:aws:ec2:ap-northeast-2:645608561450:subnet/subnet-0bcb81ce83a5230bf",
            "assign_ipv6_address_on_creation": false,
            "availability_zone": "ap-northeast-2a",
            "availability_zone_id": "apne2-az1",
            "cidr_block": "10.30.2.0/24",
            "customer_owned_ipv4_pool": "",
            "enable_dns64": false,
            "enable_lni_at_device_index": 0,
            "enable_resource_name_dns_a_record_on_launch": false,
            "enable_resource_name_dns_aaaa_record_on_launch": false,
            "id": "subnet-0bcb81ce83a5230bf",
            "ipv6_cidr_block": "",
            "ipv6_cidr_block_association_id": "",
            "ipv6_native": false,
            "map_customer_owned_ip_on_launch": false,
            "map_public_ip_on_launch": false,
            "outpost_arn": "",
            "owner_id": "645608561450",
            "private_dns_hostname_type_on_launch": "ip-name",
            "tags": {
              "Name": "delivery-app-private-subnet-1"
            },
            "tags_all": {
              "Name": "delivery-app-private-subnet-1"
            },
            "timeouts": null,
            "vpc_id": "vpc-0d14459d358800b84"
          },
          "sensitive_attributes": [],
          "identity_schema_version": 0,
          "private": "eyJlMmJmYjczMC1lY2FhLTExZTYtOGY4OC0zNDM2M2JjN2M0YzAiOnsiY3JlYXRlIjo2MDAwMDAwMDAwMDAsImRlbGV0ZSI6MTIwMDAwMDAwMDAwMH0sInNjaGVtYV92ZXJzaW9uIjoiMSJ9",
          "dependencies": [
            "aws_vpc.main",
            "data.aws_availability_zones.available"
          ]
        },
        {
          "index_key": 1,
          "schema_version": 1,
          "attributes": {
            "arn": "arn:aws:ec2:ap-northeast-2:645608561450:subnet/subnet-0a85b3b3778c5cd88",
            "assign_ipv6_address_on_creation": false,
            "availability_zone": "ap-northeast-2b",
            "availability_zone_id": "apne2-az2",
            "cidr_block": "10.30.3.0/24",
            "customer_owned_ipv4_pool": "",
            "enable_dns64": false,
            "enable_lni_at_device_index": 0,
            "enable_resource_name_dns_a_record_on_launch": false,
            "enable_resource_name_dns_aaaa_record_on_launch": false,
            "id": "subnet-0a85b3b3778c5cd88",
            "ipv6_cidr_block": "",
            "ipv6_cidr_block_association_id": "",
            "ipv6_native": false,
            "map_customer_owned_ip_on_launch": false,
            "map_public_ip_on_launch": false,
            "outpost_arn": "",
            "owner_id": "645608561450",
            "private_dns_hostname_type_on_launch": "ip-name",
            "tags": {
              "Name": "delivery-app-private-subnet-2"
            },
            "tags_all": {
              "Name": "delivery-app-private-subnet-2"
            },
            "timeouts": null,
            "vpc_id": "vpc-0d14459d358800b84"
          },
          "sensitive_attributes": [],
          "identity_schema_version": 0,
          "private": "eyJlMmJmYjczMC1lY2FhLTExZTYtOGY4OC0zNDM2M2JjN2M0YzAiOnsiY3JlYXRlIjo2MDAwMDAwMDAwMDAsImRlbGV0ZSI6MTIwMDAwMDAwMDAwMH0sInNjaGVtYV92ZXJzaW9uIjoiMSJ9",
          "dependencies": [
            "aws_vpc.main",
            "data.aws_availability_zones.available"
          ]
        }
      ]
    },
    {
      "mode": "managed",
      "type": "aws_subnet",
      "name": "public",
      "provider": "provider[\"registry.terraform.io/hashicorp/aws\"]",
      "instances": [
        {
          "index_key": 0,
          "schema_version": 1,
          "attributes": {
            "arn": "arn:aws:ec2:ap-northeast-2:645608561450:subnet/subnet-0f9511c523615532c",
            "assign_ipv6_address_on_creation": false,
            "availability_zone": "ap-northeast-2a",
            "availability_zone_id": "apne2-az1",
            "cidr_block": "10.30.0.0/24",
            "customer_owned_ipv4_pool": "",
            "enable_dns64": false,
            "enable_lni_at_device_index": 0,
            "enable_resource_name_dns_a_record_on_launch": false,
            "enable_resource_name_dns_aaaa_record_on_launch": false,
            "id": "subnet-0f9511c523615532c",
            "ipv6_cidr_block": "",
            "ipv6_cidr_block_association_id": "",
            "ipv6_native": false,
            "map_customer_owned_ip_on_launch": false,
            "map_public_ip_on_launch": true,
            "outpost_arn": "",
            "owner_id": "645608561450",
            "private_dns_hostname_type_on_launch": "ip-name",
            "tags": {
              "Name": "delivery-app-public-subnet-1"
            },
            "tags_all": {
              "Name": "delivery-app-public-subnet-1"
            },
            "timeouts": null,
            "vpc_id": "vpc-0d14459d358800b84"
          },
          "sensitive_attributes": [],
          "identity_schema_version": 0,
          "private": "eyJlMmJmYjczMC1lY2FhLTExZTYtOGY4OC0zNDM2M2JjN2M0YzAiOnsiY3JlYXRlIjo2MDAwMDAwMDAwMDAsImRlbGV0ZSI6MTIwMDAwMDAwMDAwMH0sInNjaGVtYV92ZXJzaW9uIjoiMSJ9",
          "dependencies": [
            "aws_vpc.main",
            "data.aws_availability_zones.available"
          ]
        },
        {
          "index_key": 1,
          "schema_version": 1,
          "attributes": {
            "arn": "arn:aws:ec2:ap-northeast-2:645608561450:subnet/subnet-094b1db921858407a",
            "assign_ipv6_address_on_creation": false,
            "availability_zone": "ap-northeast-2b",
            "availability_zone_id": "apne2-az2",
            "cidr_block": "10.30.1.0/24",
            "customer_owned_ipv4_pool": "",
            "enable_dns64": false,
            "enable_lni_at_device_index": 0,
            "enable_resource_name_dns_a_record_on_launch": false,
            "enable_resource_name_dns_aaaa_record_on_launch": false,
            "id": "subnet-094b1db921858407a",
            "ipv6_cidr_block": "",
            "ipv6_cidr_block_association_id": "",
            "ipv6_native": false,
            "map_customer_owned_ip_on_launch": false,
            "map_public_ip_on_launch": true,
            "outpost_arn": "",
            "owner_id": "645608561450",
            "private_dns_hostname_type_on_launch": "ip-name",
            "tags": {
              "Name": "delivery-app-public-subnet-2"
            },
            "tags_all": {
              "Name": "delivery-app-public-subnet-2"
            },
            "timeouts": null,
            "vpc_id": "vpc-0d14459d358800b84"
          },
          "sensitive_attributes": [],
          "identity_schema_version": 0,
          "private": "eyJlMmJmYjczMC1lY2FhLTExZTYtOGY4OC0zNDM2M2JjN2M0YzAiOnsiY3JlYXRlIjo2MDAwMDAwMDAwMDAsImRlbGV0ZSI6MTIwMDAwMDAwMDAwMH0sInNjaGVtYV92ZXJzaW9uIjoiMSJ9",
          "dependencies": [
            "aws_vpc.main",
            "data.aws_availability_zones.available"
          ]
        }
      ]
    },
    {
      "mode": "managed",
      "type": "aws_vpc",
      "name": "main",
      "provider": "provider[\"registry.terraform.io/hashicorp/aws\"]",
      "instances": [
        {
          "schema_version": 1,
          "attributes": {
            "arn": "arn:aws:ec2:ap-northeast-2:645608561450:vpc/vpc-0d14459d358800b84",
            "assign_generated_ipv6_cidr_block": false,
            "cidr_block": "10.30.0.0/16",
            "default_network_acl_id": "acl-0344047da9bcc86d3",
            "default_route_table_id": "rtb-0774fc959047e1837",
            "default_security_group_id": "sg-0129ef44c7a2fede1",
            "dhcp_options_id": "dopt-06578c1a5b87d591d",
            "enable_dns_hostnames": true,
            "enable_dns_support": true,
            "enable_network_address_usage_metrics": false,
            "id": "vpc-0d14459d358800b84",
            "instance_tenancy": "default",
            "ipv4_ipam_pool_id": null,
            "ipv4_netmask_length": null,
            "ipv6_association_id": "",
            "ipv6_cidr_block": "",
            "ipv6_cidr_block_network_border_group": "",
            "ipv6_ipam_pool_id": "",
            "ipv6_netmask_length": 0,
            "main_route_table_id": "rtb-0774fc959047e1837",
            "owner_id": "645608561450",
            "tags": {
              "Name": "delivery-app-vpc"
            },
            "tags_all": {
              "Name": "delivery-app-vpc"
            }
          },
          "sensitive_attributes": [],
          "identity_schema_version": 0,
          "private": "eyJzY2hlbWFfdmVyc2lvbiI6IjEifQ=="
        }
      ]
    },
    {
      "mode": "managed",
      "type": "local_file",
      "name": "private_key",
      "provider": "provider[\"registry.terraform.io/hashicorp/local\"]",
      "instances": [
        {
          "schema_version": 0,
          "attributes": {
            "content": "-----BEGIN RSA PRIVATE KEY-----\nMIIJKAIBAAKCAgEAwWQKRCNq4ESWslgVCdSftiDWwCef2L+3hFgHSt5yACEVnkf4\nmpiNBrNSvwhyFTgx3Fw6fZ2erfY3PFoJn13NfVMaHGqbyjyzo5UmpN9KgY1smUsr\nWcoSJ8kNatjSpk8Diesd2AF8akEeJH+AnhXyHE1AxWMMnt2WqkPwJK8xTrHhDh3h\nDDhSmW8naLDovawK3rcFmKS5JSsARMN/Lav1vDK2j4BbmJWBWM35LszFi33IBV5M\n3+sECJGKLO0Krr8MQCYI5vK6iXgWEaQwR+4ALt+UIlsaoCDwzzhQYsdgJv1KktL9\nfkuNbeL9202oEofAlJ34dSDlRIK4Rsxbg2WmMx/xdKMAjnigRQW3FJ7is+f7Woyc\nzR3O7HBtBx3kYonpZvODldr63+lhbzRM+kr39MPG8gyBKr3HZ12O3lSRwac3e7Tp\ncPwAtaHlwAmpkbRyWlw2rHW7WU0dtsg8WdyTifklGXsg86eySsWH5CY4ya2dt6Yr\n368Fjsma5pfDtQW6H8Rl93jzEj37C3aclXwAN/KfSPET9IwfiuQTuQjcw/KmQIl8\nWuk4YQih8g+Wck265X7MXKnsQkGijWGnNlt+OzCQxTtXD24yXveCzFhnmwdzAR1L\naSiwIaGF+3mSEcYRvPCr9waSvdl2ULFaYwcy7CHSCLIhU6eoHh/ubo9PfLECAwEA\nAQKCAgAl11Ux7Ys7bHhfV+Bv/sCsouLakTZUM3ltpkrxAbNlZpPkF5mj6H9J5Rtn\nIXgvQkJxZ8OTMl0rFY9L2iNhYXm00Oa+Ujb/PN76vpPj9YRO8tUh7sVCCcoBKnRb\naKdZXwMmgNDjZDEL2oeTJTbN2CX6lzw6E25UBLB3SxlpmDVJ/ID44exYF4pEFy2r\nLNixyoELAN2Rt4O5697e1bEkRu5r37F8xWVG51Q6w/0DBRMPfzJ9KG1a8FHm+lGD\nBnQNavky8S5TQIIzJYIN/CZtYLr88Qc7rL96P0/XgGGsXm5oWq41qh7rkE2Rh7Xc\nLGcbjyAmBH4qLyBlhj2YLuMmRCTfq2+p4kTRwvHlGac2LoSIe0LDQpGKNRuTtDqH\npCMcIr2tCAOvkR1MKP0eQ6jmiP516uZRklrTqFV28LwrE6uh8o0oK0ws60KaKsI+\nDhmJj9/L47ifcg43x5NZr2Z9cXnZS6/czQfhp8XaXGjU9JPM3ki9jPmss+oP7AuS\nZxXCoB8F9IOjrogL5kgo2pEoZ1EbSjQ0y1bgBsNOPIekWqNlMGb5OxzhRGME2opQ\nqTmKTdsTYQgjuq2T2oqGDJKRPiY9oD/YzzCdzq/8+EkC4IujDVZLDcASFRZ/yQJ0\nuLVwhfKdgPDlAsSD6uprfmIXXJCmGfeAQR1YgZUMJKb2ItPAZQKCAQEA6SZ+guSL\nrpyyQZfcAi2ZO1GDQQCRDT8pRE0YV/NxlcIFatIM412nhymfIoKHhEdCqudyYm9S\nIiZkRBsSdRx6bplCmZw6nxwSORnItB1oAFWGDBRPHEOyha4t6V9gjL26yNNdYl1c\n2qOkuV9bqofxCphG6ZlDBQ0h5jw3juRcEc+mGE1E6gPdepv3OHbwIyFGrRiD/nEf\nO/85ZLCw0T8WEMGqi2gik3baXzhdLwoSVPQ2QMJ5Hfl856h4fq/nquFZmdyBXvoQ\nfzD4P/BxPr/TrGFJbcqeV4e7BN/rOXIL5hlcPDo8r4rT8/gGNPMKPbUhfd+yl0CJ\nE3EHfX+sPvfidQKCAQEA1FgEr0y3BPiwBp4KBN1o0EhPwVX6vjGXRIjmikbgVmkI\nopYLXokv2pBsXSrrok2Ff2m+JRp8Hw7CC8964uma4dthU/MZqEw7iO3OnOX1Qzwh\niM3IgxeF7JREKwNs98rvH6/dht7+lyCK8UoRkM0wkmt9ROATHgy7HvB/zJYHgFUY\njoO0fIEIK1oveQM5r/qiSrtbVnzGzBMaVpcIbmY4eCQQwgsMqmnE4AmmiJj2AWcK\n1ItDejHz+kMN7C5+Yc8yhMr94oiGbl5FUY5uDc1WS8khH8Hf9anX20rpuUMZJXk2\n9MlyM1i64UyiiVkVWV09FzsNUA/58pBl8DiiOkPxzQKCAQEAnmVUlcCHVT2HrSBq\ni+BGthIOxd6IrSM3+fsWisoNZNzHqWbC8sTxx9XzExLy1l9DX7CV+WH/vsuuWsa5\np26Njw34PTvyZ54+kyR9QkCoI3H2+8XgaSdk5YUME/yEL5nGiCFw1B7xsmhyxK2Q\nLS7mB3ik1JcW/RuK6EwIwr9J/Z/BC8mTBBlUIrRLJMVJJ9S3m2mIYxifS7d9Wnbf\n6YieiQvJvaQluWGJwh8cz5RcF/NB2IVGm6KfxRKjqg3/qgwnP2ybR9dD1eWDAo1r\nomHYgMgnhrudD4JbAFjQCdr9UnnwO8qk5+29SYY7UUW8s2eXNVkAj9l8RwUHPa+7\naZwm8QKCAQAXWQ460C6Xh1ijgaEMY+PwcuMCGRgW7ZD6YisnLR/hoG7ooaLiZCc0\n2whvPhbmo6t4FQJpRf470/2WGtwiMxlqmBqdhm9dx/QL3EoJimdrWyM8zZOshlud\nZbgRGrFSlaexTj8HY2GO8G8WlNRVnZonn1YIyrKPbUrt3ffPYPe2LqUilmyz++QQ\nEDyEC8y+AsrxeKRUYCfjrH4K41Rz/x1aaGzHSTu9SR/yml0LS/ZQtSnFsQJcXz26\nWMEhJQOUcZnWbBN6YxSU8hyhGQ4Uym0grB7ORR0BAAnR/OyyCCStsCRQyg2ag7kY\nqLp+a6MjTlM3SLDwCrGq8CGlRjTgPzRJAoIBAA+tYhTtirWQnasw4GIkN25+hRrl\ngJVPKNOoX2bmDzGUxg4jl68wjtuFz9/u55gqhXtcpRS4geq9BjOEkdIkwqx+Ko9C\nzapBftJLlAjruT6QuNhzqb/vPON0df8MwS65DrZQTclim+6ut1RRKvVEwhZfMqED\njTMNxLtOMA8+LwjnAJOZoXXw8RWka7UEYQeiiHN5Ly2cShfHZZ/2t/21teRytW98\nSIB5asVAMAoCe89+LL/9QgRzj67P09QO485gj3UQlxHfq6SgYSDOzyFu3YFlJRJm\ncn26tNf+COgB1ckM+vfkCOYwc/ecFmLRLBHJWLSgBL8W84ZqgQRMtlPNNNA=\n-----END RSA PRIVATE KEY-----\n",
            "content_base64": null,
            "content_base64sha256": "uRogd838zPMWJwMcFMhZL5STFKbcD9x0pbpTR0HNxlk=",
            "content_base64sha512": "4SwEOYVWT0Hb2S06QtYgVdt3tz0/uiLQTBgcLBIY8ti39SLks1UG7C/vyyZibtCAYQIzGms1x0fiYT3It/3REQ==",
            "content_md5": "9d3648484d59ae26e2e76a35aafe169d",
            "content_sha1": "00dd24a54d8752a569557c4de46e8597db165035",
            "content_sha256": "b91a2077cdfcccf31627031c14c8592f949314a6dc0fdc74a5ba534741cdc659",
            "content_sha512": "e12c043985564f41dbd92d3a42d62055db77b73d3fba22d04c181c2c1218f2d8b7f522e4b35506ec2fefcb26626ed0806102331a6b35c747e2613dc8b7fdd111",
            "directory_permission": "0777",
            "file_permission": "0600",
            "filename": "./id_delivery-app",
            "id": "00dd24a54d8752a569557c4de46e8597db165035",
            "sensitive_content": null,
            "source": null
          },
          "sensitive_attributes": [
            [
              {
                "type": "get_attr",
                "value": "content"
              }
            ],
            [
              {
                "type": "get_attr",
                "value": "sensitive_content"
              }
            ]
          ],
          "identity_schema_version": 0,
          "dependencies": [
            "tls_private_key.ssh"
          ]
        }
      ]
    },
    {
      "mode": "managed",
      "type": "tls_private_key",
      "name": "ssh",
      "provider": "provider[\"registry.terraform.io/hashicorp/tls\"]",
      "instances": [
        {
          "schema_version": 1,
          "attributes": {
            "algorithm": "RSA",
            "ecdsa_curve": "P224",
            "id": "0ed1f06d4a64bbc3e15d083b8411d1fcaa4fba6c",
            "private_key_openssh": "-----BEGIN OPENSSH PRIVATE KEY-----\nb3BlbnNzaC1rZXktdjEAAAAABG5vbmUAAAAEbm9uZQAAAAAAAAABAAACFwAAAAdz\nc2gtcnNhAAAAAwEAAQAAAgEAwWQKRCNq4ESWslgVCdSftiDWwCef2L+3hFgHSt5y\nACEVnkf4mpiNBrNSvwhyFTgx3Fw6fZ2erfY3PFoJn13NfVMaHGqbyjyzo5UmpN9K\ngY1smUsrWcoSJ8kNatjSpk8Diesd2AF8akEeJH+AnhXyHE1AxWMMnt2WqkPwJK8x\nTrHhDh3hDDhSmW8naLDovawK3rcFmKS5JSsARMN/Lav1vDK2j4BbmJWBWM35LszF\ni33IBV5M3+sECJGKLO0Krr8MQCYI5vK6iXgWEaQwR+4ALt+UIlsaoCDwzzhQYsdg\nJv1KktL9fkuNbeL9202oEofAlJ34dSDlRIK4Rsxbg2WmMx/xdKMAjnigRQW3FJ7i\ns+f7WoyczR3O7HBtBx3kYonpZvODldr63+lhbzRM+kr39MPG8gyBKr3HZ12O3lSR\nwac3e7TpcPwAtaHlwAmpkbRyWlw2rHW7WU0dtsg8WdyTifklGXsg86eySsWH5CY4\nya2dt6Yr368Fjsma5pfDtQW6H8Rl93jzEj37C3aclXwAN/KfSPET9IwfiuQTuQjc\nw/KmQIl8Wuk4YQih8g+Wck265X7MXKnsQkGijWGnNlt+OzCQxTtXD24yXveCzFhn\nmwdzAR1LaSiwIaGF+3mSEcYRvPCr9waSvdl2ULFaYwcy7CHSCLIhU6eoHh/ubo9P\nfLEAAAc40h4EXNIeBFwAAAAHc3NoLXJzYQAAAgEAwWQKRCNq4ESWslgVCdSftiDW\nwCef2L+3hFgHSt5yACEVnkf4mpiNBrNSvwhyFTgx3Fw6fZ2erfY3PFoJn13NfVMa\nHGqbyjyzo5UmpN9KgY1smUsrWcoSJ8kNatjSpk8Diesd2AF8akEeJH+AnhXyHE1A\nxWMMnt2WqkPwJK8xTrHhDh3hDDhSmW8naLDovawK3rcFmKS5JSsARMN/Lav1vDK2\nj4BbmJWBWM35LszFi33IBV5M3+sECJGKLO0Krr8MQCYI5vK6iXgWEaQwR+4ALt+U\nIlsaoCDwzzhQYsdgJv1KktL9fkuNbeL9202oEofAlJ34dSDlRIK4Rsxbg2WmMx/x\ndKMAjnigRQW3FJ7is+f7WoyczR3O7HBtBx3kYonpZvODldr63+lhbzRM+kr39MPG\n8gyBKr3HZ12O3lSRwac3e7TpcPwAtaHlwAmpkbRyWlw2rHW7WU0dtsg8WdyTifkl\nGXsg86eySsWH5CY4ya2dt6Yr368Fjsma5pfDtQW6H8Rl93jzEj37C3aclXwAN/Kf\nSPET9IwfiuQTuQjcw/KmQIl8Wuk4YQih8g+Wck265X7MXKnsQkGijWGnNlt+OzCQ\nxTtXD24yXveCzFhnmwdzAR1LaSiwIaGF+3mSEcYRvPCr9waSvdl2ULFaYwcy7CHS\nCLIhU6eoHh/ubo9PfLEAAAADAQABAAACACXXVTHtiztseF9X4G/+wKyi4tqRNlQz\neW2mSvEBs2Vmk+QXmaPof0nlG2cheC9CQnFnw5MyXSsVj0vaI2FhebTQ5r5SNv88\n3vq+k+P1hE7y1SHuxUIJygEqdFtop1lfAyaA0ONkMQvah5MlNs3YJfqXPDoTblQE\nsHdLGWmYNUn8gPjh7FgXikQXLass2LHKgQsA3ZG3g7nr3t7VsSRG7mvfsXzFZUbn\nVDrD/QMFEw9/Mn0obVrwUeb6UYMGdA1q+TLxLlNAgjMlgg38Jm1guvzxBzusv3o/\nT9eAYaxebmharjWqHuuQTZGHtdwsZxuPICYEfiovIGWGPZgu4yZEJN+rb6niRNHC\n8eUZpzYuhIh7QsNCkYo1G5O0OoekIxwiva0IA6+RHUwo/R5DqOaI/nXq5lGSWtOo\nVXbwvCsTq6HyjSgrTCzrQpoqwj4OGYmP38vjuJ9yDjfHk1mvZn1xedlLr9zNB+Gn\nxdpcaNT0k8zeSL2M+ayz6g/sC5JnFcKgHwX0g6OuiAvmSCjakShnURtKNDTLVuAG\nw048h6Rao2UwZvk7HOFEYwTailCpOYpN2xNhCCO6rZPaioYMkpE+Jj2gP9jPMJ3O\nr/z4SQLgi6MNVksNwBIVFn/JAnS4tXCF8p2A8OUCxIPq6mt+YhdckKYZ94BBHViB\nlQwkpvYi08BlAAABAA+tYhTtirWQnasw4GIkN25+hRrlgJVPKNOoX2bmDzGUxg4j\nl68wjtuFz9/u55gqhXtcpRS4geq9BjOEkdIkwqx+Ko9CzapBftJLlAjruT6QuNhz\nqb/vPON0df8MwS65DrZQTclim+6ut1RRKvVEwhZfMqEDjTMNxLtOMA8+LwjnAJOZ\noXXw8RWka7UEYQeiiHN5Ly2cShfHZZ/2t/21teRytW98SIB5asVAMAoCe89+LL/9\nQgRzj67P09QO485gj3UQlxHfq6SgYSDOzyFu3YFlJRJmcn26tNf+COgB1ckM+vfk\nCOYwc/ecFmLRLBHJWLSgBL8W84ZqgQRMtlPNNNAAAAEBAOkmfoLki66cskGX3AIt\nmTtRg0EAkQ0/KURNGFfzcZXCBWrSDONdp4cpnyKCh4RHQqrncmJvUiImZEQbEnUc\nem6ZQpmcOp8cEjkZyLQdaABVhgwUTxxDsoWuLelfYIy9usjTXWJdXNqjpLlfW6qH\n8QqYRumZQwUNIeY8N47kXBHPphhNROoD3Xqb9zh28CMhRq0Yg/5xHzv/OWSwsNE/\nFhDBqotoIpN22l84XS8KElT0NkDCeR35fOeoeH6v56rhWZncgV76EH8w+D/wcT6/\n06xhSW3KnleHuwTf6zlyC+YZXDw6PK+K0/P4BjTzCj21IX3fspdAiRNxB31/rD73\n4nUAAAEBANRYBK9MtwT4sAaeCgTdaNBIT8FV+r4xl0SI5opG4FZpCKKWC16JL9qQ\nbF0q66JNhX9pviUafB8OwgvPeuLpmuHbYVPzGahMO4jtzpzl9UM8IYjNyIMXheyU\nRCsDbPfK7x+v3Ybe/pcgivFKEZDNMJJrfUTgEx4Mux7wf8yWB4BVGI6DtHyBCCta\nL3kDOa/6okq7W1Z8xswTGlaXCG5mOHgkEMILDKppxOAJpoiY9gFnCtSLQ3ox8/pD\nDewufmHPMoTK/eKIhm5eRVGObg3NVkvJIR/B3/Wp19tK6blDGSV5NvTJcjNYuuFM\noolZFVldPRc7DVAP+fKQZfA4ojpD8c0AAAAAAQID\n-----END OPENSSH PRIVATE KEY-----\n",
            "private_key_pem": "-----BEGIN RSA PRIVATE KEY-----\nMIIJKAIBAAKCAgEAwWQKRCNq4ESWslgVCdSftiDWwCef2L+3hFgHSt5yACEVnkf4\nmpiNBrNSvwhyFTgx3Fw6fZ2erfY3PFoJn13NfVMaHGqbyjyzo5UmpN9KgY1smUsr\nWcoSJ8kNatjSpk8Diesd2AF8akEeJH+AnhXyHE1AxWMMnt2WqkPwJK8xTrHhDh3h\nDDhSmW8naLDovawK3rcFmKS5JSsARMN/Lav1vDK2j4BbmJWBWM35LszFi33IBV5M\n3+sECJGKLO0Krr8MQCYI5vK6iXgWEaQwR+4ALt+UIlsaoCDwzzhQYsdgJv1KktL9\nfkuNbeL9202oEofAlJ34dSDlRIK4Rsxbg2WmMx/xdKMAjnigRQW3FJ7is+f7Woyc\nzR3O7HBtBx3kYonpZvODldr63+lhbzRM+kr39MPG8gyBKr3HZ12O3lSRwac3e7Tp\ncPwAtaHlwAmpkbRyWlw2rHW7WU0dtsg8WdyTifklGXsg86eySsWH5CY4ya2dt6Yr\n368Fjsma5pfDtQW6H8Rl93jzEj37C3aclXwAN/KfSPET9IwfiuQTuQjcw/KmQIl8\nWuk4YQih8g+Wck265X7MXKnsQkGijWGnNlt+OzCQxTtXD24yXveCzFhnmwdzAR1L\naSiwIaGF+3mSEcYRvPCr9waSvdl2ULFaYwcy7CHSCLIhU6eoHh/ubo9PfLECAwEA\nAQKCAgAl11Ux7Ys7bHhfV+Bv/sCsouLakTZUM3ltpkrxAbNlZpPkF5mj6H9J5Rtn\nIXgvQkJxZ8OTMl0rFY9L2iNhYXm00Oa+Ujb/PN76vpPj9YRO8tUh7sVCCcoBKnRb\naKdZXwMmgNDjZDEL2oeTJTbN2CX6lzw6E25UBLB3SxlpmDVJ/ID44exYF4pEFy2r\nLNixyoELAN2Rt4O5697e1bEkRu5r37F8xWVG51Q6w/0DBRMPfzJ9KG1a8FHm+lGD\nBnQNavky8S5TQIIzJYIN/CZtYLr88Qc7rL96P0/XgGGsXm5oWq41qh7rkE2Rh7Xc\nLGcbjyAmBH4qLyBlhj2YLuMmRCTfq2+p4kTRwvHlGac2LoSIe0LDQpGKNRuTtDqH\npCMcIr2tCAOvkR1MKP0eQ6jmiP516uZRklrTqFV28LwrE6uh8o0oK0ws60KaKsI+\nDhmJj9/L47ifcg43x5NZr2Z9cXnZS6/czQfhp8XaXGjU9JPM3ki9jPmss+oP7AuS\nZxXCoB8F9IOjrogL5kgo2pEoZ1EbSjQ0y1bgBsNOPIekWqNlMGb5OxzhRGME2opQ\nqTmKTdsTYQgjuq2T2oqGDJKRPiY9oD/YzzCdzq/8+EkC4IujDVZLDcASFRZ/yQJ0\nuLVwhfKdgPDlAsSD6uprfmIXXJCmGfeAQR1YgZUMJKb2ItPAZQKCAQEA6SZ+guSL\nrpyyQZfcAi2ZO1GDQQCRDT8pRE0YV/NxlcIFatIM412nhymfIoKHhEdCqudyYm9S\nIiZkRBsSdRx6bplCmZw6nxwSORnItB1oAFWGDBRPHEOyha4t6V9gjL26yNNdYl1c\n2qOkuV9bqofxCphG6ZlDBQ0h5jw3juRcEc+mGE1E6gPdepv3OHbwIyFGrRiD/nEf\nO/85ZLCw0T8WEMGqi2gik3baXzhdLwoSVPQ2QMJ5Hfl856h4fq/nquFZmdyBXvoQ\nfzD4P/BxPr/TrGFJbcqeV4e7BN/rOXIL5hlcPDo8r4rT8/gGNPMKPbUhfd+yl0CJ\nE3EHfX+sPvfidQKCAQEA1FgEr0y3BPiwBp4KBN1o0EhPwVX6vjGXRIjmikbgVmkI\nopYLXokv2pBsXSrrok2Ff2m+JRp8Hw7CC8964uma4dthU/MZqEw7iO3OnOX1Qzwh\niM3IgxeF7JREKwNs98rvH6/dht7+lyCK8UoRkM0wkmt9ROATHgy7HvB/zJYHgFUY\njoO0fIEIK1oveQM5r/qiSrtbVnzGzBMaVpcIbmY4eCQQwgsMqmnE4AmmiJj2AWcK\n1ItDejHz+kMN7C5+Yc8yhMr94oiGbl5FUY5uDc1WS8khH8Hf9anX20rpuUMZJXk2\n9MlyM1i64UyiiVkVWV09FzsNUA/58pBl8DiiOkPxzQKCAQEAnmVUlcCHVT2HrSBq\ni+BGthIOxd6IrSM3+fsWisoNZNzHqWbC8sTxx9XzExLy1l9DX7CV+WH/vsuuWsa5\np26Njw34PTvyZ54+kyR9QkCoI3H2+8XgaSdk5YUME/yEL5nGiCFw1B7xsmhyxK2Q\nLS7mB3ik1JcW/RuK6EwIwr9J/Z/BC8mTBBlUIrRLJMVJJ9S3m2mIYxifS7d9Wnbf\n6YieiQvJvaQluWGJwh8cz5RcF/NB2IVGm6KfxRKjqg3/qgwnP2ybR9dD1eWDAo1r\nomHYgMgnhrudD4JbAFjQCdr9UnnwO8qk5+29SYY7UUW8s2eXNVkAj9l8RwUHPa+7\naZwm8QKCAQAXWQ460C6Xh1ijgaEMY+PwcuMCGRgW7ZD6YisnLR/hoG7ooaLiZCc0\n2whvPhbmo6t4FQJpRf470/2WGtwiMxlqmBqdhm9dx/QL3EoJimdrWyM8zZOshlud\nZbgRGrFSlaexTj8HY2GO8G8WlNRVnZonn1YIyrKPbUrt3ffPYPe2LqUilmyz++QQ\nEDyEC8y+AsrxeKRUYCfjrH4K41Rz/x1aaGzHSTu9SR/yml0LS/ZQtSnFsQJcXz26\nWMEhJQOUcZnWbBN6YxSU8hyhGQ4Uym0grB7ORR0BAAnR/OyyCCStsCRQyg2ag7kY\nqLp+a6MjTlM3SLDwCrGq8CGlRjTgPzRJAoIBAA+tYhTtirWQnasw4GIkN25+hRrl\ngJVPKNOoX2bmDzGUxg4jl68wjtuFz9/u55gqhXtcpRS4geq9BjOEkdIkwqx+Ko9C\nzapBftJLlAjruT6QuNhzqb/vPON0df8MwS65DrZQTclim+6ut1RRKvVEwhZfMqED\njTMNxLtOMA8+LwjnAJOZoXXw8RWka7UEYQeiiHN5Ly2cShfHZZ/2t/21teRytW98\nSIB5asVAMAoCe89+LL/9QgRzj67P09QO485gj3UQlxHfq6SgYSDOzyFu3YFlJRJm\ncn26tNf+COgB1ckM+vfkCOYwc/ecFmLRLBHJWLSgBL8W84ZqgQRMtlPNNNA=\n-----END RSA PRIVATE KEY-----\n",
            "private_key_pem_pkcs8": "-----BEGIN PRIVATE KEY-----\nMIIJQgIBADANBgkqhkiG9w0BAQEFAASCCSwwggkoAgEAAoICAQDBZApEI2rgRJay\nWBUJ1J+2INbAJ5/Yv7eEWAdK3nIAIRWeR/iamI0Gs1K/CHIVODHcXDp9nZ6t9jc8\nWgmfXc19UxocapvKPLOjlSak30qBjWyZSytZyhInyQ1q2NKmTwOJ6x3YAXxqQR4k\nf4CeFfIcTUDFYwye3ZaqQ/AkrzFOseEOHeEMOFKZbydosOi9rAretwWYpLklKwBE\nw38tq/W8MraPgFuYlYFYzfkuzMWLfcgFXkzf6wQIkYos7QquvwxAJgjm8rqJeBYR\npDBH7gAu35QiWxqgIPDPOFBix2Am/UqS0v1+S41t4v3bTagSh8CUnfh1IOVEgrhG\nzFuDZaYzH/F0owCOeKBFBbcUnuKz5/tajJzNHc7scG0HHeRiielm84OV2vrf6WFv\nNEz6Svf0w8byDIEqvcdnXY7eVJHBpzd7tOlw/AC1oeXACamRtHJaXDasdbtZTR22\nyDxZ3JOJ+SUZeyDzp7JKxYfkJjjJrZ23pivfrwWOyZrml8O1BbofxGX3ePMSPfsL\ndpyVfAA38p9I8RP0jB+K5BO5CNzD8qZAiXxa6ThhCKHyD5ZyTbrlfsxcqexCQaKN\nYac2W347MJDFO1cPbjJe94LMWGebB3MBHUtpKLAhoYX7eZIRxhG88Kv3BpK92XZQ\nsVpjBzLsIdIIsiFTp6geH+5uj098sQIDAQABAoICACXXVTHtiztseF9X4G/+wKyi\n4tqRNlQzeW2mSvEBs2Vmk+QXmaPof0nlG2cheC9CQnFnw5MyXSsVj0vaI2FhebTQ\n5r5SNv883vq+k+P1hE7y1SHuxUIJygEqdFtop1lfAyaA0ONkMQvah5MlNs3YJfqX\nPDoTblQEsHdLGWmYNUn8gPjh7FgXikQXLass2LHKgQsA3ZG3g7nr3t7VsSRG7mvf\nsXzFZUbnVDrD/QMFEw9/Mn0obVrwUeb6UYMGdA1q+TLxLlNAgjMlgg38Jm1guvzx\nBzusv3o/T9eAYaxebmharjWqHuuQTZGHtdwsZxuPICYEfiovIGWGPZgu4yZEJN+r\nb6niRNHC8eUZpzYuhIh7QsNCkYo1G5O0OoekIxwiva0IA6+RHUwo/R5DqOaI/nXq\n5lGSWtOoVXbwvCsTq6HyjSgrTCzrQpoqwj4OGYmP38vjuJ9yDjfHk1mvZn1xedlL\nr9zNB+GnxdpcaNT0k8zeSL2M+ayz6g/sC5JnFcKgHwX0g6OuiAvmSCjakShnURtK\nNDTLVuAGw048h6Rao2UwZvk7HOFEYwTailCpOYpN2xNhCCO6rZPaioYMkpE+Jj2g\nP9jPMJ3Or/z4SQLgi6MNVksNwBIVFn/JAnS4tXCF8p2A8OUCxIPq6mt+YhdckKYZ\n94BBHViBlQwkpvYi08BlAoIBAQDpJn6C5IuunLJBl9wCLZk7UYNBAJENPylETRhX\n83GVwgVq0gzjXaeHKZ8igoeER0Kq53Jib1IiJmREGxJ1HHpumUKZnDqfHBI5Gci0\nHWgAVYYMFE8cQ7KFri3pX2CMvbrI011iXVzao6S5X1uqh/EKmEbpmUMFDSHmPDeO\n5FwRz6YYTUTqA916m/c4dvAjIUatGIP+cR87/zlksLDRPxYQwaqLaCKTdtpfOF0v\nChJU9DZAwnkd+XznqHh+r+eq4VmZ3IFe+hB/MPg/8HE+v9OsYUltyp5Xh7sE3+s5\ncgvmGVw8OjyvitPz+AY08wo9tSF937KXQIkTcQd9f6w+9+J1AoIBAQDUWASvTLcE\n+LAGngoE3WjQSE/BVfq+MZdEiOaKRuBWaQiilgteiS/akGxdKuuiTYV/ab4lGnwf\nDsILz3ri6Zrh22FT8xmoTDuI7c6c5fVDPCGIzciDF4XslEQrA2z3yu8fr92G3v6X\nIIrxShGQzTCSa31E4BMeDLse8H/MlgeAVRiOg7R8gQgrWi95Azmv+qJKu1tWfMbM\nExpWlwhuZjh4JBDCCwyqacTgCaaImPYBZwrUi0N6MfP6Qw3sLn5hzzKEyv3iiIZu\nXkVRjm4NzVZLySEfwd/1qdfbSum5QxkleTb0yXIzWLrhTKKJWRVZXT0XOw1QD/ny\nkGXwOKI6Q/HNAoIBAQCeZVSVwIdVPYetIGqL4Ea2Eg7F3oitIzf5+xaKyg1k3Mep\nZsLyxPHH1fMTEvLWX0NfsJX5Yf++y65axrmnbo2PDfg9O/Jnnj6TJH1CQKgjcfb7\nxeBpJ2TlhQwT/IQvmcaIIXDUHvGyaHLErZAtLuYHeKTUlxb9G4roTAjCv0n9n8EL\nyZMEGVQitEskxUkn1LebaYhjGJ9Lt31adt/piJ6JC8m9pCW5YYnCHxzPlFwX80HY\nhUabop/FEqOqDf+qDCc/bJtH10PV5YMCjWuiYdiAyCeGu50PglsAWNAJ2v1SefA7\nyqTn7b1JhjtRRbyzZ5c1WQCP2XxHBQc9r7tpnCbxAoIBABdZDjrQLpeHWKOBoQxj\n4/By4wIZGBbtkPpiKyctH+GgbuihouJkJzTbCG8+Fuajq3gVAmlF/jvT/ZYa3CIz\nGWqYGp2Gb13H9AvcSgmKZ2tbIzzNk6yGW51luBEasVKVp7FOPwdjYY7wbxaU1FWd\nmiefVgjKso9tSu3d989g97YupSKWbLP75BAQPIQLzL4CyvF4pFRgJ+OsfgrjVHP/\nHVpobMdJO71JH/KaXQtL9lC1KcWxAlxfPbpYwSElA5RxmdZsE3pjFJTyHKEZDhTK\nbSCsHs5FHQEACdH87LIIJK2wJFDKDZqDuRioun5royNOUzdIsPAKsarwIaVGNOA/\nNEkCggEAD61iFO2KtZCdqzDgYiQ3bn6FGuWAlU8o06hfZuYPMZTGDiOXrzCO24XP\n3+7nmCqFe1ylFLiB6r0GM4SR0iTCrH4qj0LNqkF+0kuUCOu5PpC42HOpv+8843R1\n/wzBLrkOtlBNyWKb7q63VFEq9UTCFl8yoQONMw3Eu04wDz4vCOcAk5mhdfDxFaRr\ntQRhB6KIc3kvLZxKF8dln/a3/bW15HK1b3xIgHlqxUAwCgJ7z34sv/1CBHOPrs/T\n1A7jzmCPdRCXEd+rpKBhIM7PIW7dgWUlEmZyfbq01/4I6AHVyQz69+QI5jBz95wW\nYtEsEclYtKAEvxbzhmqBBEy2U8000A==\n-----END PRIVATE KEY-----\n",
            "public_key_fingerprint_md5": "c5:10:a0:29:da:41:b4:99:ff:78:d0:fc:27:2a:2f:d9",
            "public_key_fingerprint_sha256": "SHA256:N3KelFnYEQHzrpUKZ3zrBmATV5MP+WLGEs9GGRoj3Pc",
            "public_key_openssh": "ssh-rsa AAAAB3NzaC1yc2EAAAADAQABAAACAQDBZApEI2rgRJayWBUJ1J+2INbAJ5/Yv7eEWAdK3nIAIRWeR/iamI0Gs1K/CHIVODHcXDp9nZ6t9jc8WgmfXc19UxocapvKPLOjlSak30qBjWyZSytZyhInyQ1q2NKmTwOJ6x3YAXxqQR4kf4CeFfIcTUDFYwye3ZaqQ/AkrzFOseEOHeEMOFKZbydosOi9rAretwWYpLklKwBEw38tq/W8MraPgFuYlYFYzfkuzMWLfcgFXkzf6wQIkYos7QquvwxAJgjm8rqJeBYRpDBH7gAu35QiWxqgIPDPOFBix2Am/UqS0v1+S41t4v3bTagSh8CUnfh1IOVEgrhGzFuDZaYzH/F0owCOeKBFBbcUnuKz5/tajJzNHc7scG0HHeRiielm84OV2vrf6WFvNEz6Svf0w8byDIEqvcdnXY7eVJHBpzd7tOlw/AC1oeXACamRtHJaXDasdbtZTR22yDxZ3JOJ+SUZeyDzp7JKxYfkJjjJrZ23pivfrwWOyZrml8O1BbofxGX3ePMSPfsLdpyVfAA38p9I8RP0jB+K5BO5CNzD8qZAiXxa6ThhCKHyD5ZyTbrlfsxcqexCQaKNYac2W347MJDFO1cPbjJe94LMWGebB3MBHUtpKLAhoYX7eZIRxhG88Kv3BpK92XZQsVpjBzLsIdIIsiFTp6geH+5uj098sQ==\n",
            "public_key_pem": "-----BEGIN PUBLIC KEY-----\nMIICIjANBgkqhkiG9w0BAQEFAAOCAg8AMIICCgKCAgEAwWQKRCNq4ESWslgVCdSf\ntiDWwCef2L+3hFgHSt5yACEVnkf4mpiNBrNSvwhyFTgx3Fw6fZ2erfY3PFoJn13N\nfVMaHGqbyjyzo5UmpN9KgY1smUsrWcoSJ8kNatjSpk8Diesd2AF8akEeJH+AnhXy\nHE1AxWMMnt2WqkPwJK8xTrHhDh3hDDhSmW8naLDovawK3rcFmKS5JSsARMN/Lav1\nvDK2j4BbmJWBWM35LszFi33IBV5M3+sECJGKLO0Krr8MQCYI5vK6iXgWEaQwR+4A\nLt+UIlsaoCDwzzhQYsdgJv1KktL9fkuNbeL9202oEofAlJ34dSDlRIK4Rsxbg2Wm\nMx/xdKMAjnigRQW3FJ7is+f7WoyczR3O7HBtBx3kYonpZvODldr63+lhbzRM+kr3\n9MPG8gyBKr3HZ12O3lSRwac3e7TpcPwAtaHlwAmpkbRyWlw2rHW7WU0dtsg8WdyT\nifklGXsg86eySsWH5CY4ya2dt6Yr368Fjsma5pfDtQW6H8Rl93jzEj37C3aclXwA\nN/KfSPET9IwfiuQTuQjcw/KmQIl8Wuk4YQih8g+Wck265X7MXKnsQkGijWGnNlt+\nOzCQxTtXD24yXveCzFhnmwdzAR1LaSiwIaGF+3mSEcYRvPCr9waSvdl2ULFaYwcy\n7CHSCLIhU6eoHh/ubo9PfLECAwEAAQ==\n-----END PUBLIC KEY-----\n",
            "rsa_bits": 4096
          },
          "sensitive_attributes": [
            [
              {
                "type": "get_attr",
                "value": "private_key_openssh"
              }
            ],
            [
              {
                "type": "get_attr",
                "value": "private_key_pem"
              }
            ],
            [
              {
                "type": "get_attr",
                "value": "private_key_pem_pkcs8"
              }
            ]
          ],
          "identity_schema_version": 0
        }
      ]
    }
  ],
  "check_results": null
}
