{
  "version": 4,
  "terraform_version": "1.12.2",
  "serial": 150,
  "lineage": "6675e915-f3a6-cc52-a089-639f57176202",
  "outputs": {
    "admin_be_private_ip": {
      "value": "10.30.2.96",
      "type": "string"
    },
    "admin_fe_private_ip": {
      "value": "10.30.0.127",
      "type": "string"
    },
    "admin_fe_public_ip": {
      "value": "3.34.42.169",
      "type": "string"
    },
    "connect_ssh_admin_fe": {
      "value": "ssh -i ./id_delivery-app ubuntu@3.34.42.169",
      "type": "string"
    },
    "connect_ssh_customer_fe": {
      "value": "ssh -i ./id_delivery-app ubuntu@3.38.164.164",
      "type": "string"
    },
    "customer_fe_public_ip": {
      "value": "3.38.164.164",
      "type": "string"
    },
    "main_be_private_ip": {
      "value": "10.30.3.234",
      "type": "string"
    },
    "ssh_private_key_path": {
      "value": "./id_delivery-app",
      "type": "string"
    },
    "ssh_user": {
      "value": "ubuntu",
      "type": "string"
    }
  },
  "resources": [
    {
      "mode": "data",
      "type": "aws_ami",
      "name": "ubuntu",
      "provider": "provider[\"registry.terraform.io/hashicorp/aws\"]",
      "instances": [
        {
          "schema_version": 0,
          "attributes": {
            "architecture": "x86_64",
            "arn": "arn:aws:ec2:ap-northeast-2::image/ami-0a71e3eb8b23101ed",
            "block_device_mappings": [
              {
                "device_name": "/dev/sda1",
                "ebs": {
                  "delete_on_termination": "true",
                  "encrypted": "false",
                  "iops": "0",
                  "snapshot_id": "snap-0aa098f3678e6f148",
                  "throughput": "0",
                  "volume_initialization_rate": "0",
                  "volume_size": "8",
                  "volume_type": "gp3"
                },
                "no_device": "",
                "virtual_name": ""
              },
              {
                "device_name": "/dev/sdb",
                "ebs": {},
                "no_device": "",
                "virtual_name": "ephemeral0"
              },
              {
                "device_name": "/dev/sdc",
                "ebs": {},
                "no_device": "",
                "virtual_name": "ephemeral1"
              }
            ],
            "boot_mode": "uefi-preferred",
            "creation_date": "2025-10-22T10:50:08.000Z",
            "deprecation_time": "2027-10-22T10:50:08.000Z",
            "description": "Canonical, Ubuntu, 24.04, amd64 noble image",
            "ena_support": true,
            "executable_users": null,
            "filter": [
              {
                "name": "name",
                "values": [
                  "ubuntu/images/hvm-ssd-gp3/ubuntu-noble-24.04-amd64-server-*"
                ]
              }
            ],
            "hypervisor": "xen",
            "id": "ami-0a71e3eb8b23101ed",
            "image_id": "ami-0a71e3eb8b23101ed",
            "image_location": "amazon/ubuntu/images/hvm-ssd-gp3/ubuntu-noble-24.04-amd64-server-20251022",
            "image_owner_alias": "amazon",
            "image_type": "machine",
            "imds_support": "v2.0",
            "include_deprecated": false,
            "kernel_id": "",
            "last_launched_time": "",
            "most_recent": true,
            "name": "ubuntu/images/hvm-ssd-gp3/ubuntu-noble-24.04-amd64-server-20251022",
            "name_regex": null,
            "owner_id": "099720109477",
            "owners": [
              "099720109477"
            ],
            "platform": "",
            "platform_details": "Linux/UNIX",
            "product_codes": [],
            "public": true,
            "ramdisk_id": "",
            "root_device_name": "/dev/sda1",
            "root_device_type": "ebs",
            "root_snapshot_id": "snap-0aa098f3678e6f148",
            "sriov_net_support": "simple",
            "state": "available",
            "state_reason": {
              "code": "UNSET",
              "message": "UNSET"
            },
            "tags": {},
            "timeouts": null,
            "tpm_support": "",
            "uefi_data": null,
            "usage_operation": "RunInstances",
            "virtualization_type": "hvm"
          },
          "sensitive_attributes": [],
          "identity_schema_version": 0
        }
      ]
    },
    {
      "mode": "data",
      "type": "aws_availability_zones",
      "name": "available",
      "provider": "provider[\"registry.terraform.io/hashicorp/aws\"]",
      "instances": [
        {
          "schema_version": 0,
          "attributes": {
            "all_availability_zones": null,
            "exclude_names": null,
            "exclude_zone_ids": null,
            "filter": null,
            "group_names": [
              "ap-northeast-2-zg-1"
            ],
            "id": "ap-northeast-2",
            "names": [
              "ap-northeast-2a",
              "ap-northeast-2b",
              "ap-northeast-2c",
              "ap-northeast-2d"
            ],
            "state": "available",
            "timeouts": null,
            "zone_ids": [
              "apne2-az1",
              "apne2-az2",
              "apne2-az3",
              "apne2-az4"
            ]
          },
          "sensitive_attributes": [],
          "identity_schema_version": 0
        }
      ]
    },
    {
      "mode": "managed",
      "type": "aws_eip",
      "name": "nat",
      "provider": "provider[\"registry.terraform.io/hashicorp/aws\"]",
      "instances": [
        {
          "schema_version": 0,
          "attributes": {
            "address": null,
            "allocation_id": "eipalloc-093651da44443c6b7",
            "arn": "arn:aws:ec2:ap-northeast-2:645608561450:elastic-ip/eipalloc-093651da44443c6b7",
            "associate_with_private_ip": null,
            "association_id": "",
            "carrier_ip": "",
            "customer_owned_ip": "",
            "customer_owned_ipv4_pool": "",
            "domain": "vpc",
            "id": "eipalloc-093651da44443c6b7",
            "instance": "",
            "ipam_pool_id": null,
            "network_border_group": "ap-northeast-2",
            "network_interface": "",
            "private_dns": null,
            "private_ip": "",
            "ptr_record": "",
            "public_dns": "ec2-13-125-97-154.ap-northeast-2.compute.amazonaws.com",
            "public_ip": "13.125.97.154",
            "public_ipv4_pool": "amazon",
            "tags": {
              "Name": "delivery-app-nat-eip"
            },
            "tags_all": {
              "Name": "delivery-app-nat-eip"
            },
            "timeouts": null,
            "vpc": true
          },
          "sensitive_attributes": [],
          "identity_schema_version": 0,
          "private": "eyJlMmJmYjczMC1lY2FhLTExZTYtOGY4OC0zNDM2M2JjN2M0YzAiOnsiZGVsZXRlIjoxODAwMDAwMDAwMDAsInJlYWQiOjkwMDAwMDAwMDAwMCwidXBkYXRlIjozMDAwMDAwMDAwMDB9fQ=="
        }
      ]
    },
    {
      "mode": "managed",
      "type": "aws_instance",
      "name": "admin_be",
      "provider": "provider[\"registry.terraform.io/hashicorp/aws\"]",
      "instances": [
        {
          "schema_version": 1,
          "attributes": {
            "ami": "ami-0a71e3eb8b23101ed",
            "arn": "arn:aws:ec2:ap-northeast-2:645608561450:instance/i-056b7dfa1e6feec37",
            "associate_public_ip_address": false,
            "availability_zone": "ap-northeast-2a",
            "capacity_reservation_specification": [
              {
                "capacity_reservation_preference": "open",
                "capacity_reservation_target": []
              }
            ],
            "cpu_core_count": 1,
            "cpu_options": [
              {
                "amd_sev_snp": "",
                "core_count": 1,
                "threads_per_core": 2
              }
            ],
            "cpu_threads_per_core": 2,
            "credit_specification": [
              {
                "cpu_credits": "unlimited"
              }
            ],
            "disable_api_stop": false,
            "disable_api_termination": false,
            "ebs_block_device": [],
            "ebs_optimized": false,
            "enable_primary_ipv6": null,
            "enclave_options": [
              {
                "enabled": false
              }
            ],
            "ephemeral_block_device": [],
            "get_password_data": false,
            "hibernation": false,
            "host_id": "",
            "host_resource_group_arn": null,
            "iam_instance_profile": "",
            "id": "i-056b7dfa1e6feec37",
            "instance_initiated_shutdown_behavior": "stop",
            "instance_lifecycle": "",
            "instance_market_options": [],
            "instance_state": "running",
            "instance_type": "t3.small",
            "ipv6_address_count": 0,
            "ipv6_addresses": [],
            "key_name": "delivery-app-kp",
            "launch_template": [],
            "maintenance_options": [
              {
                "auto_recovery": "default"
              }
            ],
            "metadata_options": [
              {
                "http_endpoint": "enabled",
                "http_protocol_ipv6": "disabled",
                "http_put_response_hop_limit": 2,
                "http_tokens": "required",
                "instance_metadata_tags": "disabled"
              }
            ],
            "monitoring": false,
            "network_interface": [],
            "outpost_arn": "",
            "password_data": "",
            "placement_group": "",
            "placement_partition_number": 0,
            "primary_network_interface_id": "eni-0e8d231c3a1122c25",
            "private_dns": "ip-10-30-2-96.ap-northeast-2.compute.internal",
            "private_dns_name_options": [
              {
                "enable_resource_name_dns_a_record": false,
                "enable_resource_name_dns_aaaa_record": false,
                "hostname_type": "ip-name"
              }
            ],
            "private_ip": "10.30.2.96",
            "public_dns": "",
            "public_ip": "",
            "root_block_device": [
              {
                "delete_on_termination": true,
                "device_name": "/dev/sda1",
                "encrypted": false,
                "iops": 3000,
                "kms_key_id": "",
                "tags": {},
                "tags_all": {},
                "throughput": 125,
                "volume_id": "vol-06c12478d692b4a94",
                "volume_size": 8,
                "volume_type": "gp3"
              }
            ],
            "secondary_private_ips": [],
            "security_groups": [],
            "source_dest_check": true,
            "spot_instance_request_id": "",
            "subnet_id": "subnet-09c83ba52d16e3e36",
            "tags": {
              "Name": "delivery-app-admin-be"
            },
            "tags_all": {
              "Name": "delivery-app-admin-be"
            },
            "tenancy": "default",
            "timeouts": null,
            "user_data": null,
            "user_data_base64": null,
            "user_data_replace_on_change": false,
            "volume_tags": null,
            "vpc_security_group_ids": [
              "sg-03aab569cde4dde49"
            ]
          },
          "sensitive_attributes": [],
          "identity_schema_version": 0,
          "private": "eyJlMmJmYjczMC1lY2FhLTExZTYtOGY4OC0zNDM2M2JjN2M0YzAiOnsiY3JlYXRlIjo2MDAwMDAwMDAwMDAsImRlbGV0ZSI6MTIwMDAwMDAwMDAwMCwicmVhZCI6OTAwMDAwMDAwMDAwLCJ1cGRhdGUiOjYwMDAwMDAwMDAwMH0sInNjaGVtYV92ZXJzaW9uIjoiMSJ9",
          "dependencies": [
            "aws_key_pair.kp",
            "aws_security_group.be",
            "aws_security_group.fe",
            "aws_subnet.private",
            "aws_vpc.main",
            "data.aws_ami.ubuntu",
            "data.aws_availability_zones.available",
            "tls_private_key.ssh"
          ]
        }
      ]
    },
    {
      "mode": "managed",
      "type": "aws_instance",
      "name": "admin_fe",
      "provider": "provider[\"registry.terraform.io/hashicorp/aws\"]",
      "instances": [
        {
          "schema_version": 1,
          "attributes": {
            "ami": "ami-0a71e3eb8b23101ed",
            "arn": "arn:aws:ec2:ap-northeast-2:645608561450:instance/i-09918b49b4ea854d3",
            "associate_public_ip_address": true,
            "availability_zone": "ap-northeast-2a",
            "capacity_reservation_specification": [
              {
                "capacity_reservation_preference": "open",
                "capacity_reservation_target": []
              }
            ],
            "cpu_core_count": 1,
            "cpu_options": [
              {
                "amd_sev_snp": "",
                "core_count": 1,
                "threads_per_core": 2
              }
            ],
            "cpu_threads_per_core": 2,
            "credit_specification": [
              {
                "cpu_credits": "unlimited"
              }
            ],
            "disable_api_stop": false,
            "disable_api_termination": false,
            "ebs_block_device": [],
            "ebs_optimized": false,
            "enable_primary_ipv6": null,
            "enclave_options": [
              {
                "enabled": false
              }
            ],
            "ephemeral_block_device": [],
            "get_password_data": false,
            "hibernation": false,
            "host_id": "",
            "host_resource_group_arn": null,
            "iam_instance_profile": "",
            "id": "i-09918b49b4ea854d3",
            "instance_initiated_shutdown_behavior": "stop",
            "instance_lifecycle": "",
            "instance_market_options": [],
            "instance_state": "running",
            "instance_type": "t3.small",
            "ipv6_address_count": 0,
            "ipv6_addresses": [],
            "key_name": "delivery-app-kp",
            "launch_template": [],
            "maintenance_options": [
              {
                "auto_recovery": "default"
              }
            ],
            "metadata_options": [
              {
                "http_endpoint": "enabled",
                "http_protocol_ipv6": "disabled",
                "http_put_response_hop_limit": 2,
                "http_tokens": "required",
                "instance_metadata_tags": "disabled"
              }
            ],
            "monitoring": false,
            "network_interface": [],
            "outpost_arn": "",
            "password_data": "",
            "placement_group": "",
            "placement_partition_number": 0,
            "primary_network_interface_id": "eni-0270ef3a2d8aebd6b",
            "private_dns": "ip-10-30-0-127.ap-northeast-2.compute.internal",
            "private_dns_name_options": [
              {
                "enable_resource_name_dns_a_record": false,
                "enable_resource_name_dns_aaaa_record": false,
                "hostname_type": "ip-name"
              }
            ],
            "private_ip": "10.30.0.127",
            "public_dns": "ec2-3-34-42-169.ap-northeast-2.compute.amazonaws.com",
            "public_ip": "3.34.42.169",
            "root_block_device": [
              {
                "delete_on_termination": true,
                "device_name": "/dev/sda1",
                "encrypted": false,
                "iops": 3000,
                "kms_key_id": "",
                "tags": {},
                "tags_all": {},
                "throughput": 125,
                "volume_id": "vol-015457b4331228e49",
                "volume_size": 8,
                "volume_type": "gp3"
              }
            ],
            "secondary_private_ips": [],
            "security_groups": [],
            "source_dest_check": true,
            "spot_instance_request_id": "",
            "subnet_id": "subnet-0fdd44c3fe6b7b2a0",
            "tags": {
              "Name": "delivery-app-admin-fe"
            },
            "tags_all": {
              "Name": "delivery-app-admin-fe"
            },
            "tenancy": "default",
            "timeouts": null,
            "user_data": null,
            "user_data_base64": null,
            "user_data_replace_on_change": false,
            "volume_tags": null,
            "vpc_security_group_ids": [
              "sg-0cd2821f02cf2c6d1"
            ]
          },
          "sensitive_attributes": [],
          "identity_schema_version": 0,
          "private": "eyJlMmJmYjczMC1lY2FhLTExZTYtOGY4OC0zNDM2M2JjN2M0YzAiOnsiY3JlYXRlIjo2MDAwMDAwMDAwMDAsImRlbGV0ZSI6MTIwMDAwMDAwMDAwMCwicmVhZCI6OTAwMDAwMDAwMDAwLCJ1cGRhdGUiOjYwMDAwMDAwMDAwMH0sInNjaGVtYV92ZXJzaW9uIjoiMSJ9",
          "dependencies": [
            "aws_key_pair.kp",
            "aws_security_group.fe",
            "aws_subnet.public",
            "aws_vpc.main",
            "data.aws_ami.ubuntu",
            "data.aws_availability_zones.available",
            "tls_private_key.ssh"
          ]
        }
      ]
    },
    {
      "mode": "managed",
      "type": "aws_instance",
      "name": "customer_fe",
      "provider": "provider[\"registry.terraform.io/hashicorp/aws\"]",
      "instances": [
        {
          "schema_version": 1,
          "attributes": {
            "ami": "ami-0a71e3eb8b23101ed",
            "arn": "arn:aws:ec2:ap-northeast-2:645608561450:instance/i-044fe237f6985f387",
            "associate_public_ip_address": true,
            "availability_zone": "ap-northeast-2b",
            "capacity_reservation_specification": [
              {
                "capacity_reservation_preference": "open",
                "capacity_reservation_target": []
              }
            ],
            "cpu_core_count": 1,
            "cpu_options": [
              {
                "amd_sev_snp": "",
                "core_count": 1,
                "threads_per_core": 2
              }
            ],
            "cpu_threads_per_core": 2,
            "credit_specification": [
              {
                "cpu_credits": "unlimited"
              }
            ],
            "disable_api_stop": false,
            "disable_api_termination": false,
            "ebs_block_device": [],
            "ebs_optimized": false,
            "enable_primary_ipv6": null,
            "enclave_options": [
              {
                "enabled": false
              }
            ],
            "ephemeral_block_device": [],
            "get_password_data": false,
            "hibernation": false,
            "host_id": "",
            "host_resource_group_arn": null,
            "iam_instance_profile": "",
            "id": "i-044fe237f6985f387",
            "instance_initiated_shutdown_behavior": "stop",
            "instance_lifecycle": "",
            "instance_market_options": [],
            "instance_state": "running",
            "instance_type": "t3.small",
            "ipv6_address_count": 0,
            "ipv6_addresses": [],
            "key_name": "delivery-app-kp",
            "launch_template": [],
            "maintenance_options": [
              {
                "auto_recovery": "default"
              }
            ],
            "metadata_options": [
              {
                "http_endpoint": "enabled",
                "http_protocol_ipv6": "disabled",
                "http_put_response_hop_limit": 2,
                "http_tokens": "required",
                "instance_metadata_tags": "disabled"
              }
            ],
            "monitoring": false,
            "network_interface": [],
            "outpost_arn": "",
            "password_data": "",
            "placement_group": "",
            "placement_partition_number": 0,
            "primary_network_interface_id": "eni-04a8e752fce75ae9c",
            "private_dns": "ip-10-30-1-252.ap-northeast-2.compute.internal",
            "private_dns_name_options": [
              {
                "enable_resource_name_dns_a_record": false,
                "enable_resource_name_dns_aaaa_record": false,
                "hostname_type": "ip-name"
              }
            ],
            "private_ip": "10.30.1.252",
            "public_dns": "ec2-3-38-164-164.ap-northeast-2.compute.amazonaws.com",
            "public_ip": "3.38.164.164",
            "root_block_device": [
              {
                "delete_on_termination": true,
                "device_name": "/dev/sda1",
                "encrypted": false,
                "iops": 3000,
                "kms_key_id": "",
                "tags": {},
                "tags_all": {},
                "throughput": 125,
                "volume_id": "vol-02871c359dc9bcf71",
                "volume_size": 8,
                "volume_type": "gp3"
              }
            ],
            "secondary_private_ips": [],
            "security_groups": [],
            "source_dest_check": true,
            "spot_instance_request_id": "",
            "subnet_id": "subnet-0988bc510be487c9d",
            "tags": {
              "Name": "delivery-app-customer-fe"
            },
            "tags_all": {
              "Name": "delivery-app-customer-fe"
            },
            "tenancy": "default",
            "timeouts": null,
            "user_data": null,
            "user_data_base64": null,
            "user_data_replace_on_change": false,
            "volume_tags": null,
            "vpc_security_group_ids": [
              "sg-0cd2821f02cf2c6d1"
            ]
          },
          "sensitive_attributes": [],
          "identity_schema_version": 0,
          "private": "eyJlMmJmYjczMC1lY2FhLTExZTYtOGY4OC0zNDM2M2JjN2M0YzAiOnsiY3JlYXRlIjo2MDAwMDAwMDAwMDAsImRlbGV0ZSI6MTIwMDAwMDAwMDAwMCwicmVhZCI6OTAwMDAwMDAwMDAwLCJ1cGRhdGUiOjYwMDAwMDAwMDAwMH0sInNjaGVtYV92ZXJzaW9uIjoiMSJ9",
          "dependencies": [
            "aws_key_pair.kp",
            "aws_security_group.fe",
            "aws_subnet.public",
            "aws_vpc.main",
            "data.aws_ami.ubuntu",
            "data.aws_availability_zones.available",
            "tls_private_key.ssh"
          ]
        }
      ]
    },
    {
      "mode": "managed",
      "type": "aws_instance",
      "name": "main_be",
      "provider": "provider[\"registry.terraform.io/hashicorp/aws\"]",
      "instances": [
        {
          "schema_version": 1,
          "attributes": {
            "ami": "ami-0a71e3eb8b23101ed",
            "arn": "arn:aws:ec2:ap-northeast-2:645608561450:instance/i-0e7e3b959e27f39cf",
            "associate_public_ip_address": false,
            "availability_zone": "ap-northeast-2b",
            "capacity_reservation_specification": [
              {
                "capacity_reservation_preference": "open",
                "capacity_reservation_target": []
              }
            ],
            "cpu_core_count": 1,
            "cpu_options": [
              {
                "amd_sev_snp": "",
                "core_count": 1,
                "threads_per_core": 2
              }
            ],
            "cpu_threads_per_core": 2,
            "credit_specification": [
              {
                "cpu_credits": "unlimited"
              }
            ],
            "disable_api_stop": false,
            "disable_api_termination": false,
            "ebs_block_device": [],
            "ebs_optimized": false,
            "enable_primary_ipv6": null,
            "enclave_options": [
              {
                "enabled": false
              }
            ],
            "ephemeral_block_device": [],
            "get_password_data": false,
            "hibernation": false,
            "host_id": "",
            "host_resource_group_arn": null,
            "iam_instance_profile": "",
            "id": "i-0e7e3b959e27f39cf",
            "instance_initiated_shutdown_behavior": "stop",
            "instance_lifecycle": "",
            "instance_market_options": [],
            "instance_state": "running",
            "instance_type": "t3.small",
            "ipv6_address_count": 0,
            "ipv6_addresses": [],
            "key_name": "delivery-app-kp",
            "launch_template": [],
            "maintenance_options": [
              {
                "auto_recovery": "default"
              }
            ],
            "metadata_options": [
              {
                "http_endpoint": "enabled",
                "http_protocol_ipv6": "disabled",
                "http_put_response_hop_limit": 2,
                "http_tokens": "required",
                "instance_metadata_tags": "disabled"
              }
            ],
            "monitoring": false,
            "network_interface": [],
            "outpost_arn": "",
            "password_data": "",
            "placement_group": "",
            "placement_partition_number": 0,
            "primary_network_interface_id": "eni-0bf3f0075ffa92cca",
            "private_dns": "ip-10-30-3-234.ap-northeast-2.compute.internal",
            "private_dns_name_options": [
              {
                "enable_resource_name_dns_a_record": false,
                "enable_resource_name_dns_aaaa_record": false,
                "hostname_type": "ip-name"
              }
            ],
            "private_ip": "10.30.3.234",
            "public_dns": "",
            "public_ip": "",
            "root_block_device": [
              {
                "delete_on_termination": true,
                "device_name": "/dev/sda1",
                "encrypted": false,
                "iops": 3000,
                "kms_key_id": "",
                "tags": {},
                "tags_all": {},
                "throughput": 125,
                "volume_id": "vol-0fbf1bd3e7aded6b9",
                "volume_size": 8,
                "volume_type": "gp3"
              }
            ],
            "secondary_private_ips": [],
            "security_groups": [],
            "source_dest_check": true,
            "spot_instance_request_id": "",
            "subnet_id": "subnet-006226cdd61ad0d82",
            "tags": {
              "Name": "delivery-app-main-be"
            },
            "tags_all": {
              "Name": "delivery-app-main-be"
            },
            "tenancy": "default",
            "timeouts": null,
            "user_data": null,
            "user_data_base64": null,
            "user_data_replace_on_change": false,
            "volume_tags": null,
            "vpc_security_group_ids": [
              "sg-03aab569cde4dde49"
            ]
          },
          "sensitive_attributes": [],
          "identity_schema_version": 0,
          "private": "eyJlMmJmYjczMC1lY2FhLTExZTYtOGY4OC0zNDM2M2JjN2M0YzAiOnsiY3JlYXRlIjo2MDAwMDAwMDAwMDAsImRlbGV0ZSI6MTIwMDAwMDAwMDAwMCwicmVhZCI6OTAwMDAwMDAwMDAwLCJ1cGRhdGUiOjYwMDAwMDAwMDAwMH0sInNjaGVtYV92ZXJzaW9uIjoiMSJ9",
          "dependencies": [
            "aws_key_pair.kp",
            "aws_security_group.be",
            "aws_security_group.fe",
            "aws_subnet.private",
            "aws_vpc.main",
            "data.aws_ami.ubuntu",
            "data.aws_availability_zones.available",
            "tls_private_key.ssh"
          ]
        }
      ]
    },
    {
      "mode": "managed",
      "type": "aws_internet_gateway",
      "name": "igw",
      "provider": "provider[\"registry.terraform.io/hashicorp/aws\"]",
      "instances": [
        {
          "schema_version": 0,
          "attributes": {
            "arn": "arn:aws:ec2:ap-northeast-2:645608561450:internet-gateway/igw-0a0f93f6485f36e5b",
            "id": "igw-0a0f93f6485f36e5b",
            "owner_id": "645608561450",
            "tags": {
              "Name": "delivery-app-igw"
            },
            "tags_all": {
              "Name": "delivery-app-igw"
            },
            "timeouts": null,
            "vpc_id": "vpc-034a4f76fa06adbf7"
          },
          "sensitive_attributes": [],
          "identity_schema_version": 0,
          "private": "eyJlMmJmYjczMC1lY2FhLTExZTYtOGY4OC0zNDM2M2JjN2M0YzAiOnsiY3JlYXRlIjoxMjAwMDAwMDAwMDAwLCJkZWxldGUiOjEyMDAwMDAwMDAwMDAsInVwZGF0ZSI6MTIwMDAwMDAwMDAwMH19",
          "dependencies": [
            "aws_vpc.main"
          ]
        }
      ]
    },
    {
      "mode": "managed",
      "type": "aws_key_pair",
      "name": "kp",
      "provider": "provider[\"registry.terraform.io/hashicorp/aws\"]",
      "instances": [
        {
          "schema_version": 1,
          "attributes": {
            "arn": "arn:aws:ec2:ap-northeast-2:645608561450:key-pair/delivery-app-kp",
            "fingerprint": "da:e7:d9:1a:6b:e0:3f:ea:55:47:82:4e:35:d8:d9:e0",
            "id": "delivery-app-kp",
            "key_name": "delivery-app-kp",
            "key_name_prefix": "",
            "key_pair_id": "key-0aa274720fc7e03f7",
            "key_type": "rsa",
            "public_key": "ssh-rsa AAAAB3NzaC1yc2EAAAADAQABAAACAQCyOvCfDvr3ncoO+6++B7dcI3e+TkcfSIYTF93cqTDHhiAyMMIPgumFoT6mqw58f2L5yWDALEeZSnpLX+Tm6Hbrp7oYDKJt+wYawiYQRyKTh2ZqYQG6xDUdj9mXx839Rtt+OTz89RvbBlh32yGmTnASrxCcbEnHbqhhNsq3yRK/rbRVbvXCWZnt6OBmbV+G6xdqrwsObCztam4CtJgJZ7KGp6iLCytM7KexrKkCj9odN7zlJdhuFVXFk831gib0j3ASHSVu6qsF/5StFFjupqlVEiXIZ+OG7AanQzGWG1ewq1nu1x8uJTmY5WDeU+dl6HNevrfKRAz/SVJ8SIFsZ7G8SR+l0v4WCkWiB31ZFv4EEoMhLayk5hI99s5EzNoKF7Gaon4n6cP1UNw6UK/l8K1iIY1LIiYUIsfEtPNKmVs9AHX5Jg/j2BEyamdApsX/MU07R9JVokZKUOavJx9f1Bn6Of7Qw+F7eRBSwwyOdL8QDttZ6gnJQ85DYyQgwiLSgTuEBoSbypdzKuum5T3dRdNe0pthwV6xsCCgf/4FMi5XGs3UE2UW2u++K/1xIEiX5u50tsx3BDeNp8XJD6KrZwtjw+TQz2LjUdxOnUlnpQgrBMajg9CJAAo9ZIWztzjhPfQTPa9wqWF9MG16IyyAE8awZNKYYrxzlBjkzQjH8qwgbQ==",
            "tags": null,
            "tags_all": {}
          },
          "sensitive_attributes": [],
          "identity_schema_version": 0,
          "private": "eyJzY2hlbWFfdmVyc2lvbiI6IjEifQ==",
          "dependencies": [
            "tls_private_key.ssh"
          ]
        }
      ]
    },
    {
      "mode": "managed",
      "type": "aws_nat_gateway",
      "name": "nat",
      "provider": "provider[\"registry.terraform.io/hashicorp/aws\"]",
      "instances": [
        {
          "schema_version": 0,
          "attributes": {
            "allocation_id": "eipalloc-093651da44443c6b7",
            "association_id": "eipassoc-01fb330cc158e5c03",
            "connectivity_type": "public",
            "id": "nat-023ace0f0f686e121",
            "network_interface_id": "eni-0d940a01a8d2e89e5",
            "private_ip": "10.30.0.95",
            "public_ip": "13.125.97.154",
            "secondary_allocation_ids": null,
            "secondary_private_ip_address_count": 0,
            "secondary_private_ip_addresses": [],
            "subnet_id": "subnet-0fdd44c3fe6b7b2a0",
            "tags": {
              "Name": "delivery-app-nat-gw"
            },
            "tags_all": {
              "Name": "delivery-app-nat-gw"
            },
            "timeouts": null
          },
          "sensitive_attributes": [],
          "identity_schema_version": 0,
          "private": "eyJlMmJmYjczMC1lY2FhLTExZTYtOGY4OC0zNDM2M2JjN2M0YzAiOnsiY3JlYXRlIjo2MDAwMDAwMDAwMDAsImRlbGV0ZSI6MTgwMDAwMDAwMDAwMCwidXBkYXRlIjo2MDAwMDAwMDAwMDB9fQ==",
          "dependencies": [
            "aws_eip.nat",
            "aws_internet_gateway.igw",
            "aws_subnet.public",
            "aws_vpc.main",
            "data.aws_availability_zones.available"
          ]
        }
      ]
    },
    {
      "mode": "managed",
      "type": "aws_route_table",
      "name": "private",
      "provider": "provider[\"registry.terraform.io/hashicorp/aws\"]",
      "instances": [
        {
          "schema_version": 0,
          "attributes": {
            "arn": "arn:aws:ec2:ap-northeast-2:645608561450:route-table/rtb-0261d811637435bf5",
            "id": "rtb-0261d811637435bf5",
            "owner_id": "645608561450",
            "propagating_vgws": [],
            "route": [
              {
                "carrier_gateway_id": "",
                "cidr_block": "0.0.0.0/0",
                "core_network_arn": "",
                "destination_prefix_list_id": "",
                "egress_only_gateway_id": "",
                "gateway_id": "",
                "ipv6_cidr_block": "",
                "local_gateway_id": "",
                "nat_gateway_id": "nat-023ace0f0f686e121",
                "network_interface_id": "",
                "transit_gateway_id": "",
                "vpc_endpoint_id": "",
                "vpc_peering_connection_id": ""
              }
            ],
            "tags": {
              "Name": "delivery-app-private-rt"
            },
            "tags_all": {
              "Name": "delivery-app-private-rt"
            },
            "timeouts": null,
            "vpc_id": "vpc-034a4f76fa06adbf7"
          },
          "sensitive_attributes": [],
          "identity_schema_version": 0,
          "private": "eyJlMmJmYjczMC1lY2FhLTExZTYtOGY4OC0zNDM2M2JjN2M0YzAiOnsiY3JlYXRlIjozMDAwMDAwMDAwMDAsImRlbGV0ZSI6MzAwMDAwMDAwMDAwLCJ1cGRhdGUiOjEyMDAwMDAwMDAwMH19",
          "dependencies": [
            "aws_eip.nat",
            "aws_internet_gateway.igw",
            "aws_nat_gateway.nat",
            "aws_subnet.public",
            "aws_vpc.main",
            "data.aws_availability_zones.available"
          ]
        }
      ]
    },
    {
      "mode": "managed",
      "type": "aws_route_table",
      "name": "public",
      "provider": "provider[\"registry.terraform.io/hashicorp/aws\"]",
      "instances": [
        {
          "schema_version": 0,
          "attributes": {
            "arn": "arn:aws:ec2:ap-northeast-2:645608561450:route-table/rtb-0b8bcd5b16a7b3f64",
            "id": "rtb-0b8bcd5b16a7b3f64",
            "owner_id": "645608561450",
            "propagating_vgws": [],
            "route": [
              {
                "carrier_gateway_id": "",
                "cidr_block": "0.0.0.0/0",
                "core_network_arn": "",
                "destination_prefix_list_id": "",
                "egress_only_gateway_id": "",
                "gateway_id": "igw-0a0f93f6485f36e5b",
                "ipv6_cidr_block": "",
                "local_gateway_id": "",
                "nat_gateway_id": "",
                "network_interface_id": "",
                "transit_gateway_id": "",
                "vpc_endpoint_id": "",
                "vpc_peering_connection_id": ""
              }
            ],
            "tags": {
              "Name": "delivery-app-public-rt"
            },
            "tags_all": {
              "Name": "delivery-app-public-rt"
            },
            "timeouts": null,
            "vpc_id": "vpc-034a4f76fa06adbf7"
          },
          "sensitive_attributes": [],
          "identity_schema_version": 0,
          "private": "eyJlMmJmYjczMC1lY2FhLTExZTYtOGY4OC0zNDM2M2JjN2M0YzAiOnsiY3JlYXRlIjozMDAwMDAwMDAwMDAsImRlbGV0ZSI6MzAwMDAwMDAwMDAwLCJ1cGRhdGUiOjEyMDAwMDAwMDAwMH19",
          "dependencies": [
            "aws_internet_gateway.igw",
            "aws_vpc.main"
          ]
        }
      ]
    },
    {
      "mode": "managed",
      "type": "aws_route_table_association",
      "name": "private_assoc",
      "provider": "provider[\"registry.terraform.io/hashicorp/aws\"]",
      "instances": [
        {
          "index_key": 0,
          "schema_version": 0,
          "attributes": {
            "gateway_id": "",
            "id": "rtbassoc-06527c3cc0830b03d",
            "route_table_id": "rtb-0261d811637435bf5",
            "subnet_id": "subnet-09c83ba52d16e3e36",
            "timeouts": null
          },
          "sensitive_attributes": [],
          "identity_schema_version": 0,
          "private": "eyJlMmJmYjczMC1lY2FhLTExZTYtOGY4OC0zNDM2M2JjN2M0YzAiOnsiY3JlYXRlIjozMDAwMDAwMDAwMDAsImRlbGV0ZSI6MzAwMDAwMDAwMDAwLCJ1cGRhdGUiOjEyMDAwMDAwMDAwMH19",
          "dependencies": [
            "aws_eip.nat",
            "aws_internet_gateway.igw",
            "aws_nat_gateway.nat",
            "aws_route_table.private",
            "aws_subnet.private",
            "aws_subnet.public",
            "aws_vpc.main",
            "data.aws_availability_zones.available"
          ]
        },
        {
          "index_key": 1,
          "schema_version": 0,
          "attributes": {
            "gateway_id": "",
            "id": "rtbassoc-016d283cc70a09273",
            "route_table_id": "rtb-0261d811637435bf5",
            "subnet_id": "subnet-006226cdd61ad0d82",
            "timeouts": null
          },
          "sensitive_attributes": [],
          "identity_schema_version": 0,
          "private": "eyJlMmJmYjczMC1lY2FhLTExZTYtOGY4OC0zNDM2M2JjN2M0YzAiOnsiY3JlYXRlIjozMDAwMDAwMDAwMDAsImRlbGV0ZSI6MzAwMDAwMDAwMDAwLCJ1cGRhdGUiOjEyMDAwMDAwMDAwMH19",
          "dependencies": [
            "aws_eip.nat",
            "aws_internet_gateway.igw",
            "aws_nat_gateway.nat",
            "aws_route_table.private",
            "aws_subnet.private",
            "aws_subnet.public",
            "aws_vpc.main",
            "data.aws_availability_zones.available"
          ]
        }
      ]
    },
    {
      "mode": "managed",
      "type": "aws_route_table_association",
      "name": "public_assoc",
      "provider": "provider[\"registry.terraform.io/hashicorp/aws\"]",
      "instances": [
        {
          "index_key": 0,
          "schema_version": 0,
          "attributes": {
            "gateway_id": "",
            "id": "rtbassoc-0fe82db9123824502",
            "route_table_id": "rtb-0b8bcd5b16a7b3f64",
            "subnet_id": "subnet-0fdd44c3fe6b7b2a0",
            "timeouts": null
          },
          "sensitive_attributes": [],
          "identity_schema_version": 0,
          "private": "eyJlMmJmYjczMC1lY2FhLTExZTYtOGY4OC0zNDM2M2JjN2M0YzAiOnsiY3JlYXRlIjozMDAwMDAwMDAwMDAsImRlbGV0ZSI6MzAwMDAwMDAwMDAwLCJ1cGRhdGUiOjEyMDAwMDAwMDAwMH19",
          "dependencies": [
            "aws_internet_gateway.igw",
            "aws_route_table.public",
            "aws_subnet.public",
            "aws_vpc.main",
            "data.aws_availability_zones.available"
          ]
        },
        {
          "index_key": 1,
          "schema_version": 0,
          "attributes": {
            "gateway_id": "",
            "id": "rtbassoc-05067656d40f5c266",
            "route_table_id": "rtb-0b8bcd5b16a7b3f64",
            "subnet_id": "subnet-0988bc510be487c9d",
            "timeouts": null
          },
          "sensitive_attributes": [],
          "identity_schema_version": 0,
          "private": "eyJlMmJmYjczMC1lY2FhLTExZTYtOGY4OC0zNDM2M2JjN2M0YzAiOnsiY3JlYXRlIjozMDAwMDAwMDAwMDAsImRlbGV0ZSI6MzAwMDAwMDAwMDAwLCJ1cGRhdGUiOjEyMDAwMDAwMDAwMH19",
          "dependencies": [
            "aws_internet_gateway.igw",
            "aws_route_table.public",
            "aws_subnet.public",
            "aws_vpc.main",
            "data.aws_availability_zones.available"
          ]
        }
      ]
    },
    {
      "mode": "managed",
      "type": "aws_security_group",
      "name": "be",
      "provider": "provider[\"registry.terraform.io/hashicorp/aws\"]",
      "instances": [
        {
          "schema_version": 1,
          "attributes": {
            "arn": "arn:aws:ec2:ap-northeast-2:645608561450:security-group/sg-03aab569cde4dde49",
            "description": "Allow app traffic from FE and SSH",
            "egress": [
              {
                "cidr_blocks": [
                  "0.0.0.0/0"
                ],
                "description": "",
                "from_port": 0,
                "ipv6_cidr_blocks": [],
                "prefix_list_ids": [],
                "protocol": "-1",
                "security_groups": [],
                "self": false,
                "to_port": 0
              }
            ],
            "id": "sg-03aab569cde4dde49",
            "ingress": [
              {
                "cidr_blocks": [],
                "description": "",
                "from_port": 0,
                "ipv6_cidr_blocks": [],
                "prefix_list_ids": [],
                "protocol": "-1",
                "security_groups": [],
                "self": true,
                "to_port": 0
              },
              {
                "cidr_blocks": [],
                "description": "",
                "from_port": 22,
                "ipv6_cidr_blocks": [],
                "prefix_list_ids": [],
                "protocol": "tcp",
                "security_groups": [
                  "sg-0cd2821f02cf2c6d1"
                ],
                "self": false,
                "to_port": 22
              },
              {
                "cidr_blocks": [],
                "description": "",
                "from_port": 5000,
                "ipv6_cidr_blocks": [],
                "prefix_list_ids": [],
                "protocol": "tcp",
                "security_groups": [
                  "sg-0cd2821f02cf2c6d1"
                ],
                "self": false,
                "to_port": 5001
              }
            ],
            "name": "delivery-app-be-sg",
            "name_prefix": "",
            "owner_id": "645608561450",
            "revoke_rules_on_delete": false,
            "tags": null,
            "tags_all": {},
            "timeouts": null,
            "vpc_id": "vpc-034a4f76fa06adbf7"
          },
          "sensitive_attributes": [],
          "identity_schema_version": 0,
          "private": "eyJlMmJmYjczMC1lY2FhLTExZTYtOGY4OC0zNDM2M2JjN2M0YzAiOnsiY3JlYXRlIjo2MDAwMDAwMDAwMDAsImRlbGV0ZSI6OTAwMDAwMDAwMDAwfSwic2NoZW1hX3ZlcnNpb24iOiIxIn0=",
          "dependencies": [
            "aws_security_group.fe",
            "aws_vpc.main"
          ]
        }
      ]
    },
    {
      "mode": "managed",
      "type": "aws_security_group",
      "name": "fe",
      "provider": "provider[\"registry.terraform.io/hashicorp/aws\"]",
      "instances": [
        {
          "schema_version": 1,
          "attributes": {
            "arn": "arn:aws:ec2:ap-northeast-2:645608561450:security-group/sg-0cd2821f02cf2c6d1",
            "description": "Allow SSH and HTTP for Frontend",
            "egress": [
              {
                "cidr_blocks": [
                  "0.0.0.0/0"
                ],
                "description": "",
                "from_port": 0,
                "ipv6_cidr_blocks": [],
                "prefix_list_ids": [],
                "protocol": "-1",
                "security_groups": [],
                "self": false,
                "to_port": 0
              }
            ],
            "id": "sg-0cd2821f02cf2c6d1",
            "ingress": [
              {
                "cidr_blocks": [
                  "0.0.0.0/0"
                ],
                "description": "",
                "from_port": 22,
                "ipv6_cidr_blocks": [],
                "prefix_list_ids": [],
                "protocol": "tcp",
                "security_groups": [],
                "self": false,
                "to_port": 22
              },
              {
                "cidr_blocks": [
                  "0.0.0.0/0"
                ],
                "description": "",
                "from_port": 80,
                "ipv6_cidr_blocks": [],
                "prefix_list_ids": [],
                "protocol": "tcp",
                "security_groups": [],
                "self": false,
                "to_port": 80
              }
            ],
            "name": "delivery-app-fe-sg",
            "name_prefix": "",
            "owner_id": "645608561450",
            "revoke_rules_on_delete": false,
            "tags": null,
            "tags_all": {},
            "timeouts": null,
            "vpc_id": "vpc-034a4f76fa06adbf7"
          },
          "sensitive_attributes": [],
          "identity_schema_version": 0,
          "private": "eyJlMmJmYjczMC1lY2FhLTExZTYtOGY4OC0zNDM2M2JjN2M0YzAiOnsiY3JlYXRlIjo2MDAwMDAwMDAwMDAsImRlbGV0ZSI6OTAwMDAwMDAwMDAwfSwic2NoZW1hX3ZlcnNpb24iOiIxIn0=",
          "dependencies": [
            "aws_vpc.main"
          ]
        }
      ]
    },
    {
      "mode": "managed",
      "type": "aws_subnet",
      "name": "private",
      "provider": "provider[\"registry.terraform.io/hashicorp/aws\"]",
      "instances": [
        {
          "index_key": 0,
          "schema_version": 1,
          "attributes": {
            "arn": "arn:aws:ec2:ap-northeast-2:645608561450:subnet/subnet-09c83ba52d16e3e36",
            "assign_ipv6_address_on_creation": false,
            "availability_zone": "ap-northeast-2a",
            "availability_zone_id": "apne2-az1",
            "cidr_block": "10.30.2.0/24",
            "customer_owned_ipv4_pool": "",
            "enable_dns64": false,
            "enable_lni_at_device_index": 0,
            "enable_resource_name_dns_a_record_on_launch": false,
            "enable_resource_name_dns_aaaa_record_on_launch": false,
            "id": "subnet-09c83ba52d16e3e36",
            "ipv6_cidr_block": "",
            "ipv6_cidr_block_association_id": "",
            "ipv6_native": false,
            "map_customer_owned_ip_on_launch": false,
            "map_public_ip_on_launch": false,
            "outpost_arn": "",
            "owner_id": "645608561450",
            "private_dns_hostname_type_on_launch": "ip-name",
            "tags": {
              "Name": "delivery-app-private-subnet-1"
            },
            "tags_all": {
              "Name": "delivery-app-private-subnet-1"
            },
            "timeouts": null,
            "vpc_id": "vpc-034a4f76fa06adbf7"
          },
          "sensitive_attributes": [],
          "identity_schema_version": 0,
          "private": "eyJlMmJmYjczMC1lY2FhLTExZTYtOGY4OC0zNDM2M2JjN2M0YzAiOnsiY3JlYXRlIjo2MDAwMDAwMDAwMDAsImRlbGV0ZSI6MTIwMDAwMDAwMDAwMH0sInNjaGVtYV92ZXJzaW9uIjoiMSJ9",
          "dependencies": [
            "aws_vpc.main",
            "data.aws_availability_zones.available"
          ]
        },
        {
          "index_key": 1,
          "schema_version": 1,
          "attributes": {
            "arn": "arn:aws:ec2:ap-northeast-2:645608561450:subnet/subnet-006226cdd61ad0d82",
            "assign_ipv6_address_on_creation": false,
            "availability_zone": "ap-northeast-2b",
            "availability_zone_id": "apne2-az2",
            "cidr_block": "10.30.3.0/24",
            "customer_owned_ipv4_pool": "",
            "enable_dns64": false,
            "enable_lni_at_device_index": 0,
            "enable_resource_name_dns_a_record_on_launch": false,
            "enable_resource_name_dns_aaaa_record_on_launch": false,
            "id": "subnet-006226cdd61ad0d82",
            "ipv6_cidr_block": "",
            "ipv6_cidr_block_association_id": "",
            "ipv6_native": false,
            "map_customer_owned_ip_on_launch": false,
            "map_public_ip_on_launch": false,
            "outpost_arn": "",
            "owner_id": "645608561450",
            "private_dns_hostname_type_on_launch": "ip-name",
            "tags": {
              "Name": "delivery-app-private-subnet-2"
            },
            "tags_all": {
              "Name": "delivery-app-private-subnet-2"
            },
            "timeouts": null,
            "vpc_id": "vpc-034a4f76fa06adbf7"
          },
          "sensitive_attributes": [],
          "identity_schema_version": 0,
          "private": "eyJlMmJmYjczMC1lY2FhLTExZTYtOGY4OC0zNDM2M2JjN2M0YzAiOnsiY3JlYXRlIjo2MDAwMDAwMDAwMDAsImRlbGV0ZSI6MTIwMDAwMDAwMDAwMH0sInNjaGVtYV92ZXJzaW9uIjoiMSJ9",
          "dependencies": [
            "aws_vpc.main",
            "data.aws_availability_zones.available"
          ]
        }
      ]
    },
    {
      "mode": "managed",
      "type": "aws_subnet",
      "name": "public",
      "provider": "provider[\"registry.terraform.io/hashicorp/aws\"]",
      "instances": [
        {
          "index_key": 0,
          "schema_version": 1,
          "attributes": {
            "arn": "arn:aws:ec2:ap-northeast-2:645608561450:subnet/subnet-0fdd44c3fe6b7b2a0",
            "assign_ipv6_address_on_creation": false,
            "availability_zone": "ap-northeast-2a",
            "availability_zone_id": "apne2-az1",
            "cidr_block": "10.30.0.0/24",
            "customer_owned_ipv4_pool": "",
            "enable_dns64": false,
            "enable_lni_at_device_index": 0,
            "enable_resource_name_dns_a_record_on_launch": false,
            "enable_resource_name_dns_aaaa_record_on_launch": false,
            "id": "subnet-0fdd44c3fe6b7b2a0",
            "ipv6_cidr_block": "",
            "ipv6_cidr_block_association_id": "",
            "ipv6_native": false,
            "map_customer_owned_ip_on_launch": false,
            "map_public_ip_on_launch": true,
            "outpost_arn": "",
            "owner_id": "645608561450",
            "private_dns_hostname_type_on_launch": "ip-name",
            "tags": {
              "Name": "delivery-app-public-subnet-1"
            },
            "tags_all": {
              "Name": "delivery-app-public-subnet-1"
            },
            "timeouts": null,
            "vpc_id": "vpc-034a4f76fa06adbf7"
          },
          "sensitive_attributes": [],
          "identity_schema_version": 0,
          "private": "eyJlMmJmYjczMC1lY2FhLTExZTYtOGY4OC0zNDM2M2JjN2M0YzAiOnsiY3JlYXRlIjo2MDAwMDAwMDAwMDAsImRlbGV0ZSI6MTIwMDAwMDAwMDAwMH0sInNjaGVtYV92ZXJzaW9uIjoiMSJ9",
          "dependencies": [
            "aws_vpc.main",
            "data.aws_availability_zones.available"
          ]
        },
        {
          "index_key": 1,
          "schema_version": 1,
          "attributes": {
            "arn": "arn:aws:ec2:ap-northeast-2:645608561450:subnet/subnet-0988bc510be487c9d",
            "assign_ipv6_address_on_creation": false,
            "availability_zone": "ap-northeast-2b",
            "availability_zone_id": "apne2-az2",
            "cidr_block": "10.30.1.0/24",
            "customer_owned_ipv4_pool": "",
            "enable_dns64": false,
            "enable_lni_at_device_index": 0,
            "enable_resource_name_dns_a_record_on_launch": false,
            "enable_resource_name_dns_aaaa_record_on_launch": false,
            "id": "subnet-0988bc510be487c9d",
            "ipv6_cidr_block": "",
            "ipv6_cidr_block_association_id": "",
            "ipv6_native": false,
            "map_customer_owned_ip_on_launch": false,
            "map_public_ip_on_launch": true,
            "outpost_arn": "",
            "owner_id": "645608561450",
            "private_dns_hostname_type_on_launch": "ip-name",
            "tags": {
              "Name": "delivery-app-public-subnet-2"
            },
            "tags_all": {
              "Name": "delivery-app-public-subnet-2"
            },
            "timeouts": null,
            "vpc_id": "vpc-034a4f76fa06adbf7"
          },
          "sensitive_attributes": [],
          "identity_schema_version": 0,
          "private": "eyJlMmJmYjczMC1lY2FhLTExZTYtOGY4OC0zNDM2M2JjN2M0YzAiOnsiY3JlYXRlIjo2MDAwMDAwMDAwMDAsImRlbGV0ZSI6MTIwMDAwMDAwMDAwMH0sInNjaGVtYV92ZXJzaW9uIjoiMSJ9",
          "dependencies": [
            "aws_vpc.main",
            "data.aws_availability_zones.available"
          ]
        }
      ]
    },
    {
      "mode": "managed",
      "type": "aws_vpc",
      "name": "main",
      "provider": "provider[\"registry.terraform.io/hashicorp/aws\"]",
      "instances": [
        {
          "schema_version": 1,
          "attributes": {
            "arn": "arn:aws:ec2:ap-northeast-2:645608561450:vpc/vpc-034a4f76fa06adbf7",
            "assign_generated_ipv6_cidr_block": false,
            "cidr_block": "10.30.0.0/16",
            "default_network_acl_id": "acl-0fe1761f1e1458946",
            "default_route_table_id": "rtb-0fb928ce147979d0f",
            "default_security_group_id": "sg-00020e4a4c15d9584",
            "dhcp_options_id": "dopt-06578c1a5b87d591d",
            "enable_dns_hostnames": true,
            "enable_dns_support": true,
            "enable_network_address_usage_metrics": false,
            "id": "vpc-034a4f76fa06adbf7",
            "instance_tenancy": "default",
            "ipv4_ipam_pool_id": null,
            "ipv4_netmask_length": null,
            "ipv6_association_id": "",
            "ipv6_cidr_block": "",
            "ipv6_cidr_block_network_border_group": "",
            "ipv6_ipam_pool_id": "",
            "ipv6_netmask_length": 0,
            "main_route_table_id": "rtb-0fb928ce147979d0f",
            "owner_id": "645608561450",
            "tags": {
              "Name": "delivery-app-vpc"
            },
            "tags_all": {
              "Name": "delivery-app-vpc"
            }
          },
          "sensitive_attributes": [],
          "identity_schema_version": 0,
          "private": "eyJzY2hlbWFfdmVyc2lvbiI6IjEifQ=="
        }
      ]
    },
    {
      "mode": "managed",
      "type": "local_file",
      "name": "private_key",
      "provider": "provider[\"registry.terraform.io/hashicorp/local\"]",
      "instances": [
        {
          "schema_version": 0,
          "attributes": {
            "content": "-----BEGIN RSA PRIVATE KEY-----\nMIIJKAIBAAKCAgEAsjrwnw76953KDvuvvge3XCN3vk5HH0iGExfd3Kkwx4YgMjDC\nD4LphaE+pqsOfH9i+clgwCxHmUp6S1/k5uh266e6GAyibfsGGsImEEcik4dmamEB\nusQ1HY/Zl8fN/Ubbfjk8/PUb2wZYd9shpk5wEq8QnGxJx26oYTbKt8kSv620VW71\nwlmZ7ejgZm1fhusXaq8LDmws7WpuArSYCWeyhqeoiwsrTOynsaypAo/aHTe85SXY\nbhVVxZPN9YIm9I9wEh0lbuqrBf+UrRRY7qapVRIlyGfjhuwGp0MxlhtXsKtZ7tcf\nLiU5mOVg3lPnZehzXr63ykQM/0lSfEiBbGexvEkfpdL+FgpFogd9WRb+BBKDIS2s\npOYSPfbORMzaChexmqJ+J+nD9VDcOlCv5fCtYiGNSyImFCLHxLTzSplbPQB1+SYP\n49gRMmpnQKbF/zFNO0fSVaJGSlDmrycfX9QZ+jn+0MPhe3kQUsMMjnS/EA7bWeoJ\nyUPOQ2MkIMIi0oE7hAaEm8qXcyrrpuU93UXTXtKbYcFesbAgoH/+BTIuVxrN1BNl\nFtrvviv9cSBIl+budLbMdwQ3jafFyQ+iq2cLY8Pk0M9i41HcTp1JZ6UIKwTGo4PQ\niQAKPWSFs7c44T30Ez2vcKlhfTBteiMsgBPGsGTSmGK8c5QY5M0Ix/KsIG0CAwEA\nAQKCAgAa+lDxwpK6aGftXKt9WC2pBLVbWP3q/k9NFI/AltuLWAIHltnI/0fZsk6J\na9sFfUK+DH1YmVs9GMjqH9nGGenmQb0pZsAvZY/G/RxF2n6hVh1qfMSGQKzJjLyi\n/NtxOwh+UquonnFY9dzuR30Qb08HhPg+tSV1yooyLNkCeK0d1m01gVYx1N435MgS\nuPt8sJkazOQfisBCL5n3Tt60jb24JCie41HqkufPPRNYD+4z/fvZs6DPCOuyvGyw\nfMLowc108HR6FYtNnSIkELBlb1SyS8zsSM1n3tIi/0jCL+FWHJnATU+q7HeLbSz8\nejbMdiMAdF3df+93tOGHbnIotolwdeuW0nVp7rPFpFmIJ46ZtKp/dJmpHCadtv6T\nYnytHpSoLahMojOSxUOdFfHUEP+4ZdcifwFxiY/2MuQWLPMPe375I6qQxYr2pRKp\nDbM7zI+LuWFiqEyFw0q9ITUMS6GwmePJMvV9HuVchvLcW3k/Ede+wbbzw7Le0nx4\nJVMTgzb9SLSWn2lrj0zpXXKIFVJTywyrX4Y2vhAX3o73GoNvFZ7Hme3m6WJf8gu8\nCtD/Js1xOR2n3Go7z9fea+Pse/KoFH3Qm+ysXyVP5aCLg9fy/CVeRL7RJPES2N9h\nCbmPlYSWMRq8cReW3hFSiqGnQ7xofrFfi+LmDuNBmhTcfFcoAQKCAQEA3ZU5FfWL\nxOtvYvY0kSrShgBAJpBkXTXKvn2cPexo9X31E1ze/zAyGV+VUF1orDxDgvgaOdUu\nyAlNP4Ls8G/Eq+HlP+MbX9PWJu7PZSMeHoyyPC+pJ6nzIxhdqaMER6jOTJUj0P8Y\nuN/q6CL9BZglF1RYen0NdYhYo3LQq0Xw0FaaH18cPOBUrmV/ZiTM65d9G+UXVTkb\njeG7NV/yJupTlZFVrIjNsqkyRMpZnDh59C5bgKi4XQHonCiKREYvcy+ywmO5jUJb\nXFLmuYlzfzqTdOapid5BwL+zq6v9xfDiO2LI2uPfP+/hnqa9hDBksu+DWMv5RJ+v\nXSmDokwzTO9qtQKCAQEAzenjtHWjw8KM2+DVN5yoYXX4/9sSjWj+18qcJM9/Zd89\ncqCbOdlqNujDuOsBUsu3QAo9jIzAvCaGP+izGqSK8sKdvZ1kIaPb2YbxP0EwWyFa\nkedRY+wUtM/1hHLs33zUgYgmlMa4G8ofsTmWBOQrF/iJ3NJfdBbH7TvGIiJvJ4oP\n5dwE0W4qPE4wUCIBSQlFtDkD6gqWBf3qsaq6cCewSxJzB1Z7waLLyf6z1k6e/FXG\ndism25gdxBZFTcc1wyhjMhMggPVgA/HlIULQhlVCz6jKpParEqPv3YqXJxkZC/Tp\nNPBhNboSwKLManAVdWQSv2JU3aLo6rhzZ0RBn3MZ2QKCAQEAvlT9khU3F9E7/n+J\nq+BisWPptrZ033PjUTlIShCWH7kwGI+/pOfbQNxPv5Zc4QVq4EcJEABEjOMgjZuC\ntwzqnNIPP49u5iNqYkrjrvY5Wvhz6SrvW/ipts2pNpumg39GpZW+DDnzHGqKtxfG\ny1VjFuUGk0BznS+fI9bt0xDix7J79NKXyNrRInRguHaH5x5bAukH39aMCpWJX1Gp\nCTBi16jdNLTWK88WNOyziHMinlJrmtpScuG+0tQn4HmBLKoeHMfYjLQhEe7L7Tda\nFEFWhCXWH2zgghao2J+F/s7pJSW3bf4quBrvbH3BcJi5BtKhulaLKR0ZXybXwUM/\nFajZuQKCAQBJoahOIH72AnyyJ5y27Sr85t2qSCFDNddjPM1HEHfi6sgjVDENp6Qm\njGdomYh4neYiXUcTGkXVQgVhlwlsrogNNPCJHF3w9ZIpH+rmjp4HCE9FuyzMiWAC\nJBcMTLhNVmr7Ar+hFcpCDa31hr0RdLHAOZy6vPNrJLZLK8O28w9CWUlEDcAfT8CE\nngUCspY5Erq9LmIq76wj6l9hNsbCUj7lKWy+o/tPC7LJwW13ZdfOLbHxEY8smSGT\nu87+eAzOg4OtJU/LLXMvFfG0Shsc3iIs9ZO5F4em+75LP0K7tWrSbrpxtr9cIfSQ\ns+Za7UePGcDmdPgZ5SZawKhrtemtZdBJAoIBAA9XVUbInD2JKAOIA6GHe36P9rW2\nwWkSqqi/MdOm+FsHdrlESJz9rzqqeGtwPKzqCaa8+GCfodXpYS2PBze3bxY7gk+W\nJPnej2QVKYT0zNfI+qx+w6CpbBoZ2dVScjSbw85izdZaa3eLXKBRj+H0gqJ+aepm\n68AvXlpgUSWMDzpiMvXaVuDn0NooG28Va0SMlwhsN31jXaC18jQ3XkqPaeAJh8nn\nfzYlovc5mTubrv90Qz3gG6Z00QiuLF1gz0TQsJse7Rpa2Bj6U7lpZK8fv+vb9nuI\nPuN82mcY6wh7PsCcCTmxh5x1Brmn3ErGHTsJh7S7zPBvABOVoRQ/uDU9D24=\n-----END RSA PRIVATE KEY-----\n",
            "content_base64": null,
            "content_base64sha256": "qwcs1Rp6nEbMI9372O1d6tmBrnbMKxu5Ph+LeJu+5gY=",
            "content_base64sha512": "N5EYf4Sqpoes4+hyIEFbY4Fx54jvz7QQiAIZZ5ZDy/A/srz+KjRxquasD4Ga6QhoEzgTUi9maePAjEf3ql3GKA==",
            "content_md5": "c143a2535b699a99c9456578d4866929",
            "content_sha1": "01512886f83389277523d687d397997deab7b357",
            "content_sha256": "ab072cd51a7a9c46cc23ddfbd8ed5dead981ae76cc2b1bb93e1f8b789bbee606",
            "content_sha512": "3791187f84aaa687ace3e87220415b638171e788efcfb410880219679643cbf03fb2bcfe2a3471aae6ac0f819ae90868133813522f6669e3c08c47f7aa5dc628",
            "directory_permission": "0777",
            "file_permission": "0600",
            "filename": "./id_delivery-app",
            "id": "01512886f83389277523d687d397997deab7b357",
            "sensitive_content": null,
            "source": null
          },
          "sensitive_attributes": [
            [
              {
                "type": "get_attr",
                "value": "content"
              }
            ],
            [
              {
                "type": "get_attr",
                "value": "sensitive_content"
              }
            ]
          ],
          "identity_schema_version": 0,
          "dependencies": [
            "tls_private_key.ssh"
          ]
        }
      ]
    },
    {
      "mode": "managed",
      "type": "tls_private_key",
      "name": "ssh",
      "provider": "provider[\"registry.terraform.io/hashicorp/tls\"]",
      "instances": [
        {
          "schema_version": 1,
          "attributes": {
            "algorithm": "RSA",
            "ecdsa_curve": "P224",
            "id": "e16901293bbd59bb9a098c38a5dcc046241deb45",
            "private_key_openssh": "-----BEGIN OPENSSH PRIVATE KEY-----\nb3BlbnNzaC1rZXktdjEAAAAABG5vbmUAAAAEbm9uZQAAAAAAAAABAAACFwAAAAdz\nc2gtcnNhAAAAAwEAAQAAAgEAsjrwnw76953KDvuvvge3XCN3vk5HH0iGExfd3Kkw\nx4YgMjDCD4LphaE+pqsOfH9i+clgwCxHmUp6S1/k5uh266e6GAyibfsGGsImEEci\nk4dmamEBusQ1HY/Zl8fN/Ubbfjk8/PUb2wZYd9shpk5wEq8QnGxJx26oYTbKt8kS\nv620VW71wlmZ7ejgZm1fhusXaq8LDmws7WpuArSYCWeyhqeoiwsrTOynsaypAo/a\nHTe85SXYbhVVxZPN9YIm9I9wEh0lbuqrBf+UrRRY7qapVRIlyGfjhuwGp0MxlhtX\nsKtZ7tcfLiU5mOVg3lPnZehzXr63ykQM/0lSfEiBbGexvEkfpdL+FgpFogd9WRb+\nBBKDIS2spOYSPfbORMzaChexmqJ+J+nD9VDcOlCv5fCtYiGNSyImFCLHxLTzSplb\nPQB1+SYP49gRMmpnQKbF/zFNO0fSVaJGSlDmrycfX9QZ+jn+0MPhe3kQUsMMjnS/\nEA7bWeoJyUPOQ2MkIMIi0oE7hAaEm8qXcyrrpuU93UXTXtKbYcFesbAgoH/+BTIu\nVxrN1BNlFtrvviv9cSBIl+budLbMdwQ3jafFyQ+iq2cLY8Pk0M9i41HcTp1JZ6UI\nKwTGo4PQiQAKPWSFs7c44T30Ez2vcKlhfTBteiMsgBPGsGTSmGK8c5QY5M0Ix/Ks\nIG0AAAc4QdmoI0HZqCMAAAAHc3NoLXJzYQAAAgEAsjrwnw76953KDvuvvge3XCN3\nvk5HH0iGExfd3Kkwx4YgMjDCD4LphaE+pqsOfH9i+clgwCxHmUp6S1/k5uh266e6\nGAyibfsGGsImEEcik4dmamEBusQ1HY/Zl8fN/Ubbfjk8/PUb2wZYd9shpk5wEq8Q\nnGxJx26oYTbKt8kSv620VW71wlmZ7ejgZm1fhusXaq8LDmws7WpuArSYCWeyhqeo\niwsrTOynsaypAo/aHTe85SXYbhVVxZPN9YIm9I9wEh0lbuqrBf+UrRRY7qapVRIl\nyGfjhuwGp0MxlhtXsKtZ7tcfLiU5mOVg3lPnZehzXr63ykQM/0lSfEiBbGexvEkf\npdL+FgpFogd9WRb+BBKDIS2spOYSPfbORMzaChexmqJ+J+nD9VDcOlCv5fCtYiGN\nSyImFCLHxLTzSplbPQB1+SYP49gRMmpnQKbF/zFNO0fSVaJGSlDmrycfX9QZ+jn+\n0MPhe3kQUsMMjnS/EA7bWeoJyUPOQ2MkIMIi0oE7hAaEm8qXcyrrpuU93UXTXtKb\nYcFesbAgoH/+BTIuVxrN1BNlFtrvviv9cSBIl+budLbMdwQ3jafFyQ+iq2cLY8Pk\n0M9i41HcTp1JZ6UIKwTGo4PQiQAKPWSFs7c44T30Ez2vcKlhfTBteiMsgBPGsGTS\nmGK8c5QY5M0Ix/KsIG0AAAADAQABAAACABr6UPHCkrpoZ+1cq31YLakEtVtY/er+\nT00Uj8CW24tYAgeW2cj/R9myTolr2wV9Qr4MfViZWz0YyOof2cYZ6eZBvSlmwC9l\nj8b9HEXafqFWHWp8xIZArMmMvKL823E7CH5Sq6iecVj13O5HfRBvTweE+D61JXXK\nijIs2QJ4rR3WbTWBVjHU3jfkyBK4+3ywmRrM5B+KwEIvmfdO3rSNvbgkKJ7jUeqS\n5889E1gP7jP9+9mzoM8I67K8bLB8wujBzXTwdHoVi02dIiQQsGVvVLJLzOxIzWfe\n0iL/SMIv4VYcmcBNT6rsd4ttLPx6Nsx2IwB0Xd1/73e04Yducii2iXB165bSdWnu\ns8WkWYgnjpm0qn90makcJp22/pNifK0elKgtqEyiM5LFQ50V8dQQ/7hl1yJ/AXGJ\nj/Yy5BYs8w97fvkjqpDFivalEqkNszvMj4u5YWKoTIXDSr0hNQxLobCZ48ky9X0e\n5VyG8txbeT8R177BtvPDst7SfHglUxODNv1ItJafaWuPTOldcogVUlPLDKtfhja+\nEBfejvcag28VnseZ7ebpYl/yC7wK0P8mzXE5HafcajvP195r4+x78qgUfdCb7Kxf\nJU/loIuD1/L8JV5EvtEk8RLY32EJuY+VhJYxGrxxF5beEVKKoadDvGh+sV+L4uYO\n40GaFNx8VygBAAABAA9XVUbInD2JKAOIA6GHe36P9rW2wWkSqqi/MdOm+FsHdrlE\nSJz9rzqqeGtwPKzqCaa8+GCfodXpYS2PBze3bxY7gk+WJPnej2QVKYT0zNfI+qx+\nw6CpbBoZ2dVScjSbw85izdZaa3eLXKBRj+H0gqJ+aepm68AvXlpgUSWMDzpiMvXa\nVuDn0NooG28Va0SMlwhsN31jXaC18jQ3XkqPaeAJh8nnfzYlovc5mTubrv90Qz3g\nG6Z00QiuLF1gz0TQsJse7Rpa2Bj6U7lpZK8fv+vb9nuIPuN82mcY6wh7PsCcCTmx\nh5x1Brmn3ErGHTsJh7S7zPBvABOVoRQ/uDU9D24AAAEBAN2VORX1i8Trb2L2NJEq\n0oYAQCaQZF01yr59nD3saPV99RNc3v8wMhlflVBdaKw8Q4L4GjnVLsgJTT+C7PBv\nxKvh5T/jG1/T1ibuz2UjHh6MsjwvqSep8yMYXamjBEeozkyVI9D/GLjf6ugi/QWY\nJRdUWHp9DXWIWKNy0KtF8NBWmh9fHDzgVK5lf2YkzOuXfRvlF1U5G43huzVf8ibq\nU5WRVayIzbKpMkTKWZw4efQuW4CouF0B6JwoikRGL3MvssJjuY1CW1xS5rmJc386\nk3TmqYneQcC/s6ur/cXw4jtiyNrj3z/v4Z6mvYQwZLLvg1jL+USfr10pg6JMM0zv\narUAAAEBAM3p47R1o8PCjNvg1TecqGF1+P/bEo1o/tfKnCTPf2XfPXKgmznZajbo\nw7jrAVLLt0AKPYyMwLwmhj/osxqkivLCnb2dZCGj29mG8T9BMFshWpHnUWPsFLTP\n9YRy7N981IGIJpTGuBvKH7E5lgTkKxf4idzSX3QWx+07xiIibyeKD+XcBNFuKjxO\nMFAiAUkJRbQ5A+oKlgX96rGqunAnsEsScwdWe8Giy8n+s9ZOnvxVxnYrJtuYHcQW\nRU3HNcMoYzITIID1YAPx5SFC0IZVQs+oyqT2qxKj792KlycZGQv06TTwYTW6EsCi\nzGpwFXVkEr9iVN2i6Oq4c2dEQZ9zGdkAAAAAAQID\n-----END OPENSSH PRIVATE KEY-----\n",
            "private_key_pem": "-----BEGIN RSA PRIVATE KEY-----\nMIIJKAIBAAKCAgEAsjrwnw76953KDvuvvge3XCN3vk5HH0iGExfd3Kkwx4YgMjDC\nD4LphaE+pqsOfH9i+clgwCxHmUp6S1/k5uh266e6GAyibfsGGsImEEcik4dmamEB\nusQ1HY/Zl8fN/Ubbfjk8/PUb2wZYd9shpk5wEq8QnGxJx26oYTbKt8kSv620VW71\nwlmZ7ejgZm1fhusXaq8LDmws7WpuArSYCWeyhqeoiwsrTOynsaypAo/aHTe85SXY\nbhVVxZPN9YIm9I9wEh0lbuqrBf+UrRRY7qapVRIlyGfjhuwGp0MxlhtXsKtZ7tcf\nLiU5mOVg3lPnZehzXr63ykQM/0lSfEiBbGexvEkfpdL+FgpFogd9WRb+BBKDIS2s\npOYSPfbORMzaChexmqJ+J+nD9VDcOlCv5fCtYiGNSyImFCLHxLTzSplbPQB1+SYP\n49gRMmpnQKbF/zFNO0fSVaJGSlDmrycfX9QZ+jn+0MPhe3kQUsMMjnS/EA7bWeoJ\nyUPOQ2MkIMIi0oE7hAaEm8qXcyrrpuU93UXTXtKbYcFesbAgoH/+BTIuVxrN1BNl\nFtrvviv9cSBIl+budLbMdwQ3jafFyQ+iq2cLY8Pk0M9i41HcTp1JZ6UIKwTGo4PQ\niQAKPWSFs7c44T30Ez2vcKlhfTBteiMsgBPGsGTSmGK8c5QY5M0Ix/KsIG0CAwEA\nAQKCAgAa+lDxwpK6aGftXKt9WC2pBLVbWP3q/k9NFI/AltuLWAIHltnI/0fZsk6J\na9sFfUK+DH1YmVs9GMjqH9nGGenmQb0pZsAvZY/G/RxF2n6hVh1qfMSGQKzJjLyi\n/NtxOwh+UquonnFY9dzuR30Qb08HhPg+tSV1yooyLNkCeK0d1m01gVYx1N435MgS\nuPt8sJkazOQfisBCL5n3Tt60jb24JCie41HqkufPPRNYD+4z/fvZs6DPCOuyvGyw\nfMLowc108HR6FYtNnSIkELBlb1SyS8zsSM1n3tIi/0jCL+FWHJnATU+q7HeLbSz8\nejbMdiMAdF3df+93tOGHbnIotolwdeuW0nVp7rPFpFmIJ46ZtKp/dJmpHCadtv6T\nYnytHpSoLahMojOSxUOdFfHUEP+4ZdcifwFxiY/2MuQWLPMPe375I6qQxYr2pRKp\nDbM7zI+LuWFiqEyFw0q9ITUMS6GwmePJMvV9HuVchvLcW3k/Ede+wbbzw7Le0nx4\nJVMTgzb9SLSWn2lrj0zpXXKIFVJTywyrX4Y2vhAX3o73GoNvFZ7Hme3m6WJf8gu8\nCtD/Js1xOR2n3Go7z9fea+Pse/KoFH3Qm+ysXyVP5aCLg9fy/CVeRL7RJPES2N9h\nCbmPlYSWMRq8cReW3hFSiqGnQ7xofrFfi+LmDuNBmhTcfFcoAQKCAQEA3ZU5FfWL\nxOtvYvY0kSrShgBAJpBkXTXKvn2cPexo9X31E1ze/zAyGV+VUF1orDxDgvgaOdUu\nyAlNP4Ls8G/Eq+HlP+MbX9PWJu7PZSMeHoyyPC+pJ6nzIxhdqaMER6jOTJUj0P8Y\nuN/q6CL9BZglF1RYen0NdYhYo3LQq0Xw0FaaH18cPOBUrmV/ZiTM65d9G+UXVTkb\njeG7NV/yJupTlZFVrIjNsqkyRMpZnDh59C5bgKi4XQHonCiKREYvcy+ywmO5jUJb\nXFLmuYlzfzqTdOapid5BwL+zq6v9xfDiO2LI2uPfP+/hnqa9hDBksu+DWMv5RJ+v\nXSmDokwzTO9qtQKCAQEAzenjtHWjw8KM2+DVN5yoYXX4/9sSjWj+18qcJM9/Zd89\ncqCbOdlqNujDuOsBUsu3QAo9jIzAvCaGP+izGqSK8sKdvZ1kIaPb2YbxP0EwWyFa\nkedRY+wUtM/1hHLs33zUgYgmlMa4G8ofsTmWBOQrF/iJ3NJfdBbH7TvGIiJvJ4oP\n5dwE0W4qPE4wUCIBSQlFtDkD6gqWBf3qsaq6cCewSxJzB1Z7waLLyf6z1k6e/FXG\ndism25gdxBZFTcc1wyhjMhMggPVgA/HlIULQhlVCz6jKpParEqPv3YqXJxkZC/Tp\nNPBhNboSwKLManAVdWQSv2JU3aLo6rhzZ0RBn3MZ2QKCAQEAvlT9khU3F9E7/n+J\nq+BisWPptrZ033PjUTlIShCWH7kwGI+/pOfbQNxPv5Zc4QVq4EcJEABEjOMgjZuC\ntwzqnNIPP49u5iNqYkrjrvY5Wvhz6SrvW/ipts2pNpumg39GpZW+DDnzHGqKtxfG\ny1VjFuUGk0BznS+fI9bt0xDix7J79NKXyNrRInRguHaH5x5bAukH39aMCpWJX1Gp\nCTBi16jdNLTWK88WNOyziHMinlJrmtpScuG+0tQn4HmBLKoeHMfYjLQhEe7L7Tda\nFEFWhCXWH2zgghao2J+F/s7pJSW3bf4quBrvbH3BcJi5BtKhulaLKR0ZXybXwUM/\nFajZuQKCAQBJoahOIH72AnyyJ5y27Sr85t2qSCFDNddjPM1HEHfi6sgjVDENp6Qm\njGdomYh4neYiXUcTGkXVQgVhlwlsrogNNPCJHF3w9ZIpH+rmjp4HCE9FuyzMiWAC\nJBcMTLhNVmr7Ar+hFcpCDa31hr0RdLHAOZy6vPNrJLZLK8O28w9CWUlEDcAfT8CE\nngUCspY5Erq9LmIq76wj6l9hNsbCUj7lKWy+o/tPC7LJwW13ZdfOLbHxEY8smSGT\nu87+eAzOg4OtJU/LLXMvFfG0Shsc3iIs9ZO5F4em+75LP0K7tWrSbrpxtr9cIfSQ\ns+Za7UePGcDmdPgZ5SZawKhrtemtZdBJAoIBAA9XVUbInD2JKAOIA6GHe36P9rW2\nwWkSqqi/MdOm+FsHdrlESJz9rzqqeGtwPKzqCaa8+GCfodXpYS2PBze3bxY7gk+W\nJPnej2QVKYT0zNfI+qx+w6CpbBoZ2dVScjSbw85izdZaa3eLXKBRj+H0gqJ+aepm\n68AvXlpgUSWMDzpiMvXaVuDn0NooG28Va0SMlwhsN31jXaC18jQ3XkqPaeAJh8nn\nfzYlovc5mTubrv90Qz3gG6Z00QiuLF1gz0TQsJse7Rpa2Bj6U7lpZK8fv+vb9nuI\nPuN82mcY6wh7PsCcCTmxh5x1Brmn3ErGHTsJh7S7zPBvABOVoRQ/uDU9D24=\n-----END RSA PRIVATE KEY-----\n",
            "private_key_pem_pkcs8": "-----BEGIN PRIVATE KEY-----\nMIIJQgIBADANBgkqhkiG9w0BAQEFAASCCSwwggkoAgEAAoICAQCyOvCfDvr3ncoO\n+6++B7dcI3e+TkcfSIYTF93cqTDHhiAyMMIPgumFoT6mqw58f2L5yWDALEeZSnpL\nX+Tm6Hbrp7oYDKJt+wYawiYQRyKTh2ZqYQG6xDUdj9mXx839Rtt+OTz89RvbBlh3\n2yGmTnASrxCcbEnHbqhhNsq3yRK/rbRVbvXCWZnt6OBmbV+G6xdqrwsObCztam4C\ntJgJZ7KGp6iLCytM7KexrKkCj9odN7zlJdhuFVXFk831gib0j3ASHSVu6qsF/5St\nFFjupqlVEiXIZ+OG7AanQzGWG1ewq1nu1x8uJTmY5WDeU+dl6HNevrfKRAz/SVJ8\nSIFsZ7G8SR+l0v4WCkWiB31ZFv4EEoMhLayk5hI99s5EzNoKF7Gaon4n6cP1UNw6\nUK/l8K1iIY1LIiYUIsfEtPNKmVs9AHX5Jg/j2BEyamdApsX/MU07R9JVokZKUOav\nJx9f1Bn6Of7Qw+F7eRBSwwyOdL8QDttZ6gnJQ85DYyQgwiLSgTuEBoSbypdzKuum\n5T3dRdNe0pthwV6xsCCgf/4FMi5XGs3UE2UW2u++K/1xIEiX5u50tsx3BDeNp8XJ\nD6KrZwtjw+TQz2LjUdxOnUlnpQgrBMajg9CJAAo9ZIWztzjhPfQTPa9wqWF9MG16\nIyyAE8awZNKYYrxzlBjkzQjH8qwgbQIDAQABAoICABr6UPHCkrpoZ+1cq31YLakE\ntVtY/er+T00Uj8CW24tYAgeW2cj/R9myTolr2wV9Qr4MfViZWz0YyOof2cYZ6eZB\nvSlmwC9lj8b9HEXafqFWHWp8xIZArMmMvKL823E7CH5Sq6iecVj13O5HfRBvTweE\n+D61JXXKijIs2QJ4rR3WbTWBVjHU3jfkyBK4+3ywmRrM5B+KwEIvmfdO3rSNvbgk\nKJ7jUeqS5889E1gP7jP9+9mzoM8I67K8bLB8wujBzXTwdHoVi02dIiQQsGVvVLJL\nzOxIzWfe0iL/SMIv4VYcmcBNT6rsd4ttLPx6Nsx2IwB0Xd1/73e04Yducii2iXB1\n65bSdWnus8WkWYgnjpm0qn90makcJp22/pNifK0elKgtqEyiM5LFQ50V8dQQ/7hl\n1yJ/AXGJj/Yy5BYs8w97fvkjqpDFivalEqkNszvMj4u5YWKoTIXDSr0hNQxLobCZ\n48ky9X0e5VyG8txbeT8R177BtvPDst7SfHglUxODNv1ItJafaWuPTOldcogVUlPL\nDKtfhja+EBfejvcag28VnseZ7ebpYl/yC7wK0P8mzXE5HafcajvP195r4+x78qgU\nfdCb7KxfJU/loIuD1/L8JV5EvtEk8RLY32EJuY+VhJYxGrxxF5beEVKKoadDvGh+\nsV+L4uYO40GaFNx8VygBAoIBAQDdlTkV9YvE629i9jSRKtKGAEAmkGRdNcq+fZw9\n7Gj1ffUTXN7/MDIZX5VQXWisPEOC+Bo51S7ICU0/guzwb8Sr4eU/4xtf09Ym7s9l\nIx4ejLI8L6knqfMjGF2powRHqM5MlSPQ/xi43+roIv0FmCUXVFh6fQ11iFijctCr\nRfDQVpofXxw84FSuZX9mJMzrl30b5RdVORuN4bs1X/Im6lOVkVWsiM2yqTJEylmc\nOHn0LluAqLhdAeicKIpERi9zL7LCY7mNQltcUua5iXN/OpN05qmJ3kHAv7Orq/3F\n8OI7Ysja498/7+Gepr2EMGSy74NYy/lEn69dKYOiTDNM72q1AoIBAQDN6eO0daPD\nwozb4NU3nKhhdfj/2xKNaP7Xypwkz39l3z1yoJs52Wo26MO46wFSy7dACj2MjMC8\nJoY/6LMapIrywp29nWQho9vZhvE/QTBbIVqR51Fj7BS0z/WEcuzffNSBiCaUxrgb\nyh+xOZYE5CsX+Inc0l90FsftO8YiIm8nig/l3ATRbio8TjBQIgFJCUW0OQPqCpYF\n/eqxqrpwJ7BLEnMHVnvBosvJ/rPWTp78VcZ2KybbmB3EFkVNxzXDKGMyEyCA9WAD\n8eUhQtCGVULPqMqk9qsSo+/dipcnGRkL9Ok08GE1uhLAosxqcBV1ZBK/YlTdoujq\nuHNnREGfcxnZAoIBAQC+VP2SFTcX0Tv+f4mr4GKxY+m2tnTfc+NROUhKEJYfuTAY\nj7+k59tA3E+/llzhBWrgRwkQAESM4yCNm4K3DOqc0g8/j27mI2piSuOu9jla+HPp\nKu9b+Km2zak2m6aDf0allb4MOfMcaoq3F8bLVWMW5QaTQHOdL58j1u3TEOLHsnv0\n0pfI2tEidGC4dofnHlsC6Qff1owKlYlfUakJMGLXqN00tNYrzxY07LOIcyKeUmua\n2lJy4b7S1CfgeYEsqh4cx9iMtCER7svtN1oUQVaEJdYfbOCCFqjYn4X+zuklJbdt\n/iq4Gu9sfcFwmLkG0qG6VospHRlfJtfBQz8VqNm5AoIBAEmhqE4gfvYCfLInnLbt\nKvzm3apIIUM112M8zUcQd+LqyCNUMQ2npCaMZ2iZiHid5iJdRxMaRdVCBWGXCWyu\niA008IkcXfD1kikf6uaOngcIT0W7LMyJYAIkFwxMuE1WavsCv6EVykINrfWGvRF0\nscA5nLq882sktksrw7bzD0JZSUQNwB9PwISeBQKyljkSur0uYirvrCPqX2E2xsJS\nPuUpbL6j+08LssnBbXdl184tsfERjyyZIZO7zv54DM6Dg60lT8stcy8V8bRKGxze\nIiz1k7kXh6b7vks/Qru1atJuunG2v1wh9JCz5lrtR48ZwOZ0+BnlJlrAqGu16a1l\n0EkCggEAD1dVRsicPYkoA4gDoYd7fo/2tbbBaRKqqL8x06b4Wwd2uURInP2vOqp4\na3A8rOoJprz4YJ+h1elhLY8HN7dvFjuCT5Yk+d6PZBUphPTM18j6rH7DoKlsGhnZ\n1VJyNJvDzmLN1lprd4tcoFGP4fSCon5p6mbrwC9eWmBRJYwPOmIy9dpW4OfQ2igb\nbxVrRIyXCGw3fWNdoLXyNDdeSo9p4AmHyed/NiWi9zmZO5uu/3RDPeAbpnTRCK4s\nXWDPRNCwmx7tGlrYGPpTuWlkrx+/69v2e4g+43zaZxjrCHs+wJwJObGHnHUGuafc\nSsYdOwmHtLvM8G8AE5WhFD+4NT0Pbg==\n-----END PRIVATE KEY-----\n",
            "public_key_fingerprint_md5": "55:93:e6:46:01:75:5f:99:4f:1a:20:54:16:de:56:62",
            "public_key_fingerprint_sha256": "SHA256:Yc33biYGpCvIVh83ahx6meYKl0hzbA8ha7PZdL58yPI",
            "public_key_openssh": "ssh-rsa AAAAB3NzaC1yc2EAAAADAQABAAACAQCyOvCfDvr3ncoO+6++B7dcI3e+TkcfSIYTF93cqTDHhiAyMMIPgumFoT6mqw58f2L5yWDALEeZSnpLX+Tm6Hbrp7oYDKJt+wYawiYQRyKTh2ZqYQG6xDUdj9mXx839Rtt+OTz89RvbBlh32yGmTnASrxCcbEnHbqhhNsq3yRK/rbRVbvXCWZnt6OBmbV+G6xdqrwsObCztam4CtJgJZ7KGp6iLCytM7KexrKkCj9odN7zlJdhuFVXFk831gib0j3ASHSVu6qsF/5StFFjupqlVEiXIZ+OG7AanQzGWG1ewq1nu1x8uJTmY5WDeU+dl6HNevrfKRAz/SVJ8SIFsZ7G8SR+l0v4WCkWiB31ZFv4EEoMhLayk5hI99s5EzNoKF7Gaon4n6cP1UNw6UK/l8K1iIY1LIiYUIsfEtPNKmVs9AHX5Jg/j2BEyamdApsX/MU07R9JVokZKUOavJx9f1Bn6Of7Qw+F7eRBSwwyOdL8QDttZ6gnJQ85DYyQgwiLSgTuEBoSbypdzKuum5T3dRdNe0pthwV6xsCCgf/4FMi5XGs3UE2UW2u++K/1xIEiX5u50tsx3BDeNp8XJD6KrZwtjw+TQz2LjUdxOnUlnpQgrBMajg9CJAAo9ZIWztzjhPfQTPa9wqWF9MG16IyyAE8awZNKYYrxzlBjkzQjH8qwgbQ==\n",
            "public_key_pem": "-----BEGIN PUBLIC KEY-----\nMIICIjANBgkqhkiG9w0BAQEFAAOCAg8AMIICCgKCAgEAsjrwnw76953KDvuvvge3\nXCN3vk5HH0iGExfd3Kkwx4YgMjDCD4LphaE+pqsOfH9i+clgwCxHmUp6S1/k5uh2\n66e6GAyibfsGGsImEEcik4dmamEBusQ1HY/Zl8fN/Ubbfjk8/PUb2wZYd9shpk5w\nEq8QnGxJx26oYTbKt8kSv620VW71wlmZ7ejgZm1fhusXaq8LDmws7WpuArSYCWey\nhqeoiwsrTOynsaypAo/aHTe85SXYbhVVxZPN9YIm9I9wEh0lbuqrBf+UrRRY7qap\nVRIlyGfjhuwGp0MxlhtXsKtZ7tcfLiU5mOVg3lPnZehzXr63ykQM/0lSfEiBbGex\nvEkfpdL+FgpFogd9WRb+BBKDIS2spOYSPfbORMzaChexmqJ+J+nD9VDcOlCv5fCt\nYiGNSyImFCLHxLTzSplbPQB1+SYP49gRMmpnQKbF/zFNO0fSVaJGSlDmrycfX9QZ\n+jn+0MPhe3kQUsMMjnS/EA7bWeoJyUPOQ2MkIMIi0oE7hAaEm8qXcyrrpuU93UXT\nXtKbYcFesbAgoH/+BTIuVxrN1BNlFtrvviv9cSBIl+budLbMdwQ3jafFyQ+iq2cL\nY8Pk0M9i41HcTp1JZ6UIKwTGo4PQiQAKPWSFs7c44T30Ez2vcKlhfTBteiMsgBPG\nsGTSmGK8c5QY5M0Ix/KsIG0CAwEAAQ==\n-----END PUBLIC KEY-----\n",
            "rsa_bits": 4096
          },
          "sensitive_attributes": [
            [
              {
                "type": "get_attr",
                "value": "private_key_openssh"
              }
            ],
            [
              {
                "type": "get_attr",
                "value": "private_key_pem"
              }
            ],
            [
              {
                "type": "get_attr",
                "value": "private_key_pem_pkcs8"
              }
            ]
          ],
          "identity_schema_version": 0
        }
      ]
    }
  ],
  "check_results": null
}
