{
  "version": 4,
  "terraform_version": "1.12.2",
  "serial": 100,
  "lineage": "6675e915-f3a6-cc52-a089-639f57176202",
  "outputs": {
    "admin_be_private_ip": {
      "value": "10.30.2.97",
      "type": "string"
    },
    "admin_fe_public_ip": {
      "value": "52.78.35.196",
      "type": "string"
    },
    "connect_ssh_admin_fe": {
      "value": "ssh -i ./id_delivery-app ubuntu@52.78.35.196",
      "type": "string"
    },
    "connect_ssh_customer_fe": {
      "value": "ssh -i ./id_delivery-app ubuntu@43.201.42.68",
      "type": "string"
    },
    "customer_fe_public_ip": {
      "value": "43.201.42.68",
      "type": "string"
    },
    "main_be_private_ip": {
      "value": "10.30.3.136",
      "type": "string"
    },
    "ssh_private_key_path": {
      "value": "./id_delivery-app",
      "type": "string"
    },
    "ssh_user": {
      "value": "ubuntu",
      "type": "string"
    }
  },
  "resources": [
    {
      "mode": "data",
      "type": "aws_ami",
      "name": "ubuntu",
      "provider": "provider[\"registry.terraform.io/hashicorp/aws\"]",
      "instances": [
        {
          "schema_version": 0,
          "attributes": {
            "architecture": "x86_64",
            "arn": "arn:aws:ec2:ap-northeast-2::image/ami-0a71e3eb8b23101ed",
            "block_device_mappings": [
              {
                "device_name": "/dev/sda1",
                "ebs": {
                  "delete_on_termination": "true",
                  "encrypted": "false",
                  "iops": "0",
                  "snapshot_id": "snap-0aa098f3678e6f148",
                  "throughput": "0",
                  "volume_initialization_rate": "0",
                  "volume_size": "8",
                  "volume_type": "gp3"
                },
                "no_device": "",
                "virtual_name": ""
              },
              {
                "device_name": "/dev/sdb",
                "ebs": {},
                "no_device": "",
                "virtual_name": "ephemeral0"
              },
              {
                "device_name": "/dev/sdc",
                "ebs": {},
                "no_device": "",
                "virtual_name": "ephemeral1"
              }
            ],
            "boot_mode": "uefi-preferred",
            "creation_date": "2025-10-22T10:50:08.000Z",
            "deprecation_time": "2027-10-22T10:50:08.000Z",
            "description": "Canonical, Ubuntu, 24.04, amd64 noble image",
            "ena_support": true,
            "executable_users": null,
            "filter": [
              {
                "name": "name",
                "values": [
                  "ubuntu/images/hvm-ssd-gp3/ubuntu-noble-24.04-amd64-server-*"
                ]
              }
            ],
            "hypervisor": "xen",
            "id": "ami-0a71e3eb8b23101ed",
            "image_id": "ami-0a71e3eb8b23101ed",
            "image_location": "amazon/ubuntu/images/hvm-ssd-gp3/ubuntu-noble-24.04-amd64-server-20251022",
            "image_owner_alias": "amazon",
            "image_type": "machine",
            "imds_support": "v2.0",
            "include_deprecated": false,
            "kernel_id": "",
            "last_launched_time": "",
            "most_recent": true,
            "name": "ubuntu/images/hvm-ssd-gp3/ubuntu-noble-24.04-amd64-server-20251022",
            "name_regex": null,
            "owner_id": "099720109477",
            "owners": [
              "099720109477"
            ],
            "platform": "",
            "platform_details": "Linux/UNIX",
            "product_codes": [],
            "public": true,
            "ramdisk_id": "",
            "root_device_name": "/dev/sda1",
            "root_device_type": "ebs",
            "root_snapshot_id": "snap-0aa098f3678e6f148",
            "sriov_net_support": "simple",
            "state": "available",
            "state_reason": {
              "code": "UNSET",
              "message": "UNSET"
            },
            "tags": {},
            "timeouts": null,
            "tpm_support": "",
            "uefi_data": null,
            "usage_operation": "RunInstances",
            "virtualization_type": "hvm"
          },
          "sensitive_attributes": [],
          "identity_schema_version": 0
        }
      ]
    },
    {
      "mode": "data",
      "type": "aws_availability_zones",
      "name": "available",
      "provider": "provider[\"registry.terraform.io/hashicorp/aws\"]",
      "instances": [
        {
          "schema_version": 0,
          "attributes": {
            "all_availability_zones": null,
            "exclude_names": null,
            "exclude_zone_ids": null,
            "filter": null,
            "group_names": [
              "ap-northeast-2-zg-1"
            ],
            "id": "ap-northeast-2",
            "names": [
              "ap-northeast-2a",
              "ap-northeast-2b",
              "ap-northeast-2c",
              "ap-northeast-2d"
            ],
            "state": "available",
            "timeouts": null,
            "zone_ids": [
              "apne2-az1",
              "apne2-az2",
              "apne2-az3",
              "apne2-az4"
            ]
          },
          "sensitive_attributes": [],
          "identity_schema_version": 0
        }
      ]
    },
    {
      "mode": "managed",
      "type": "aws_eip",
      "name": "nat",
      "provider": "provider[\"registry.terraform.io/hashicorp/aws\"]",
      "instances": [
        {
          "schema_version": 0,
          "attributes": {
            "address": null,
            "allocation_id": "eipalloc-0d6d6c0aa827e4b65",
            "arn": "arn:aws:ec2:ap-northeast-2:645608561450:elastic-ip/eipalloc-0d6d6c0aa827e4b65",
            "associate_with_private_ip": null,
            "association_id": "eipassoc-0b5db8b66a141254b",
            "carrier_ip": "",
            "customer_owned_ip": "",
            "customer_owned_ipv4_pool": "",
            "domain": "vpc",
            "id": "eipalloc-0d6d6c0aa827e4b65",
            "instance": "",
            "ipam_pool_id": null,
            "network_border_group": "ap-northeast-2",
            "network_interface": "eni-0fe3bd3f4909ddf36",
            "private_dns": "ip-10-30-0-19.ap-northeast-2.compute.internal",
            "private_ip": "10.30.0.19",
            "ptr_record": "",
            "public_dns": "ec2-15-165-227-174.ap-northeast-2.compute.amazonaws.com",
            "public_ip": "15.165.227.174",
            "public_ipv4_pool": "amazon",
            "tags": {
              "Name": "delivery-app-nat-eip"
            },
            "tags_all": {
              "Name": "delivery-app-nat-eip"
            },
            "timeouts": null,
            "vpc": true
          },
          "sensitive_attributes": [],
          "identity_schema_version": 0,
          "private": "eyJlMmJmYjczMC1lY2FhLTExZTYtOGY4OC0zNDM2M2JjN2M0YzAiOnsiZGVsZXRlIjoxODAwMDAwMDAwMDAsInJlYWQiOjkwMDAwMDAwMDAwMCwidXBkYXRlIjozMDAwMDAwMDAwMDB9fQ=="
        }
      ]
    },
    {
      "mode": "managed",
      "type": "aws_instance",
      "name": "admin_be",
      "provider": "provider[\"registry.terraform.io/hashicorp/aws\"]",
      "instances": [
        {
          "schema_version": 1,
          "attributes": {
            "ami": "ami-0a71e3eb8b23101ed",
            "arn": "arn:aws:ec2:ap-northeast-2:645608561450:instance/i-0aa286a4b8430ac4a",
            "associate_public_ip_address": false,
            "availability_zone": "ap-northeast-2a",
            "capacity_reservation_specification": [
              {
                "capacity_reservation_preference": "open",
                "capacity_reservation_target": []
              }
            ],
            "cpu_core_count": 1,
            "cpu_options": [
              {
                "amd_sev_snp": "",
                "core_count": 1,
                "threads_per_core": 2
              }
            ],
            "cpu_threads_per_core": 2,
            "credit_specification": [
              {
                "cpu_credits": "unlimited"
              }
            ],
            "disable_api_stop": false,
            "disable_api_termination": false,
            "ebs_block_device": [],
            "ebs_optimized": false,
            "enable_primary_ipv6": null,
            "enclave_options": [
              {
                "enabled": false
              }
            ],
            "ephemeral_block_device": [],
            "get_password_data": false,
            "hibernation": false,
            "host_id": "",
            "host_resource_group_arn": null,
            "iam_instance_profile": "",
            "id": "i-0aa286a4b8430ac4a",
            "instance_initiated_shutdown_behavior": "stop",
            "instance_lifecycle": "",
            "instance_market_options": [],
            "instance_state": "running",
            "instance_type": "t3.small",
            "ipv6_address_count": 0,
            "ipv6_addresses": [],
            "key_name": "delivery-app-kp",
            "launch_template": [],
            "maintenance_options": [
              {
                "auto_recovery": "default"
              }
            ],
            "metadata_options": [
              {
                "http_endpoint": "enabled",
                "http_protocol_ipv6": "disabled",
                "http_put_response_hop_limit": 2,
                "http_tokens": "required",
                "instance_metadata_tags": "disabled"
              }
            ],
            "monitoring": false,
            "network_interface": [],
            "outpost_arn": "",
            "password_data": "",
            "placement_group": "",
            "placement_partition_number": 0,
            "primary_network_interface_id": "eni-04763205330ff8c7c",
            "private_dns": "ip-10-30-2-97.ap-northeast-2.compute.internal",
            "private_dns_name_options": [
              {
                "enable_resource_name_dns_a_record": false,
                "enable_resource_name_dns_aaaa_record": false,
                "hostname_type": "ip-name"
              }
            ],
            "private_ip": "10.30.2.97",
            "public_dns": "",
            "public_ip": "",
            "root_block_device": [
              {
                "delete_on_termination": true,
                "device_name": "/dev/sda1",
                "encrypted": false,
                "iops": 3000,
                "kms_key_id": "",
                "tags": {},
                "tags_all": {},
                "throughput": 125,
                "volume_id": "vol-0d3031c4682b73818",
                "volume_size": 8,
                "volume_type": "gp3"
              }
            ],
            "secondary_private_ips": [],
            "security_groups": [],
            "source_dest_check": true,
            "spot_instance_request_id": "",
            "subnet_id": "subnet-0694402f070d67098",
            "tags": {
              "Name": "delivery-app-admin-be"
            },
            "tags_all": {
              "Name": "delivery-app-admin-be"
            },
            "tenancy": "default",
            "timeouts": null,
            "user_data": null,
            "user_data_base64": null,
            "user_data_replace_on_change": false,
            "volume_tags": null,
            "vpc_security_group_ids": [
              "sg-0ef6acb8896294977"
            ]
          },
          "sensitive_attributes": [],
          "identity_schema_version": 0,
          "private": "eyJlMmJmYjczMC1lY2FhLTExZTYtOGY4OC0zNDM2M2JjN2M0YzAiOnsiY3JlYXRlIjo2MDAwMDAwMDAwMDAsImRlbGV0ZSI6MTIwMDAwMDAwMDAwMCwicmVhZCI6OTAwMDAwMDAwMDAwLCJ1cGRhdGUiOjYwMDAwMDAwMDAwMH0sInNjaGVtYV92ZXJzaW9uIjoiMSJ9",
          "dependencies": [
            "aws_key_pair.kp",
            "aws_security_group.be",
            "aws_security_group.fe",
            "aws_subnet.private",
            "aws_vpc.main",
            "data.aws_ami.ubuntu",
            "data.aws_availability_zones.available",
            "tls_private_key.ssh"
          ]
        }
      ]
    },
    {
      "mode": "managed",
      "type": "aws_instance",
      "name": "admin_fe",
      "provider": "provider[\"registry.terraform.io/hashicorp/aws\"]",
      "instances": [
        {
          "schema_version": 1,
          "attributes": {
            "ami": "ami-0a71e3eb8b23101ed",
            "arn": "arn:aws:ec2:ap-northeast-2:645608561450:instance/i-0e794f6f179530b29",
            "associate_public_ip_address": true,
            "availability_zone": "ap-northeast-2a",
            "capacity_reservation_specification": [
              {
                "capacity_reservation_preference": "open",
                "capacity_reservation_target": []
              }
            ],
            "cpu_core_count": 1,
            "cpu_options": [
              {
                "amd_sev_snp": "",
                "core_count": 1,
                "threads_per_core": 2
              }
            ],
            "cpu_threads_per_core": 2,
            "credit_specification": [
              {
                "cpu_credits": "unlimited"
              }
            ],
            "disable_api_stop": false,
            "disable_api_termination": false,
            "ebs_block_device": [],
            "ebs_optimized": false,
            "enable_primary_ipv6": null,
            "enclave_options": [
              {
                "enabled": false
              }
            ],
            "ephemeral_block_device": [],
            "get_password_data": false,
            "hibernation": false,
            "host_id": "",
            "host_resource_group_arn": null,
            "iam_instance_profile": "",
            "id": "i-0e794f6f179530b29",
            "instance_initiated_shutdown_behavior": "stop",
            "instance_lifecycle": "",
            "instance_market_options": [],
            "instance_state": "running",
            "instance_type": "t3.small",
            "ipv6_address_count": 0,
            "ipv6_addresses": [],
            "key_name": "delivery-app-kp",
            "launch_template": [],
            "maintenance_options": [
              {
                "auto_recovery": "default"
              }
            ],
            "metadata_options": [
              {
                "http_endpoint": "enabled",
                "http_protocol_ipv6": "disabled",
                "http_put_response_hop_limit": 2,
                "http_tokens": "required",
                "instance_metadata_tags": "disabled"
              }
            ],
            "monitoring": false,
            "network_interface": [],
            "outpost_arn": "",
            "password_data": "",
            "placement_group": "",
            "placement_partition_number": 0,
            "primary_network_interface_id": "eni-0732b49035b272510",
            "private_dns": "ip-10-30-0-34.ap-northeast-2.compute.internal",
            "private_dns_name_options": [
              {
                "enable_resource_name_dns_a_record": false,
                "enable_resource_name_dns_aaaa_record": false,
                "hostname_type": "ip-name"
              }
            ],
            "private_ip": "10.30.0.34",
            "public_dns": "ec2-52-78-35-196.ap-northeast-2.compute.amazonaws.com",
            "public_ip": "52.78.35.196",
            "root_block_device": [
              {
                "delete_on_termination": true,
                "device_name": "/dev/sda1",
                "encrypted": false,
                "iops": 3000,
                "kms_key_id": "",
                "tags": {},
                "tags_all": {},
                "throughput": 125,
                "volume_id": "vol-0399eebf62763a7b4",
                "volume_size": 8,
                "volume_type": "gp3"
              }
            ],
            "secondary_private_ips": [],
            "security_groups": [],
            "source_dest_check": true,
            "spot_instance_request_id": "",
            "subnet_id": "subnet-0f72dc9e7244b2e66",
            "tags": {
              "Name": "delivery-app-admin-fe"
            },
            "tags_all": {
              "Name": "delivery-app-admin-fe"
            },
            "tenancy": "default",
            "timeouts": null,
            "user_data": null,
            "user_data_base64": null,
            "user_data_replace_on_change": false,
            "volume_tags": null,
            "vpc_security_group_ids": [
              "sg-031ac43ce18198e18"
            ]
          },
          "sensitive_attributes": [],
          "identity_schema_version": 0,
          "private": "eyJlMmJmYjczMC1lY2FhLTExZTYtOGY4OC0zNDM2M2JjN2M0YzAiOnsiY3JlYXRlIjo2MDAwMDAwMDAwMDAsImRlbGV0ZSI6MTIwMDAwMDAwMDAwMCwicmVhZCI6OTAwMDAwMDAwMDAwLCJ1cGRhdGUiOjYwMDAwMDAwMDAwMH0sInNjaGVtYV92ZXJzaW9uIjoiMSJ9",
          "dependencies": [
            "aws_key_pair.kp",
            "aws_security_group.fe",
            "aws_subnet.public",
            "aws_vpc.main",
            "data.aws_ami.ubuntu",
            "data.aws_availability_zones.available",
            "tls_private_key.ssh"
          ]
        }
      ]
    },
    {
      "mode": "managed",
      "type": "aws_instance",
      "name": "customer_fe",
      "provider": "provider[\"registry.terraform.io/hashicorp/aws\"]",
      "instances": [
        {
          "schema_version": 1,
          "attributes": {
            "ami": "ami-0a71e3eb8b23101ed",
            "arn": "arn:aws:ec2:ap-northeast-2:645608561450:instance/i-029f2d0411105a2fc",
            "associate_public_ip_address": true,
            "availability_zone": "ap-northeast-2b",
            "capacity_reservation_specification": [
              {
                "capacity_reservation_preference": "open",
                "capacity_reservation_target": []
              }
            ],
            "cpu_core_count": 1,
            "cpu_options": [
              {
                "amd_sev_snp": "",
                "core_count": 1,
                "threads_per_core": 2
              }
            ],
            "cpu_threads_per_core": 2,
            "credit_specification": [
              {
                "cpu_credits": "unlimited"
              }
            ],
            "disable_api_stop": false,
            "disable_api_termination": false,
            "ebs_block_device": [],
            "ebs_optimized": false,
            "enable_primary_ipv6": null,
            "enclave_options": [
              {
                "enabled": false
              }
            ],
            "ephemeral_block_device": [],
            "get_password_data": false,
            "hibernation": false,
            "host_id": "",
            "host_resource_group_arn": null,
            "iam_instance_profile": "",
            "id": "i-029f2d0411105a2fc",
            "instance_initiated_shutdown_behavior": "stop",
            "instance_lifecycle": "",
            "instance_market_options": [],
            "instance_state": "running",
            "instance_type": "t3.small",
            "ipv6_address_count": 0,
            "ipv6_addresses": [],
            "key_name": "delivery-app-kp",
            "launch_template": [],
            "maintenance_options": [
              {
                "auto_recovery": "default"
              }
            ],
            "metadata_options": [
              {
                "http_endpoint": "enabled",
                "http_protocol_ipv6": "disabled",
                "http_put_response_hop_limit": 2,
                "http_tokens": "required",
                "instance_metadata_tags": "disabled"
              }
            ],
            "monitoring": false,
            "network_interface": [],
            "outpost_arn": "",
            "password_data": "",
            "placement_group": "",
            "placement_partition_number": 0,
            "primary_network_interface_id": "eni-034c57dee7c9f4a86",
            "private_dns": "ip-10-30-1-128.ap-northeast-2.compute.internal",
            "private_dns_name_options": [
              {
                "enable_resource_name_dns_a_record": false,
                "enable_resource_name_dns_aaaa_record": false,
                "hostname_type": "ip-name"
              }
            ],
            "private_ip": "10.30.1.128",
            "public_dns": "ec2-43-201-42-68.ap-northeast-2.compute.amazonaws.com",
            "public_ip": "43.201.42.68",
            "root_block_device": [
              {
                "delete_on_termination": true,
                "device_name": "/dev/sda1",
                "encrypted": false,
                "iops": 3000,
                "kms_key_id": "",
                "tags": {},
                "tags_all": {},
                "throughput": 125,
                "volume_id": "vol-04d1a83167dbfb42c",
                "volume_size": 8,
                "volume_type": "gp3"
              }
            ],
            "secondary_private_ips": [],
            "security_groups": [],
            "source_dest_check": true,
            "spot_instance_request_id": "",
            "subnet_id": "subnet-06e1a6af54c7acfb7",
            "tags": {
              "Name": "delivery-app-customer-fe"
            },
            "tags_all": {
              "Name": "delivery-app-customer-fe"
            },
            "tenancy": "default",
            "timeouts": null,
            "user_data": null,
            "user_data_base64": null,
            "user_data_replace_on_change": false,
            "volume_tags": null,
            "vpc_security_group_ids": [
              "sg-031ac43ce18198e18"
            ]
          },
          "sensitive_attributes": [],
          "identity_schema_version": 0,
          "private": "eyJlMmJmYjczMC1lY2FhLTExZTYtOGY4OC0zNDM2M2JjN2M0YzAiOnsiY3JlYXRlIjo2MDAwMDAwMDAwMDAsImRlbGV0ZSI6MTIwMDAwMDAwMDAwMCwicmVhZCI6OTAwMDAwMDAwMDAwLCJ1cGRhdGUiOjYwMDAwMDAwMDAwMH0sInNjaGVtYV92ZXJzaW9uIjoiMSJ9",
          "dependencies": [
            "aws_key_pair.kp",
            "aws_security_group.fe",
            "aws_subnet.public",
            "aws_vpc.main",
            "data.aws_ami.ubuntu",
            "data.aws_availability_zones.available",
            "tls_private_key.ssh"
          ]
        }
      ]
    },
    {
      "mode": "managed",
      "type": "aws_instance",
      "name": "main_be",
      "provider": "provider[\"registry.terraform.io/hashicorp/aws\"]",
      "instances": [
        {
          "schema_version": 1,
          "attributes": {
            "ami": "ami-0a71e3eb8b23101ed",
            "arn": "arn:aws:ec2:ap-northeast-2:645608561450:instance/i-0804aeb8ed62ae462",
            "associate_public_ip_address": false,
            "availability_zone": "ap-northeast-2b",
            "capacity_reservation_specification": [
              {
                "capacity_reservation_preference": "open",
                "capacity_reservation_target": []
              }
            ],
            "cpu_core_count": 1,
            "cpu_options": [
              {
                "amd_sev_snp": "",
                "core_count": 1,
                "threads_per_core": 2
              }
            ],
            "cpu_threads_per_core": 2,
            "credit_specification": [
              {
                "cpu_credits": "unlimited"
              }
            ],
            "disable_api_stop": false,
            "disable_api_termination": false,
            "ebs_block_device": [],
            "ebs_optimized": false,
            "enable_primary_ipv6": null,
            "enclave_options": [
              {
                "enabled": false
              }
            ],
            "ephemeral_block_device": [],
            "get_password_data": false,
            "hibernation": false,
            "host_id": "",
            "host_resource_group_arn": null,
            "iam_instance_profile": "",
            "id": "i-0804aeb8ed62ae462",
            "instance_initiated_shutdown_behavior": "stop",
            "instance_lifecycle": "",
            "instance_market_options": [],
            "instance_state": "running",
            "instance_type": "t3.small",
            "ipv6_address_count": 0,
            "ipv6_addresses": [],
            "key_name": "delivery-app-kp",
            "launch_template": [],
            "maintenance_options": [
              {
                "auto_recovery": "default"
              }
            ],
            "metadata_options": [
              {
                "http_endpoint": "enabled",
                "http_protocol_ipv6": "disabled",
                "http_put_response_hop_limit": 2,
                "http_tokens": "required",
                "instance_metadata_tags": "disabled"
              }
            ],
            "monitoring": false,
            "network_interface": [],
            "outpost_arn": "",
            "password_data": "",
            "placement_group": "",
            "placement_partition_number": 0,
            "primary_network_interface_id": "eni-0592373ff9c2f4b58",
            "private_dns": "ip-10-30-3-136.ap-northeast-2.compute.internal",
            "private_dns_name_options": [
              {
                "enable_resource_name_dns_a_record": false,
                "enable_resource_name_dns_aaaa_record": false,
                "hostname_type": "ip-name"
              }
            ],
            "private_ip": "10.30.3.136",
            "public_dns": "",
            "public_ip": "",
            "root_block_device": [
              {
                "delete_on_termination": true,
                "device_name": "/dev/sda1",
                "encrypted": false,
                "iops": 3000,
                "kms_key_id": "",
                "tags": {},
                "tags_all": {},
                "throughput": 125,
                "volume_id": "vol-0953e02ad0b71599b",
                "volume_size": 8,
                "volume_type": "gp3"
              }
            ],
            "secondary_private_ips": [],
            "security_groups": [],
            "source_dest_check": true,
            "spot_instance_request_id": "",
            "subnet_id": "subnet-01401b6de95f55db7",
            "tags": {
              "Name": "delivery-app-main-be"
            },
            "tags_all": {
              "Name": "delivery-app-main-be"
            },
            "tenancy": "default",
            "timeouts": null,
            "user_data": null,
            "user_data_base64": null,
            "user_data_replace_on_change": false,
            "volume_tags": null,
            "vpc_security_group_ids": [
              "sg-0ef6acb8896294977"
            ]
          },
          "sensitive_attributes": [],
          "identity_schema_version": 0,
          "private": "eyJlMmJmYjczMC1lY2FhLTExZTYtOGY4OC0zNDM2M2JjN2M0YzAiOnsiY3JlYXRlIjo2MDAwMDAwMDAwMDAsImRlbGV0ZSI6MTIwMDAwMDAwMDAwMCwicmVhZCI6OTAwMDAwMDAwMDAwLCJ1cGRhdGUiOjYwMDAwMDAwMDAwMH0sInNjaGVtYV92ZXJzaW9uIjoiMSJ9",
          "dependencies": [
            "aws_key_pair.kp",
            "aws_security_group.be",
            "aws_security_group.fe",
            "aws_subnet.private",
            "aws_vpc.main",
            "data.aws_ami.ubuntu",
            "data.aws_availability_zones.available",
            "tls_private_key.ssh"
          ]
        }
      ]
    },
    {
      "mode": "managed",
      "type": "aws_internet_gateway",
      "name": "igw",
      "provider": "provider[\"registry.terraform.io/hashicorp/aws\"]",
      "instances": [
        {
          "schema_version": 0,
          "attributes": {
            "arn": "arn:aws:ec2:ap-northeast-2:645608561450:internet-gateway/igw-0fc0e3a7e2ebaf5ed",
            "id": "igw-0fc0e3a7e2ebaf5ed",
            "owner_id": "645608561450",
            "tags": {
              "Name": "delivery-app-igw"
            },
            "tags_all": {
              "Name": "delivery-app-igw"
            },
            "timeouts": null,
            "vpc_id": "vpc-01b3c654dde509278"
          },
          "sensitive_attributes": [],
          "identity_schema_version": 0,
          "private": "eyJlMmJmYjczMC1lY2FhLTExZTYtOGY4OC0zNDM2M2JjN2M0YzAiOnsiY3JlYXRlIjoxMjAwMDAwMDAwMDAwLCJkZWxldGUiOjEyMDAwMDAwMDAwMDAsInVwZGF0ZSI6MTIwMDAwMDAwMDAwMH19",
          "dependencies": [
            "aws_vpc.main"
          ]
        }
      ]
    },
    {
      "mode": "managed",
      "type": "aws_key_pair",
      "name": "kp",
      "provider": "provider[\"registry.terraform.io/hashicorp/aws\"]",
      "instances": [
        {
          "schema_version": 1,
          "attributes": {
            "arn": "arn:aws:ec2:ap-northeast-2:645608561450:key-pair/delivery-app-kp",
            "fingerprint": "56:e0:46:67:6b:68:07:e0:2d:e2:ad:0d:db:36:96:cb",
            "id": "delivery-app-kp",
            "key_name": "delivery-app-kp",
            "key_name_prefix": "",
            "key_pair_id": "key-0dd5abc325285f069",
            "key_type": "rsa",
            "public_key": "ssh-rsa AAAAB3NzaC1yc2EAAAADAQABAAACAQDrhCU9YX7bJWXuNBoy7mfzn1wexGWjbgfw231uqwT9vavnEkaFJZ6s0tIu5gP/XKAXpb1hbgMDniqUlBFlPN6aCWAv8nEpUld2SpwOujcNCb+Ip9wtv/FW1Bdf2ukB5cUsGbKpsHuuf0RkDeiXxK9QPYTzECJA2TcaAMY+SqjMK5NUyp6YqbxRBuOYENy1N2ZynDeLo7QREG0eCtvhxybZw+cabdX+w8vueQwGkuPCA+SMxSWA9gm/BrYfG7nu3C7jeuQIog4WI15aZnyL0QvA0YThRPxtm3CbQrErAakMmxprC8AKyHnahBzNRXdIU9d68oraUQ+rdLBBpPHnJHwNi/uQKkX7ixpjUSypuk8dwNZ5+Ap7ablI1pg3TRCbqejzRNu4tut99NhpvKdmw+XSQbzkHRoxRrrKE1ruKE9KNIoX72JMNFuZxJDx5mbIFdovj/DxAX5xtL53At0vISplb+8n6cO95r8Yf1qX+cbh+53G7/i74BwZvqvbtnuzH/yBSuPs99NeBd9ZiN7x7p9iyhv+mAzDtHxaicw0BhTorD4G9noV2ufoxk9tbl11efPvZmMG2MKv1im73qp5QQoEAUDYozpmb9dGSEXyt/hDWl/skJoqJ16l8fd/7CPNZDQdTujEO+5nZhMJ1eI4giak7FrQJDSS/GYTOS5GhVNHuw==",
            "tags": {},
            "tags_all": {}
          },
          "sensitive_attributes": [],
          "identity_schema_version": 0,
          "private": "eyJzY2hlbWFfdmVyc2lvbiI6IjEifQ==",
          "dependencies": [
            "tls_private_key.ssh"
          ]
        }
      ]
    },
    {
      "mode": "managed",
      "type": "aws_nat_gateway",
      "name": "nat",
      "provider": "provider[\"registry.terraform.io/hashicorp/aws\"]",
      "instances": [
        {
          "schema_version": 0,
          "attributes": {
            "allocation_id": "eipalloc-0d6d6c0aa827e4b65",
            "association_id": "eipassoc-0b5db8b66a141254b",
            "connectivity_type": "public",
            "id": "nat-059fb1658ce42d1e9",
            "network_interface_id": "eni-0fe3bd3f4909ddf36",
            "private_ip": "10.30.0.19",
            "public_ip": "15.165.227.174",
            "secondary_allocation_ids": [],
            "secondary_private_ip_address_count": 0,
            "secondary_private_ip_addresses": [],
            "subnet_id": "subnet-0f72dc9e7244b2e66",
            "tags": {
              "Name": "delivery-app-nat-gw"
            },
            "tags_all": {
              "Name": "delivery-app-nat-gw"
            },
            "timeouts": null
          },
          "sensitive_attributes": [],
          "identity_schema_version": 0,
          "private": "eyJlMmJmYjczMC1lY2FhLTExZTYtOGY4OC0zNDM2M2JjN2M0YzAiOnsiY3JlYXRlIjo2MDAwMDAwMDAwMDAsImRlbGV0ZSI6MTgwMDAwMDAwMDAwMCwidXBkYXRlIjo2MDAwMDAwMDAwMDB9fQ==",
          "dependencies": [
            "aws_eip.nat",
            "aws_internet_gateway.igw",
            "aws_subnet.public",
            "aws_vpc.main",
            "data.aws_availability_zones.available"
          ]
        }
      ]
    },
    {
      "mode": "managed",
      "type": "aws_route_table",
      "name": "private",
      "provider": "provider[\"registry.terraform.io/hashicorp/aws\"]",
      "instances": [
        {
          "schema_version": 0,
          "attributes": {
            "arn": "arn:aws:ec2:ap-northeast-2:645608561450:route-table/rtb-060ac208fe1933355",
            "id": "rtb-060ac208fe1933355",
            "owner_id": "645608561450",
            "propagating_vgws": [],
            "route": [
              {
                "carrier_gateway_id": "",
                "cidr_block": "0.0.0.0/0",
                "core_network_arn": "",
                "destination_prefix_list_id": "",
                "egress_only_gateway_id": "",
                "gateway_id": "",
                "ipv6_cidr_block": "",
                "local_gateway_id": "",
                "nat_gateway_id": "nat-059fb1658ce42d1e9",
                "network_interface_id": "",
                "transit_gateway_id": "",
                "vpc_endpoint_id": "",
                "vpc_peering_connection_id": ""
              }
            ],
            "tags": {
              "Name": "delivery-app-private-rt"
            },
            "tags_all": {
              "Name": "delivery-app-private-rt"
            },
            "timeouts": null,
            "vpc_id": "vpc-01b3c654dde509278"
          },
          "sensitive_attributes": [],
          "identity_schema_version": 0,
          "private": "eyJlMmJmYjczMC1lY2FhLTExZTYtOGY4OC0zNDM2M2JjN2M0YzAiOnsiY3JlYXRlIjozMDAwMDAwMDAwMDAsImRlbGV0ZSI6MzAwMDAwMDAwMDAwLCJ1cGRhdGUiOjEyMDAwMDAwMDAwMH19",
          "dependencies": [
            "aws_eip.nat",
            "aws_internet_gateway.igw",
            "aws_nat_gateway.nat",
            "aws_subnet.public",
            "aws_vpc.main",
            "data.aws_availability_zones.available"
          ]
        }
      ]
    },
    {
      "mode": "managed",
      "type": "aws_route_table",
      "name": "public",
      "provider": "provider[\"registry.terraform.io/hashicorp/aws\"]",
      "instances": [
        {
          "schema_version": 0,
          "attributes": {
            "arn": "arn:aws:ec2:ap-northeast-2:645608561450:route-table/rtb-0ba04ff7371277aae",
            "id": "rtb-0ba04ff7371277aae",
            "owner_id": "645608561450",
            "propagating_vgws": [],
            "route": [
              {
                "carrier_gateway_id": "",
                "cidr_block": "0.0.0.0/0",
                "core_network_arn": "",
                "destination_prefix_list_id": "",
                "egress_only_gateway_id": "",
                "gateway_id": "igw-0fc0e3a7e2ebaf5ed",
                "ipv6_cidr_block": "",
                "local_gateway_id": "",
                "nat_gateway_id": "",
                "network_interface_id": "",
                "transit_gateway_id": "",
                "vpc_endpoint_id": "",
                "vpc_peering_connection_id": ""
              }
            ],
            "tags": {
              "Name": "delivery-app-public-rt"
            },
            "tags_all": {
              "Name": "delivery-app-public-rt"
            },
            "timeouts": null,
            "vpc_id": "vpc-01b3c654dde509278"
          },
          "sensitive_attributes": [],
          "identity_schema_version": 0,
          "private": "eyJlMmJmYjczMC1lY2FhLTExZTYtOGY4OC0zNDM2M2JjN2M0YzAiOnsiY3JlYXRlIjozMDAwMDAwMDAwMDAsImRlbGV0ZSI6MzAwMDAwMDAwMDAwLCJ1cGRhdGUiOjEyMDAwMDAwMDAwMH19",
          "dependencies": [
            "aws_internet_gateway.igw",
            "aws_vpc.main"
          ]
        }
      ]
    },
    {
      "mode": "managed",
      "type": "aws_route_table_association",
      "name": "private_assoc",
      "provider": "provider[\"registry.terraform.io/hashicorp/aws\"]",
      "instances": [
        {
          "index_key": 0,
          "schema_version": 0,
          "attributes": {
            "gateway_id": "",
            "id": "rtbassoc-00aa0aab054020303",
            "route_table_id": "rtb-060ac208fe1933355",
            "subnet_id": "subnet-0694402f070d67098",
            "timeouts": null
          },
          "sensitive_attributes": [],
          "identity_schema_version": 0,
          "private": "eyJlMmJmYjczMC1lY2FhLTExZTYtOGY4OC0zNDM2M2JjN2M0YzAiOnsiY3JlYXRlIjozMDAwMDAwMDAwMDAsImRlbGV0ZSI6MzAwMDAwMDAwMDAwLCJ1cGRhdGUiOjEyMDAwMDAwMDAwMH19",
          "dependencies": [
            "aws_eip.nat",
            "aws_internet_gateway.igw",
            "aws_nat_gateway.nat",
            "aws_route_table.private",
            "aws_subnet.private",
            "aws_subnet.public",
            "aws_vpc.main",
            "data.aws_availability_zones.available"
          ]
        },
        {
          "index_key": 1,
          "schema_version": 0,
          "attributes": {
            "gateway_id": "",
            "id": "rtbassoc-08933554f6fa1f7e7",
            "route_table_id": "rtb-060ac208fe1933355",
            "subnet_id": "subnet-01401b6de95f55db7",
            "timeouts": null
          },
          "sensitive_attributes": [],
          "identity_schema_version": 0,
          "private": "eyJlMmJmYjczMC1lY2FhLTExZTYtOGY4OC0zNDM2M2JjN2M0YzAiOnsiY3JlYXRlIjozMDAwMDAwMDAwMDAsImRlbGV0ZSI6MzAwMDAwMDAwMDAwLCJ1cGRhdGUiOjEyMDAwMDAwMDAwMH19",
          "dependencies": [
            "aws_eip.nat",
            "aws_internet_gateway.igw",
            "aws_nat_gateway.nat",
            "aws_route_table.private",
            "aws_subnet.private",
            "aws_subnet.public",
            "aws_vpc.main",
            "data.aws_availability_zones.available"
          ]
        }
      ]
    },
    {
      "mode": "managed",
      "type": "aws_route_table_association",
      "name": "public_assoc",
      "provider": "provider[\"registry.terraform.io/hashicorp/aws\"]",
      "instances": [
        {
          "index_key": 0,
          "schema_version": 0,
          "attributes": {
            "gateway_id": "",
            "id": "rtbassoc-08541ea315143c89a",
            "route_table_id": "rtb-0ba04ff7371277aae",
            "subnet_id": "subnet-0f72dc9e7244b2e66",
            "timeouts": null
          },
          "sensitive_attributes": [],
          "identity_schema_version": 0,
          "private": "eyJlMmJmYjczMC1lY2FhLTExZTYtOGY4OC0zNDM2M2JjN2M0YzAiOnsiY3JlYXRlIjozMDAwMDAwMDAwMDAsImRlbGV0ZSI6MzAwMDAwMDAwMDAwLCJ1cGRhdGUiOjEyMDAwMDAwMDAwMH19",
          "dependencies": [
            "aws_internet_gateway.igw",
            "aws_route_table.public",
            "aws_subnet.public",
            "aws_vpc.main",
            "data.aws_availability_zones.available"
          ]
        },
        {
          "index_key": 1,
          "schema_version": 0,
          "attributes": {
            "gateway_id": "",
            "id": "rtbassoc-01d7502b7f55db5bf",
            "route_table_id": "rtb-0ba04ff7371277aae",
            "subnet_id": "subnet-06e1a6af54c7acfb7",
            "timeouts": null
          },
          "sensitive_attributes": [],
          "identity_schema_version": 0,
          "private": "eyJlMmJmYjczMC1lY2FhLTExZTYtOGY4OC0zNDM2M2JjN2M0YzAiOnsiY3JlYXRlIjozMDAwMDAwMDAwMDAsImRlbGV0ZSI6MzAwMDAwMDAwMDAwLCJ1cGRhdGUiOjEyMDAwMDAwMDAwMH19",
          "dependencies": [
            "aws_internet_gateway.igw",
            "aws_route_table.public",
            "aws_subnet.public",
            "aws_vpc.main",
            "data.aws_availability_zones.available"
          ]
        }
      ]
    },
    {
      "mode": "managed",
      "type": "aws_security_group",
      "name": "be",
      "provider": "provider[\"registry.terraform.io/hashicorp/aws\"]",
      "instances": [
        {
          "schema_version": 1,
          "attributes": {
            "arn": "arn:aws:ec2:ap-northeast-2:645608561450:security-group/sg-0ef6acb8896294977",
            "description": "Allow app traffic from FE and SSH",
            "egress": [
              {
                "cidr_blocks": [
                  "0.0.0.0/0"
                ],
                "description": "",
                "from_port": 0,
                "ipv6_cidr_blocks": [],
                "prefix_list_ids": [],
                "protocol": "-1",
                "security_groups": [],
                "self": false,
                "to_port": 0
              }
            ],
            "id": "sg-0ef6acb8896294977",
            "ingress": [
              {
                "cidr_blocks": [],
                "description": "",
                "from_port": 0,
                "ipv6_cidr_blocks": [],
                "prefix_list_ids": [],
                "protocol": "-1",
                "security_groups": [],
                "self": true,
                "to_port": 0
              },
              {
                "cidr_blocks": [],
                "description": "",
                "from_port": 22,
                "ipv6_cidr_blocks": [],
                "prefix_list_ids": [],
                "protocol": "tcp",
                "security_groups": [
                  "sg-031ac43ce18198e18"
                ],
                "self": false,
                "to_port": 22
              },
              {
                "cidr_blocks": [],
                "description": "",
                "from_port": 5000,
                "ipv6_cidr_blocks": [],
                "prefix_list_ids": [],
                "protocol": "tcp",
                "security_groups": [
                  "sg-031ac43ce18198e18"
                ],
                "self": false,
                "to_port": 5001
              }
            ],
            "name": "delivery-app-be-sg",
            "name_prefix": "",
            "owner_id": "645608561450",
            "revoke_rules_on_delete": false,
            "tags": {},
            "tags_all": {},
            "timeouts": null,
            "vpc_id": "vpc-01b3c654dde509278"
          },
          "sensitive_attributes": [],
          "identity_schema_version": 0,
          "private": "eyJlMmJmYjczMC1lY2FhLTExZTYtOGY4OC0zNDM2M2JjN2M0YzAiOnsiY3JlYXRlIjo2MDAwMDAwMDAwMDAsImRlbGV0ZSI6OTAwMDAwMDAwMDAwfSwic2NoZW1hX3ZlcnNpb24iOiIxIn0=",
          "dependencies": [
            "aws_security_group.fe",
            "aws_vpc.main"
          ]
        }
      ]
    },
    {
      "mode": "managed",
      "type": "aws_security_group",
      "name": "fe",
      "provider": "provider[\"registry.terraform.io/hashicorp/aws\"]",
      "instances": [
        {
          "schema_version": 1,
          "attributes": {
            "arn": "arn:aws:ec2:ap-northeast-2:645608561450:security-group/sg-031ac43ce18198e18",
            "description": "Allow SSH and HTTP for Frontend",
            "egress": [
              {
                "cidr_blocks": [
                  "0.0.0.0/0"
                ],
                "description": "",
                "from_port": 0,
                "ipv6_cidr_blocks": [],
                "prefix_list_ids": [],
                "protocol": "-1",
                "security_groups": [],
                "self": false,
                "to_port": 0
              }
            ],
            "id": "sg-031ac43ce18198e18",
            "ingress": [
              {
                "cidr_blocks": [
                  "0.0.0.0/0"
                ],
                "description": "",
                "from_port": 22,
                "ipv6_cidr_blocks": [],
                "prefix_list_ids": [],
                "protocol": "tcp",
                "security_groups": [],
                "self": false,
                "to_port": 22
              },
              {
                "cidr_blocks": [
                  "0.0.0.0/0"
                ],
                "description": "",
                "from_port": 80,
                "ipv6_cidr_blocks": [],
                "prefix_list_ids": [],
                "protocol": "tcp",
                "security_groups": [],
                "self": false,
                "to_port": 80
              }
            ],
            "name": "delivery-app-fe-sg",
            "name_prefix": "",
            "owner_id": "645608561450",
            "revoke_rules_on_delete": false,
            "tags": {},
            "tags_all": {},
            "timeouts": null,
            "vpc_id": "vpc-01b3c654dde509278"
          },
          "sensitive_attributes": [],
          "identity_schema_version": 0,
          "private": "eyJlMmJmYjczMC1lY2FhLTExZTYtOGY4OC0zNDM2M2JjN2M0YzAiOnsiY3JlYXRlIjo2MDAwMDAwMDAwMDAsImRlbGV0ZSI6OTAwMDAwMDAwMDAwfSwic2NoZW1hX3ZlcnNpb24iOiIxIn0=",
          "dependencies": [
            "aws_vpc.main"
          ]
        }
      ]
    },
    {
      "mode": "managed",
      "type": "aws_subnet",
      "name": "private",
      "provider": "provider[\"registry.terraform.io/hashicorp/aws\"]",
      "instances": [
        {
          "index_key": 0,
          "schema_version": 1,
          "attributes": {
            "arn": "arn:aws:ec2:ap-northeast-2:645608561450:subnet/subnet-0694402f070d67098",
            "assign_ipv6_address_on_creation": false,
            "availability_zone": "ap-northeast-2a",
            "availability_zone_id": "apne2-az1",
            "cidr_block": "10.30.2.0/24",
            "customer_owned_ipv4_pool": "",
            "enable_dns64": false,
            "enable_lni_at_device_index": 0,
            "enable_resource_name_dns_a_record_on_launch": false,
            "enable_resource_name_dns_aaaa_record_on_launch": false,
            "id": "subnet-0694402f070d67098",
            "ipv6_cidr_block": "",
            "ipv6_cidr_block_association_id": "",
            "ipv6_native": false,
            "map_customer_owned_ip_on_launch": false,
            "map_public_ip_on_launch": false,
            "outpost_arn": "",
            "owner_id": "645608561450",
            "private_dns_hostname_type_on_launch": "ip-name",
            "tags": {
              "Name": "delivery-app-private-subnet-1"
            },
            "tags_all": {
              "Name": "delivery-app-private-subnet-1"
            },
            "timeouts": null,
            "vpc_id": "vpc-01b3c654dde509278"
          },
          "sensitive_attributes": [],
          "identity_schema_version": 0,
          "private": "eyJlMmJmYjczMC1lY2FhLTExZTYtOGY4OC0zNDM2M2JjN2M0YzAiOnsiY3JlYXRlIjo2MDAwMDAwMDAwMDAsImRlbGV0ZSI6MTIwMDAwMDAwMDAwMH0sInNjaGVtYV92ZXJzaW9uIjoiMSJ9",
          "dependencies": [
            "aws_vpc.main",
            "data.aws_availability_zones.available"
          ]
        },
        {
          "index_key": 1,
          "schema_version": 1,
          "attributes": {
            "arn": "arn:aws:ec2:ap-northeast-2:645608561450:subnet/subnet-01401b6de95f55db7",
            "assign_ipv6_address_on_creation": false,
            "availability_zone": "ap-northeast-2b",
            "availability_zone_id": "apne2-az2",
            "cidr_block": "10.30.3.0/24",
            "customer_owned_ipv4_pool": "",
            "enable_dns64": false,
            "enable_lni_at_device_index": 0,
            "enable_resource_name_dns_a_record_on_launch": false,
            "enable_resource_name_dns_aaaa_record_on_launch": false,
            "id": "subnet-01401b6de95f55db7",
            "ipv6_cidr_block": "",
            "ipv6_cidr_block_association_id": "",
            "ipv6_native": false,
            "map_customer_owned_ip_on_launch": false,
            "map_public_ip_on_launch": false,
            "outpost_arn": "",
            "owner_id": "645608561450",
            "private_dns_hostname_type_on_launch": "ip-name",
            "tags": {
              "Name": "delivery-app-private-subnet-2"
            },
            "tags_all": {
              "Name": "delivery-app-private-subnet-2"
            },
            "timeouts": null,
            "vpc_id": "vpc-01b3c654dde509278"
          },
          "sensitive_attributes": [],
          "identity_schema_version": 0,
          "private": "eyJlMmJmYjczMC1lY2FhLTExZTYtOGY4OC0zNDM2M2JjN2M0YzAiOnsiY3JlYXRlIjo2MDAwMDAwMDAwMDAsImRlbGV0ZSI6MTIwMDAwMDAwMDAwMH0sInNjaGVtYV92ZXJzaW9uIjoiMSJ9",
          "dependencies": [
            "aws_vpc.main",
            "data.aws_availability_zones.available"
          ]
        }
      ]
    },
    {
      "mode": "managed",
      "type": "aws_subnet",
      "name": "public",
      "provider": "provider[\"registry.terraform.io/hashicorp/aws\"]",
      "instances": [
        {
          "index_key": 0,
          "schema_version": 1,
          "attributes": {
            "arn": "arn:aws:ec2:ap-northeast-2:645608561450:subnet/subnet-0f72dc9e7244b2e66",
            "assign_ipv6_address_on_creation": false,
            "availability_zone": "ap-northeast-2a",
            "availability_zone_id": "apne2-az1",
            "cidr_block": "10.30.0.0/24",
            "customer_owned_ipv4_pool": "",
            "enable_dns64": false,
            "enable_lni_at_device_index": 0,
            "enable_resource_name_dns_a_record_on_launch": false,
            "enable_resource_name_dns_aaaa_record_on_launch": false,
            "id": "subnet-0f72dc9e7244b2e66",
            "ipv6_cidr_block": "",
            "ipv6_cidr_block_association_id": "",
            "ipv6_native": false,
            "map_customer_owned_ip_on_launch": false,
            "map_public_ip_on_launch": true,
            "outpost_arn": "",
            "owner_id": "645608561450",
            "private_dns_hostname_type_on_launch": "ip-name",
            "tags": {
              "Name": "delivery-app-public-subnet-1"
            },
            "tags_all": {
              "Name": "delivery-app-public-subnet-1"
            },
            "timeouts": null,
            "vpc_id": "vpc-01b3c654dde509278"
          },
          "sensitive_attributes": [],
          "identity_schema_version": 0,
          "private": "eyJlMmJmYjczMC1lY2FhLTExZTYtOGY4OC0zNDM2M2JjN2M0YzAiOnsiY3JlYXRlIjo2MDAwMDAwMDAwMDAsImRlbGV0ZSI6MTIwMDAwMDAwMDAwMH0sInNjaGVtYV92ZXJzaW9uIjoiMSJ9",
          "dependencies": [
            "aws_vpc.main",
            "data.aws_availability_zones.available"
          ]
        },
        {
          "index_key": 1,
          "schema_version": 1,
          "attributes": {
            "arn": "arn:aws:ec2:ap-northeast-2:645608561450:subnet/subnet-06e1a6af54c7acfb7",
            "assign_ipv6_address_on_creation": false,
            "availability_zone": "ap-northeast-2b",
            "availability_zone_id": "apne2-az2",
            "cidr_block": "10.30.1.0/24",
            "customer_owned_ipv4_pool": "",
            "enable_dns64": false,
            "enable_lni_at_device_index": 0,
            "enable_resource_name_dns_a_record_on_launch": false,
            "enable_resource_name_dns_aaaa_record_on_launch": false,
            "id": "subnet-06e1a6af54c7acfb7",
            "ipv6_cidr_block": "",
            "ipv6_cidr_block_association_id": "",
            "ipv6_native": false,
            "map_customer_owned_ip_on_launch": false,
            "map_public_ip_on_launch": true,
            "outpost_arn": "",
            "owner_id": "645608561450",
            "private_dns_hostname_type_on_launch": "ip-name",
            "tags": {
              "Name": "delivery-app-public-subnet-2"
            },
            "tags_all": {
              "Name": "delivery-app-public-subnet-2"
            },
            "timeouts": null,
            "vpc_id": "vpc-01b3c654dde509278"
          },
          "sensitive_attributes": [],
          "identity_schema_version": 0,
          "private": "eyJlMmJmYjczMC1lY2FhLTExZTYtOGY4OC0zNDM2M2JjN2M0YzAiOnsiY3JlYXRlIjo2MDAwMDAwMDAwMDAsImRlbGV0ZSI6MTIwMDAwMDAwMDAwMH0sInNjaGVtYV92ZXJzaW9uIjoiMSJ9",
          "dependencies": [
            "aws_vpc.main",
            "data.aws_availability_zones.available"
          ]
        }
      ]
    },
    {
      "mode": "managed",
      "type": "aws_vpc",
      "name": "main",
      "provider": "provider[\"registry.terraform.io/hashicorp/aws\"]",
      "instances": [
        {
          "schema_version": 1,
          "attributes": {
            "arn": "arn:aws:ec2:ap-northeast-2:645608561450:vpc/vpc-01b3c654dde509278",
            "assign_generated_ipv6_cidr_block": false,
            "cidr_block": "10.30.0.0/16",
            "default_network_acl_id": "acl-03f40bd157da5c161",
            "default_route_table_id": "rtb-0f9163d2dcf794b95",
            "default_security_group_id": "sg-0ec7980142b85d52a",
            "dhcp_options_id": "dopt-06578c1a5b87d591d",
            "enable_dns_hostnames": true,
            "enable_dns_support": true,
            "enable_network_address_usage_metrics": false,
            "id": "vpc-01b3c654dde509278",
            "instance_tenancy": "default",
            "ipv4_ipam_pool_id": null,
            "ipv4_netmask_length": null,
            "ipv6_association_id": "",
            "ipv6_cidr_block": "",
            "ipv6_cidr_block_network_border_group": "",
            "ipv6_ipam_pool_id": "",
            "ipv6_netmask_length": 0,
            "main_route_table_id": "rtb-0f9163d2dcf794b95",
            "owner_id": "645608561450",
            "tags": {
              "Name": "delivery-app-vpc"
            },
            "tags_all": {
              "Name": "delivery-app-vpc"
            }
          },
          "sensitive_attributes": [],
          "identity_schema_version": 0,
          "private": "eyJzY2hlbWFfdmVyc2lvbiI6IjEifQ=="
        }
      ]
    },
    {
      "mode": "managed",
      "type": "local_file",
      "name": "private_key",
      "provider": "provider[\"registry.terraform.io/hashicorp/local\"]",
      "instances": [
        {
          "schema_version": 0,
          "attributes": {
            "content": "-----BEGIN RSA PRIVATE KEY-----\nMIIJKQIBAAKCAgEA64QlPWF+2yVl7jQaMu5n859cHsRlo24H8Nt9bqsE/b2r5xJG\nhSWerNLSLuYD/1ygF6W9YW4DA54qlJQRZTzemglgL/JxKVJXdkqcDro3DQm/iKfc\nLb/xVtQXX9rpAeXFLBmyqbB7rn9EZA3ol8SvUD2E8xAiQNk3GgDGPkqozCuTVMqe\nmKm8UQbjmBDctTdmcpw3i6O0ERBtHgrb4ccm2cPnGm3V/sPL7nkMBpLjwgPkjMUl\ngPYJvwa2Hxu57twu43rkCKIOFiNeWmZ8i9ELwNGE4UT8bZtwm0KxKwGpDJsaawvA\nCsh52oQczUV3SFPXevKK2lEPq3SwQaTx5yR8DYv7kCpF+4saY1EsqbpPHcDWefgK\ne2m5SNaYN00Qm6no80TbuLbrffTYabynZsPl0kG85B0aMUa6yhNa7ihPSjSKF+9i\nTDRbmcSQ8eZmyBXaL4/w8QF+cbS+dwLdLyEqZW/vJ+nDvea/GH9al/nG4fudxu/4\nu+AcGb6r27Z7sx/8gUrj7PfTXgXfWYje8e6fYsob/pgMw7R8WonMNAYU6Kw+BvZ6\nFdrn6MZPbW5ddXnz72ZjBtjCr9Ypu96qeUEKBAFA2KM6Zm/XRkhF8rf4Q1pf7JCa\nKidepfH3f+wjzWQ0HU7oxDvuZ2YTCdXiOIImpOxa0CQ0kvxmEzkuRoVTR7sCAwEA\nAQKCAgAzDRv9aCrVWg/0SHr9W0xRNNQFH1Fg0bMK9KkF2jBkyD6BAicjKXpxv+kr\nnVR0gCF7vsOEYRJqMFjOiCIVLdKa1Tlyaz04Vc77p0SYtKjGPLy15J0Hlbm8tpCy\niINFlAbfflqKCeVld9TdU159t3bBD/THs1GZePxGuLBARHK+fxuan6ktMm3Nqo6f\nIdiVt4KPiWlI7Z1UrZjZkEUFdePoBF0OD4z5gnusH7UJn8GbBrj+AqYUhECslcnY\niGwPaM8JJFRVwrsG9Xe4ZMrOi+veSgxhwFBveeg434YD6oI4Z06csZlZPQec5FJR\n9KLcnL/yuKx8kmGxKsQiFp0RG4mAA8hlOMSBbKpuNQbi3xMLX+FnprM+T/gOXM37\nVaBlFumoLcKGmADydxKCYSmCCjGSDNGMwGSruPks6yqLyFx7ZsyGepOzdp2+/bFL\nchcHxE/u16BqfyU9ZAWSIBNpNSo3lKq8JK17s6yNCBletgZKNehX8O1PSWUMvIV4\n/w49rn2FJctkO4Ik3PnFl0cNo52h8tvsVEhQynHYgGwp2nA/ifDdJIaB1peJOqau\nGyGh1dOjzOOi8GpwtiLoelW6N0TpRc0LWc3kdHjpikKuengpzj8Rsf8TUGUQBVkP\nrpffSHOjFuUIfRGnkreuhzTRozi2k9bYQIrOG/IlsCQOCN7e4QKCAQEA8qVeIN0D\nkItykIQxMG1XweCTj9whxYvqHV1a7475WfYWvACsJ9v4/b+2C/sZNAZQhuCdyBpb\ntojULhS9z6dPcG0etD1NzJKbm31BVymKTV2ll+iKX6/wm6pUXD54yyfuo1UTzLee\n/wloU6dzUolEd178P07uuH1nUn62m16WU8fUlkGD5JhdlIHa5e0CYJs25qa6htyE\nGwJF0AL9ykT1ld0SfN34YvlvpLN5UZRctQ3FBNM12W+75kgqfOH/YbeEb+0RNskR\nBgRyYsgdqzD9VANIVPazQBlFRteXQ+JlarzOs26qQZHKiGw5PAq76fwVrToBWWaO\nYinfOAL9spByYwKCAQEA+HpTmypKKtsm0vKAScQs8t9rN2/2eGqrgvtalpmyU7gz\n8d3j0qVesHA4OB4ZYT4uryeAEidMEqXVqy+AfEKQa/U7tP8KsJD99E69lNpiFqEH\nHI5KmZgSkrxx1uxkzPSlmcc5NdmxP0j5uAlf/ORyAut3qh4HtXi+Sa5lpWGTytCF\n3Zp7HZFHBvXdxCCXrKoTloM6efwBajcr7m4YTwU3/p7RawT8+cNMlMMd2fhUSGLy\nU+BV2Aznmb/uM5MgE3QUMDoPmUFk8MXaSmcTtGTgWHKgroYRPbDYPtZwQAha9TJV\nKEBWtJVm59Qh0lR2SVaIiHI5Fqb5RaReWQGCeO4oyQKCAQEA4QANF8Y5/vgABRg/\nkJtj7Aj2bEkBG/DQ5+fgYhGfEReMH0s0WEW3Tn1OLy/pP/+2/kscpCgk8U9SCWT8\nWajYlfTpqtLJ6K/uETIFu/BuKa1z1zgvz+kS4RYB4gOf+SqPM++5S3Tdv7qWfjPh\nUSCuV07B82abIIJQpAOSCuKb3RaI/8fCqN/Mrt/2/oxXTwO+1gS3JEUpTu49lFSh\nx8VIQW5dLWKbaBPKvdwa3FYJ3W3mSsIbxgPBJhm3JFRgftkwuqUG+FlcKstG0mik\nclEcJ6JfmUGmGAMW5UkXIEC4MFDiDyrIP8MUHorUS+PcOm2iIB6Qj7j0wPv43DSR\n0dn15wKCAQAcr5KjYTh6xh4vUEu7OGiwCVcJaWWc9UOjtXz50fiibauhiqpYkTrj\nR7FV2TO45ELjeb3xWpQPuxF11+APeGfP7tnbxW3ogHSxFb4RRzz3u9NkWpEGNmY+\nhn7l/xiMCNptbHCQZPdvhO8/beWk/oKjD6ga/aiKLMxbGUUm2KMFURmDQehgu3rl\ntNDLaa/ZATGNuMyxdIR9TK1Hs3Ie/U0/mfo3TrYd54wZyITTuzWPvcyYHlgKv0Kl\nn2DSl3Omi0ohXzKZ0NDkcxMGb+v4cYTs8R7XxyaKZrYwWvVOjyhhElR+dx8LbgwZ\nS4Y0EAgv40uT5QvuL4yrm5RA1knHyEbxAoIBAQDbJKCFo9zjYwFCpri6FIyTPekY\nYkUNBDu2wwjrjuTf+esY6cuPncvhDzRWgHOv+ZUb9iuwHrycii/R1IHpoVNv+PXJ\njnSt3UqMfT5cZq9opb3vVpGbvoTUBipswY8ouLBbtmTCrWz3sIQL1BiwAfYPOc4Z\ndktfEzohyj7a2aizddjBDVs+z1h5HInw5hiR9qVRTyu5GuWFu2+J6s7xhspON781\nLrTWovBwAdh7Y6K0DGOcX/wiK8ezrKYbqQov6wuY1WXEmdfCEXgBT0MueoXhUCEq\ny5P1pLlPuJH/CfnFCTIXWKetMMNtyPc5/KwWib/Wj542pcTgDR0YG2AMUczG\n-----END RSA PRIVATE KEY-----\n",
            "content_base64": null,
            "content_base64sha256": "4pVVcoYzVEdODLjqtiyDUZNC/PajKEIV2QHm2MxuFbU=",
            "content_base64sha512": "+WXozJ/iKUwAJ2eHKxNqW4DdRGPfHCRUFBtl7Iazadb0HD5sV5r63dWLVYmA710VllI60mC/Z9TRD0t0DFSCQg==",
            "content_md5": "dbbb01917d56ed9a73549db67a8ee005",
            "content_sha1": "44ff5057cfe41796604b81ba339a5b4243820906",
            "content_sha256": "e2955572863354474e0cb8eab62c83519342fcf6a3284215d901e6d8cc6e15b5",
            "content_sha512": "f965e8cc9fe2294c002767872b136a5b80dd4463df1c2454141b65ec86b369d6f41c3e6c579afaddd58b558980ef5d1596523ad260bf67d4d10f4b740c548242",
            "directory_permission": "0777",
            "file_permission": "0600",
            "filename": "./id_delivery-app",
            "id": "44ff5057cfe41796604b81ba339a5b4243820906",
            "sensitive_content": null,
            "source": null
          },
          "sensitive_attributes": [
            [
              {
                "type": "get_attr",
                "value": "content"
              }
            ],
            [
              {
                "type": "get_attr",
                "value": "sensitive_content"
              }
            ]
          ],
          "identity_schema_version": 0,
          "dependencies": [
            "tls_private_key.ssh"
          ]
        }
      ]
    },
    {
      "mode": "managed",
      "type": "tls_private_key",
      "name": "ssh",
      "provider": "provider[\"registry.terraform.io/hashicorp/tls\"]",
      "instances": [
        {
          "schema_version": 1,
          "attributes": {
            "algorithm": "RSA",
            "ecdsa_curve": "P224",
            "id": "a41167bd7e559e9ef0fc00b24317b2c9e10cea1e",
            "private_key_openssh": "-----BEGIN OPENSSH PRIVATE KEY-----\nb3BlbnNzaC1rZXktdjEAAAAABG5vbmUAAAAEbm9uZQAAAAAAAAABAAACFwAAAAdz\nc2gtcnNhAAAAAwEAAQAAAgEA64QlPWF+2yVl7jQaMu5n859cHsRlo24H8Nt9bqsE\n/b2r5xJGhSWerNLSLuYD/1ygF6W9YW4DA54qlJQRZTzemglgL/JxKVJXdkqcDro3\nDQm/iKfcLb/xVtQXX9rpAeXFLBmyqbB7rn9EZA3ol8SvUD2E8xAiQNk3GgDGPkqo\nzCuTVMqemKm8UQbjmBDctTdmcpw3i6O0ERBtHgrb4ccm2cPnGm3V/sPL7nkMBpLj\nwgPkjMUlgPYJvwa2Hxu57twu43rkCKIOFiNeWmZ8i9ELwNGE4UT8bZtwm0KxKwGp\nDJsaawvACsh52oQczUV3SFPXevKK2lEPq3SwQaTx5yR8DYv7kCpF+4saY1EsqbpP\nHcDWefgKe2m5SNaYN00Qm6no80TbuLbrffTYabynZsPl0kG85B0aMUa6yhNa7ihP\nSjSKF+9iTDRbmcSQ8eZmyBXaL4/w8QF+cbS+dwLdLyEqZW/vJ+nDvea/GH9al/nG\n4fudxu/4u+AcGb6r27Z7sx/8gUrj7PfTXgXfWYje8e6fYsob/pgMw7R8WonMNAYU\n6Kw+BvZ6Fdrn6MZPbW5ddXnz72ZjBtjCr9Ypu96qeUEKBAFA2KM6Zm/XRkhF8rf4\nQ1pf7JCaKidepfH3f+wjzWQ0HU7oxDvuZ2YTCdXiOIImpOxa0CQ0kvxmEzkuRoVT\nR7sAAAc4FvmBPRb5gT0AAAAHc3NoLXJzYQAAAgEA64QlPWF+2yVl7jQaMu5n859c\nHsRlo24H8Nt9bqsE/b2r5xJGhSWerNLSLuYD/1ygF6W9YW4DA54qlJQRZTzemglg\nL/JxKVJXdkqcDro3DQm/iKfcLb/xVtQXX9rpAeXFLBmyqbB7rn9EZA3ol8SvUD2E\n8xAiQNk3GgDGPkqozCuTVMqemKm8UQbjmBDctTdmcpw3i6O0ERBtHgrb4ccm2cPn\nGm3V/sPL7nkMBpLjwgPkjMUlgPYJvwa2Hxu57twu43rkCKIOFiNeWmZ8i9ELwNGE\n4UT8bZtwm0KxKwGpDJsaawvACsh52oQczUV3SFPXevKK2lEPq3SwQaTx5yR8DYv7\nkCpF+4saY1EsqbpPHcDWefgKe2m5SNaYN00Qm6no80TbuLbrffTYabynZsPl0kG8\n5B0aMUa6yhNa7ihPSjSKF+9iTDRbmcSQ8eZmyBXaL4/w8QF+cbS+dwLdLyEqZW/v\nJ+nDvea/GH9al/nG4fudxu/4u+AcGb6r27Z7sx/8gUrj7PfTXgXfWYje8e6fYsob\n/pgMw7R8WonMNAYU6Kw+BvZ6Fdrn6MZPbW5ddXnz72ZjBtjCr9Ypu96qeUEKBAFA\n2KM6Zm/XRkhF8rf4Q1pf7JCaKidepfH3f+wjzWQ0HU7oxDvuZ2YTCdXiOIImpOxa\n0CQ0kvxmEzkuRoVTR7sAAAADAQABAAACADMNG/1oKtVaD/RIev1bTFE01AUfUWDR\nswr0qQXaMGTIPoECJyMpenG/6SudVHSAIXu+w4RhEmowWM6IIhUt0prVOXJrPThV\nzvunRJi0qMY8vLXknQeVuby2kLKIg0WUBt9+WooJ5WV31N1TXn23dsEP9MezUZl4\n/Ea4sEBEcr5/G5qfqS0ybc2qjp8h2JW3go+JaUjtnVStmNmQRQV14+gEXQ4PjPmC\ne6wftQmfwZsGuP4CphSEQKyVydiIbA9ozwkkVFXCuwb1d7hkys6L695KDGHAUG95\n6DjfhgPqgjhnTpyxmVk9B5zkUlH0otycv/K4rHySYbEqxCIWnREbiYADyGU4xIFs\nqm41BuLfEwtf4Wemsz5P+A5czftVoGUW6agtwoaYAPJ3EoJhKYIKMZIM0YzAZKu4\n+SzrKovIXHtmzIZ6k7N2nb79sUtyFwfET+7XoGp/JT1kBZIgE2k1KjeUqrwkrXuz\nrI0IGV62Bko16Ffw7U9JZQy8hXj/Dj2ufYUly2Q7giTc+cWXRw2jnaHy2+xUSFDK\ncdiAbCnacD+J8N0khoHWl4k6pq4bIaHV06PM46LwanC2Iuh6Vbo3ROlFzQtZzeR0\neOmKQq56eCnOPxGx/xNQZRAFWQ+ul99Ic6MW5Qh9EaeSt66HNNGjOLaT1thAis4b\n8iWwJA4I3t7hAAABAQDbJKCFo9zjYwFCpri6FIyTPekYYkUNBDu2wwjrjuTf+esY\n6cuPncvhDzRWgHOv+ZUb9iuwHrycii/R1IHpoVNv+PXJjnSt3UqMfT5cZq9opb3v\nVpGbvoTUBipswY8ouLBbtmTCrWz3sIQL1BiwAfYPOc4ZdktfEzohyj7a2aizddjB\nDVs+z1h5HInw5hiR9qVRTyu5GuWFu2+J6s7xhspON781LrTWovBwAdh7Y6K0DGOc\nX/wiK8ezrKYbqQov6wuY1WXEmdfCEXgBT0MueoXhUCEqy5P1pLlPuJH/CfnFCTIX\nWKetMMNtyPc5/KwWib/Wj542pcTgDR0YG2AMUczGAAABAQDypV4g3QOQi3KQhDEw\nbVfB4JOP3CHFi+odXVrvjvlZ9ha8AKwn2/j9v7YL+xk0BlCG4J3IGlu2iNQuFL3P\np09wbR60PU3MkpubfUFXKYpNXaWX6Ipfr/CbqlRcPnjLJ+6jVRPMt57/CWhTp3NS\niUR3Xvw/Tu64fWdSfrabXpZTx9SWQYPkmF2Ugdrl7QJgmzbmprqG3IQbAkXQAv3K\nRPWV3RJ83fhi+W+ks3lRlFy1DcUE0zXZb7vmSCp84f9ht4Rv7RE2yREGBHJiyB2r\nMP1UA0hU9rNAGUVG15dD4mVqvM6zbqpBkcqIbDk8Crvp/BWtOgFZZo5iKd84Av2y\nkHJjAAABAQD4elObKkoq2ybS8oBJxCzy32s3b/Z4aquC+1qWmbJTuDPx3ePSpV6w\ncDg4HhlhPi6vJ4ASJ0wSpdWrL4B8QpBr9Tu0/wqwkP30Tr2U2mIWoQccjkqZmBKS\nvHHW7GTM9KWZxzk12bE/SPm4CV/85HIC63eqHge1eL5JrmWlYZPK0IXdmnsdkUcG\n9d3EIJesqhOWgzp5/AFqNyvubhhPBTf+ntFrBPz5w0yUwx3Z+FRIYvJT4FXYDOeZ\nv+4zkyATdBQwOg+ZQWTwxdpKZxO0ZOBYcqCuhhE9sNg+1nBACFr1MlUoQFa0lWbn\n1CHSVHZJVoiIcjkWpvlFpF5ZAYJ47ijJAAAAAAEC\n-----END OPENSSH PRIVATE KEY-----\n",
            "private_key_pem": "-----BEGIN RSA PRIVATE KEY-----\nMIIJKQIBAAKCAgEA64QlPWF+2yVl7jQaMu5n859cHsRlo24H8Nt9bqsE/b2r5xJG\nhSWerNLSLuYD/1ygF6W9YW4DA54qlJQRZTzemglgL/JxKVJXdkqcDro3DQm/iKfc\nLb/xVtQXX9rpAeXFLBmyqbB7rn9EZA3ol8SvUD2E8xAiQNk3GgDGPkqozCuTVMqe\nmKm8UQbjmBDctTdmcpw3i6O0ERBtHgrb4ccm2cPnGm3V/sPL7nkMBpLjwgPkjMUl\ngPYJvwa2Hxu57twu43rkCKIOFiNeWmZ8i9ELwNGE4UT8bZtwm0KxKwGpDJsaawvA\nCsh52oQczUV3SFPXevKK2lEPq3SwQaTx5yR8DYv7kCpF+4saY1EsqbpPHcDWefgK\ne2m5SNaYN00Qm6no80TbuLbrffTYabynZsPl0kG85B0aMUa6yhNa7ihPSjSKF+9i\nTDRbmcSQ8eZmyBXaL4/w8QF+cbS+dwLdLyEqZW/vJ+nDvea/GH9al/nG4fudxu/4\nu+AcGb6r27Z7sx/8gUrj7PfTXgXfWYje8e6fYsob/pgMw7R8WonMNAYU6Kw+BvZ6\nFdrn6MZPbW5ddXnz72ZjBtjCr9Ypu96qeUEKBAFA2KM6Zm/XRkhF8rf4Q1pf7JCa\nKidepfH3f+wjzWQ0HU7oxDvuZ2YTCdXiOIImpOxa0CQ0kvxmEzkuRoVTR7sCAwEA\nAQKCAgAzDRv9aCrVWg/0SHr9W0xRNNQFH1Fg0bMK9KkF2jBkyD6BAicjKXpxv+kr\nnVR0gCF7vsOEYRJqMFjOiCIVLdKa1Tlyaz04Vc77p0SYtKjGPLy15J0Hlbm8tpCy\niINFlAbfflqKCeVld9TdU159t3bBD/THs1GZePxGuLBARHK+fxuan6ktMm3Nqo6f\nIdiVt4KPiWlI7Z1UrZjZkEUFdePoBF0OD4z5gnusH7UJn8GbBrj+AqYUhECslcnY\niGwPaM8JJFRVwrsG9Xe4ZMrOi+veSgxhwFBveeg434YD6oI4Z06csZlZPQec5FJR\n9KLcnL/yuKx8kmGxKsQiFp0RG4mAA8hlOMSBbKpuNQbi3xMLX+FnprM+T/gOXM37\nVaBlFumoLcKGmADydxKCYSmCCjGSDNGMwGSruPks6yqLyFx7ZsyGepOzdp2+/bFL\nchcHxE/u16BqfyU9ZAWSIBNpNSo3lKq8JK17s6yNCBletgZKNehX8O1PSWUMvIV4\n/w49rn2FJctkO4Ik3PnFl0cNo52h8tvsVEhQynHYgGwp2nA/ifDdJIaB1peJOqau\nGyGh1dOjzOOi8GpwtiLoelW6N0TpRc0LWc3kdHjpikKuengpzj8Rsf8TUGUQBVkP\nrpffSHOjFuUIfRGnkreuhzTRozi2k9bYQIrOG/IlsCQOCN7e4QKCAQEA8qVeIN0D\nkItykIQxMG1XweCTj9whxYvqHV1a7475WfYWvACsJ9v4/b+2C/sZNAZQhuCdyBpb\ntojULhS9z6dPcG0etD1NzJKbm31BVymKTV2ll+iKX6/wm6pUXD54yyfuo1UTzLee\n/wloU6dzUolEd178P07uuH1nUn62m16WU8fUlkGD5JhdlIHa5e0CYJs25qa6htyE\nGwJF0AL9ykT1ld0SfN34YvlvpLN5UZRctQ3FBNM12W+75kgqfOH/YbeEb+0RNskR\nBgRyYsgdqzD9VANIVPazQBlFRteXQ+JlarzOs26qQZHKiGw5PAq76fwVrToBWWaO\nYinfOAL9spByYwKCAQEA+HpTmypKKtsm0vKAScQs8t9rN2/2eGqrgvtalpmyU7gz\n8d3j0qVesHA4OB4ZYT4uryeAEidMEqXVqy+AfEKQa/U7tP8KsJD99E69lNpiFqEH\nHI5KmZgSkrxx1uxkzPSlmcc5NdmxP0j5uAlf/ORyAut3qh4HtXi+Sa5lpWGTytCF\n3Zp7HZFHBvXdxCCXrKoTloM6efwBajcr7m4YTwU3/p7RawT8+cNMlMMd2fhUSGLy\nU+BV2Aznmb/uM5MgE3QUMDoPmUFk8MXaSmcTtGTgWHKgroYRPbDYPtZwQAha9TJV\nKEBWtJVm59Qh0lR2SVaIiHI5Fqb5RaReWQGCeO4oyQKCAQEA4QANF8Y5/vgABRg/\nkJtj7Aj2bEkBG/DQ5+fgYhGfEReMH0s0WEW3Tn1OLy/pP/+2/kscpCgk8U9SCWT8\nWajYlfTpqtLJ6K/uETIFu/BuKa1z1zgvz+kS4RYB4gOf+SqPM++5S3Tdv7qWfjPh\nUSCuV07B82abIIJQpAOSCuKb3RaI/8fCqN/Mrt/2/oxXTwO+1gS3JEUpTu49lFSh\nx8VIQW5dLWKbaBPKvdwa3FYJ3W3mSsIbxgPBJhm3JFRgftkwuqUG+FlcKstG0mik\nclEcJ6JfmUGmGAMW5UkXIEC4MFDiDyrIP8MUHorUS+PcOm2iIB6Qj7j0wPv43DSR\n0dn15wKCAQAcr5KjYTh6xh4vUEu7OGiwCVcJaWWc9UOjtXz50fiibauhiqpYkTrj\nR7FV2TO45ELjeb3xWpQPuxF11+APeGfP7tnbxW3ogHSxFb4RRzz3u9NkWpEGNmY+\nhn7l/xiMCNptbHCQZPdvhO8/beWk/oKjD6ga/aiKLMxbGUUm2KMFURmDQehgu3rl\ntNDLaa/ZATGNuMyxdIR9TK1Hs3Ie/U0/mfo3TrYd54wZyITTuzWPvcyYHlgKv0Kl\nn2DSl3Omi0ohXzKZ0NDkcxMGb+v4cYTs8R7XxyaKZrYwWvVOjyhhElR+dx8LbgwZ\nS4Y0EAgv40uT5QvuL4yrm5RA1knHyEbxAoIBAQDbJKCFo9zjYwFCpri6FIyTPekY\nYkUNBDu2wwjrjuTf+esY6cuPncvhDzRWgHOv+ZUb9iuwHrycii/R1IHpoVNv+PXJ\njnSt3UqMfT5cZq9opb3vVpGbvoTUBipswY8ouLBbtmTCrWz3sIQL1BiwAfYPOc4Z\ndktfEzohyj7a2aizddjBDVs+z1h5HInw5hiR9qVRTyu5GuWFu2+J6s7xhspON781\nLrTWovBwAdh7Y6K0DGOcX/wiK8ezrKYbqQov6wuY1WXEmdfCEXgBT0MueoXhUCEq\ny5P1pLlPuJH/CfnFCTIXWKetMMNtyPc5/KwWib/Wj542pcTgDR0YG2AMUczG\n-----END RSA PRIVATE KEY-----\n",
            "private_key_pem_pkcs8": "-----BEGIN PRIVATE KEY-----\nMIIJQwIBADANBgkqhkiG9w0BAQEFAASCCS0wggkpAgEAAoICAQDrhCU9YX7bJWXu\nNBoy7mfzn1wexGWjbgfw231uqwT9vavnEkaFJZ6s0tIu5gP/XKAXpb1hbgMDniqU\nlBFlPN6aCWAv8nEpUld2SpwOujcNCb+Ip9wtv/FW1Bdf2ukB5cUsGbKpsHuuf0Rk\nDeiXxK9QPYTzECJA2TcaAMY+SqjMK5NUyp6YqbxRBuOYENy1N2ZynDeLo7QREG0e\nCtvhxybZw+cabdX+w8vueQwGkuPCA+SMxSWA9gm/BrYfG7nu3C7jeuQIog4WI15a\nZnyL0QvA0YThRPxtm3CbQrErAakMmxprC8AKyHnahBzNRXdIU9d68oraUQ+rdLBB\npPHnJHwNi/uQKkX7ixpjUSypuk8dwNZ5+Ap7ablI1pg3TRCbqejzRNu4tut99Nhp\nvKdmw+XSQbzkHRoxRrrKE1ruKE9KNIoX72JMNFuZxJDx5mbIFdovj/DxAX5xtL53\nAt0vISplb+8n6cO95r8Yf1qX+cbh+53G7/i74BwZvqvbtnuzH/yBSuPs99NeBd9Z\niN7x7p9iyhv+mAzDtHxaicw0BhTorD4G9noV2ufoxk9tbl11efPvZmMG2MKv1im7\n3qp5QQoEAUDYozpmb9dGSEXyt/hDWl/skJoqJ16l8fd/7CPNZDQdTujEO+5nZhMJ\n1eI4giak7FrQJDSS/GYTOS5GhVNHuwIDAQABAoICADMNG/1oKtVaD/RIev1bTFE0\n1AUfUWDRswr0qQXaMGTIPoECJyMpenG/6SudVHSAIXu+w4RhEmowWM6IIhUt0prV\nOXJrPThVzvunRJi0qMY8vLXknQeVuby2kLKIg0WUBt9+WooJ5WV31N1TXn23dsEP\n9MezUZl4/Ea4sEBEcr5/G5qfqS0ybc2qjp8h2JW3go+JaUjtnVStmNmQRQV14+gE\nXQ4PjPmCe6wftQmfwZsGuP4CphSEQKyVydiIbA9ozwkkVFXCuwb1d7hkys6L695K\nDGHAUG956DjfhgPqgjhnTpyxmVk9B5zkUlH0otycv/K4rHySYbEqxCIWnREbiYAD\nyGU4xIFsqm41BuLfEwtf4Wemsz5P+A5czftVoGUW6agtwoaYAPJ3EoJhKYIKMZIM\n0YzAZKu4+SzrKovIXHtmzIZ6k7N2nb79sUtyFwfET+7XoGp/JT1kBZIgE2k1KjeU\nqrwkrXuzrI0IGV62Bko16Ffw7U9JZQy8hXj/Dj2ufYUly2Q7giTc+cWXRw2jnaHy\n2+xUSFDKcdiAbCnacD+J8N0khoHWl4k6pq4bIaHV06PM46LwanC2Iuh6Vbo3ROlF\nzQtZzeR0eOmKQq56eCnOPxGx/xNQZRAFWQ+ul99Ic6MW5Qh9EaeSt66HNNGjOLaT\n1thAis4b8iWwJA4I3t7hAoIBAQDypV4g3QOQi3KQhDEwbVfB4JOP3CHFi+odXVrv\njvlZ9ha8AKwn2/j9v7YL+xk0BlCG4J3IGlu2iNQuFL3Pp09wbR60PU3MkpubfUFX\nKYpNXaWX6Ipfr/CbqlRcPnjLJ+6jVRPMt57/CWhTp3NSiUR3Xvw/Tu64fWdSfrab\nXpZTx9SWQYPkmF2Ugdrl7QJgmzbmprqG3IQbAkXQAv3KRPWV3RJ83fhi+W+ks3lR\nlFy1DcUE0zXZb7vmSCp84f9ht4Rv7RE2yREGBHJiyB2rMP1UA0hU9rNAGUVG15dD\n4mVqvM6zbqpBkcqIbDk8Crvp/BWtOgFZZo5iKd84Av2ykHJjAoIBAQD4elObKkoq\n2ybS8oBJxCzy32s3b/Z4aquC+1qWmbJTuDPx3ePSpV6wcDg4HhlhPi6vJ4ASJ0wS\npdWrL4B8QpBr9Tu0/wqwkP30Tr2U2mIWoQccjkqZmBKSvHHW7GTM9KWZxzk12bE/\nSPm4CV/85HIC63eqHge1eL5JrmWlYZPK0IXdmnsdkUcG9d3EIJesqhOWgzp5/AFq\nNyvubhhPBTf+ntFrBPz5w0yUwx3Z+FRIYvJT4FXYDOeZv+4zkyATdBQwOg+ZQWTw\nxdpKZxO0ZOBYcqCuhhE9sNg+1nBACFr1MlUoQFa0lWbn1CHSVHZJVoiIcjkWpvlF\npF5ZAYJ47ijJAoIBAQDhAA0Xxjn++AAFGD+Qm2PsCPZsSQEb8NDn5+BiEZ8RF4wf\nSzRYRbdOfU4vL+k//7b+SxykKCTxT1IJZPxZqNiV9Omq0snor+4RMgW78G4prXPX\nOC/P6RLhFgHiA5/5Ko8z77lLdN2/upZ+M+FRIK5XTsHzZpsgglCkA5IK4pvdFoj/\nx8Ko38yu3/b+jFdPA77WBLckRSlO7j2UVKHHxUhBbl0tYptoE8q93BrcVgndbeZK\nwhvGA8EmGbckVGB+2TC6pQb4WVwqy0bSaKRyURwnol+ZQaYYAxblSRcgQLgwUOIP\nKsg/wxQeitRL49w6baIgHpCPuPTA+/jcNJHR2fXnAoIBAByvkqNhOHrGHi9QS7s4\naLAJVwlpZZz1Q6O1fPnR+KJtq6GKqliROuNHsVXZM7jkQuN5vfFalA+7EXXX4A94\nZ8/u2dvFbeiAdLEVvhFHPPe702RakQY2Zj6GfuX/GIwI2m1scJBk92+E7z9t5aT+\ngqMPqBr9qIoszFsZRSbYowVRGYNB6GC7euW00Mtpr9kBMY24zLF0hH1MrUezch79\nTT+Z+jdOth3njBnIhNO7NY+9zJgeWAq/QqWfYNKXc6aLSiFfMpnQ0ORzEwZv6/hx\nhOzxHtfHJopmtjBa9U6PKGESVH53HwtuDBlLhjQQCC/jS5PlC+4vjKublEDWScfI\nRvECggEBANskoIWj3ONjAUKmuLoUjJM96RhiRQ0EO7bDCOuO5N/56xjpy4+dy+EP\nNFaAc6/5lRv2K7AevJyKL9HUgemhU2/49cmOdK3dSox9Plxmr2ilve9WkZu+hNQG\nKmzBjyi4sFu2ZMKtbPewhAvUGLAB9g85zhl2S18TOiHKPtrZqLN12MENWz7PWHkc\nifDmGJH2pVFPK7ka5YW7b4nqzvGGyk43vzUutNai8HAB2HtjorQMY5xf/CIrx7Os\nphupCi/rC5jVZcSZ18IReAFPQy56heFQISrLk/WkuU+4kf8J+cUJMhdYp60ww23I\n9zn8rBaJv9aPnjalxOANHRgbYAxRzMY=\n-----END PRIVATE KEY-----\n",
            "public_key_fingerprint_md5": "72:26:fc:dd:99:36:d2:b9:15:34:d4:e4:c2:a9:66:61",
            "public_key_fingerprint_sha256": "SHA256:Wg9QqbOauUsy7zoXey78tHn9LhzRK1Llt6ZSRskE1kg",
            "public_key_openssh": "ssh-rsa AAAAB3NzaC1yc2EAAAADAQABAAACAQDrhCU9YX7bJWXuNBoy7mfzn1wexGWjbgfw231uqwT9vavnEkaFJZ6s0tIu5gP/XKAXpb1hbgMDniqUlBFlPN6aCWAv8nEpUld2SpwOujcNCb+Ip9wtv/FW1Bdf2ukB5cUsGbKpsHuuf0RkDeiXxK9QPYTzECJA2TcaAMY+SqjMK5NUyp6YqbxRBuOYENy1N2ZynDeLo7QREG0eCtvhxybZw+cabdX+w8vueQwGkuPCA+SMxSWA9gm/BrYfG7nu3C7jeuQIog4WI15aZnyL0QvA0YThRPxtm3CbQrErAakMmxprC8AKyHnahBzNRXdIU9d68oraUQ+rdLBBpPHnJHwNi/uQKkX7ixpjUSypuk8dwNZ5+Ap7ablI1pg3TRCbqejzRNu4tut99NhpvKdmw+XSQbzkHRoxRrrKE1ruKE9KNIoX72JMNFuZxJDx5mbIFdovj/DxAX5xtL53At0vISplb+8n6cO95r8Yf1qX+cbh+53G7/i74BwZvqvbtnuzH/yBSuPs99NeBd9ZiN7x7p9iyhv+mAzDtHxaicw0BhTorD4G9noV2ufoxk9tbl11efPvZmMG2MKv1im73qp5QQoEAUDYozpmb9dGSEXyt/hDWl/skJoqJ16l8fd/7CPNZDQdTujEO+5nZhMJ1eI4giak7FrQJDSS/GYTOS5GhVNHuw==\n",
            "public_key_pem": "-----BEGIN PUBLIC KEY-----\nMIICIjANBgkqhkiG9w0BAQEFAAOCAg8AMIICCgKCAgEA64QlPWF+2yVl7jQaMu5n\n859cHsRlo24H8Nt9bqsE/b2r5xJGhSWerNLSLuYD/1ygF6W9YW4DA54qlJQRZTze\nmglgL/JxKVJXdkqcDro3DQm/iKfcLb/xVtQXX9rpAeXFLBmyqbB7rn9EZA3ol8Sv\nUD2E8xAiQNk3GgDGPkqozCuTVMqemKm8UQbjmBDctTdmcpw3i6O0ERBtHgrb4ccm\n2cPnGm3V/sPL7nkMBpLjwgPkjMUlgPYJvwa2Hxu57twu43rkCKIOFiNeWmZ8i9EL\nwNGE4UT8bZtwm0KxKwGpDJsaawvACsh52oQczUV3SFPXevKK2lEPq3SwQaTx5yR8\nDYv7kCpF+4saY1EsqbpPHcDWefgKe2m5SNaYN00Qm6no80TbuLbrffTYabynZsPl\n0kG85B0aMUa6yhNa7ihPSjSKF+9iTDRbmcSQ8eZmyBXaL4/w8QF+cbS+dwLdLyEq\nZW/vJ+nDvea/GH9al/nG4fudxu/4u+AcGb6r27Z7sx/8gUrj7PfTXgXfWYje8e6f\nYsob/pgMw7R8WonMNAYU6Kw+BvZ6Fdrn6MZPbW5ddXnz72ZjBtjCr9Ypu96qeUEK\nBAFA2KM6Zm/XRkhF8rf4Q1pf7JCaKidepfH3f+wjzWQ0HU7oxDvuZ2YTCdXiOIIm\npOxa0CQ0kvxmEzkuRoVTR7sCAwEAAQ==\n-----END PUBLIC KEY-----\n",
            "rsa_bits": 4096
          },
          "sensitive_attributes": [
            [
              {
                "type": "get_attr",
                "value": "private_key_openssh"
              }
            ],
            [
              {
                "type": "get_attr",
                "value": "private_key_pem"
              }
            ],
            [
              {
                "type": "get_attr",
                "value": "private_key_pem_pkcs8"
              }
            ]
          ],
          "identity_schema_version": 0
        }
      ]
    }
  ],
  "check_results": null
}
